
Microsoft Visual Studio Solution File, Format Version 12.00
# Visual Studio 2013
VisualStudioVersion = 12.0.31101.0
MinimumVisualStudioVersion = 10.0.40219.1
Project("{FAE04EC0-301F-11D3-BF4B-00C04F79EFBC}") = "MugenMvvmToolkit.Core(PCL_WinRT)", "Core\MugenMvvmToolkit.Core(PCL_WinRT)\MugenMvvmToolkit.Core(PCL_WinRT).csproj", "{F4323E9E-1608-429B-83DC-6A3670761850}"
EndProject
Project("{FAE04EC0-301F-11D3-BF4B-00C04F79EFBC}") = "MugenMvvmToolkit.Binding(PCL_WinRT)", "Core\MugenMvvmToolkit.Binding(PCL_WinRT)\MugenMvvmToolkit.Binding(PCL_WinRT).csproj", "{BD7749AB-822F-4ED2-BB75-0FEF2B9AD453}"
EndProject
Project("{2150E333-8FDC-42A3-9474-1A3956D46DE8}") = "Platforms", "Platforms", "{F8111B4B-DA6B-4680-83BE-BB8064DED445}"
EndProject
Project("{2150E333-8FDC-42A3-9474-1A3956D46DE8}") = "Android", "Android", "{693E1B12-3C3D-489F-92FA-6CD7871B74AA}"
EndProject
Project("{FAE04EC0-301F-11D3-BF4B-00C04F79EFBC}") = "MugenMvvmToolkit.Android(17)", "Platforms\MugenMvvmToolkit.Android(17)\MugenMvvmToolkit.Android(17).csproj", "{45239A20-0DD7-43CE-ACAA-86249154ADF5}"
EndProject
Project("{FAE04EC0-301F-11D3-BF4B-00C04F79EFBC}") = "MugenMvvmToolkit.Android(8)+support", "Platforms\MugenMvvmToolkit.Android(8)+support\MugenMvvmToolkit.Android(8)+support.csproj", "{67A42A24-569A-4794-B55E-46191949EA1A}"
EndProject
Project("{FAE04EC0-301F-11D3-BF4B-00C04F79EFBC}") = "MugenMvvmToolkit.Android(8)", "Platforms\MugenMvvmToolkit.Android(8)\MugenMvvmToolkit.Android(8).csproj", "{0C633168-5733-4788-A463-85AFF0636297}"
EndProject
Project("{2150E333-8FDC-42A3-9474-1A3956D46DE8}") = "Core", "Core", "{2B919D80-8BCC-4797-888C-FB37275BC11F}"
EndProject
Project("{2150E333-8FDC-42A3-9474-1A3956D46DE8}") = "WinPhone", "WinPhone", "{CABD5256-3BD0-49FD-857D-168C33B5ED52}"
EndProject
Project("{FAE04EC0-301F-11D3-BF4B-00C04F79EFBC}") = "MugenMvvmToolkit.WinPhone(8.0)", "Platforms\MugenMvvmToolkit.WinPhone(8.0)\MugenMvvmToolkit.WinPhone(8.0).csproj", "{DB5F3AF4-E212-43B4-8EA6-F78752FB9C15}"
EndProject
Project("{FAE04EC0-301F-11D3-BF4B-00C04F79EFBC}") = "MugenMvvmToolkit.Binding.WinPhone(8.0)", "Platforms\MugenMvvmToolkit.Binding.WinPhone(8.0)\MugenMvvmToolkit.Binding.WinPhone(8.0).csproj", "{9489F7E3-F3A1-4ABD-B152-369CA1B102C8}"
EndProject
Project("{2150E333-8FDC-42A3-9474-1A3956D46DE8}") = "WinForms", "WinForms", "{2D74BCF2-15FC-4852-91CE-EC8858CAC20D}"
EndProject
Project("{FAE04EC0-301F-11D3-BF4B-00C04F79EFBC}") = "MugenMvvmToolkit.WinForms(4.5)", "Platforms\MugenMvvmToolkit.WinForms(4.5)\MugenMvvmToolkit.WinForms(4.5).csproj", "{652625DB-BF03-4898-BD59-22910508502B}"
EndProject
Project("{2150E333-8FDC-42A3-9474-1A3956D46DE8}") = "WPF", "WPF", "{9545EF86-DDDA-45A9-AFA5-5E47B97525A2}"
EndProject
Project("{FAE04EC0-301F-11D3-BF4B-00C04F79EFBC}") = "MugenMvvmToolkit.WPF(4.5)", "Platforms\MugenMvvmToolkit.WPF(4.5)\MugenMvvmToolkit.WPF(4.5).csproj", "{170A39D4-059B-4ABF-B377-EED905D87EF4}"
EndProject
Project("{FAE04EC0-301F-11D3-BF4B-00C04F79EFBC}") = "MugenMvvmToolkit.Binding.WPF(4.5)", "Platforms\MugenMvvmToolkit.Binding.WPF(4.5)\MugenMvvmToolkit.Binding.WPF(4.5).csproj", "{215572D5-13A0-46EB-A983-A5433930B361}"
EndProject
Project("{2150E333-8FDC-42A3-9474-1A3956D46DE8}") = "WinRT", "WinRT", "{A3F3F7E1-1DEA-4956-A5DD-D768B41A4F2F}"
EndProject
Project("{FAE04EC0-301F-11D3-BF4B-00C04F79EFBC}") = "MugenMvvmToolkit.WinRT(PCL)", "Platforms\MugenMvvmToolkit.WinRT(PCL)\MugenMvvmToolkit.WinRT(PCL).csproj", "{9E1FD76F-907F-480C-A0C5-D165E07AA566}"
EndProject
Project("{FAE04EC0-301F-11D3-BF4B-00C04F79EFBC}") = "MugenMvvmToolkit.Binding.WinRT(PCL)", "Platforms\MugenMvvmToolkit.Binding.WinRT(PCL)\MugenMvvmToolkit.Binding.WinRT(PCL).csproj", "{916955BD-F025-45FE-9824-EBC709234E36}"
EndProject
Project("{FAE04EC0-301F-11D3-BF4B-00C04F79EFBC}") = "MugenMvvmToolkit.WinRT(8.0)", "Platforms\MugenMvvmToolkit.WinRT(8.0)\MugenMvvmToolkit.WinRT(8.0).csproj", "{634B471B-9BEA-4C91-BE1C-2DCCD4D01668}"
EndProject
Project("{FAE04EC0-301F-11D3-BF4B-00C04F79EFBC}") = "MugenMvvmToolkit.Binding.WinRT(8.0)", "Platforms\MugenMvvmToolkit.Binding.WinRT(8.0)\MugenMvvmToolkit.Binding.WinRT(8.0).csproj", "{7AD9872B-D026-47F0-ADA9-1EBC321522C8}"
EndProject
Project("{2150E333-8FDC-42A3-9474-1A3956D46DE8}") = "IocContainers", "IocContainers", "{D2C27766-F2E5-48A6-8BCE-1BCCDD4DC978}"
EndProject
Project("{FAE04EC0-301F-11D3-BF4B-00C04F79EFBC}") = "MugenMvvmToolkit.AutofacContainer(PCL)", "IocContainers\MugenMvvmToolkit.AutofacContainer(PCL)\MugenMvvmToolkit.AutofacContainer(PCL).csproj", "{C66077D8-DBFD-479D-ADAB-BF569263E914}"
EndProject
Project("{FAE04EC0-301F-11D3-BF4B-00C04F79EFBC}") = "MugenMvvmToolkit.MugenContainer(WinRT8.0)", "IocContainers\MugenMvvmToolkit.MugenContainer(WinRT8.0)\MugenMvvmToolkit.MugenContainer(WinRT8.0).csproj", "{E167271B-5F89-4D89-99B2-F585E232035F}"
EndProject
Project("{FAE04EC0-301F-11D3-BF4B-00C04F79EFBC}") = "MugenMvvmToolkit.MugenContainer(WP8.0)", "IocContainers\MugenMvvmToolkit.MugenContainer(WP8.0)\MugenMvvmToolkit.MugenContainer(WP8.0).csproj", "{E91177F0-F219-4FBA-89DA-B6B7A8E0F5D6}"
EndProject
Project("{FAE04EC0-301F-11D3-BF4B-00C04F79EFBC}") = "MugenMvvmToolkit.NinjectContainer(WP8.0)", "IocContainers\MugenMvvmToolkit.NinjectContainer(WP8.0)\MugenMvvmToolkit.NinjectContainer(WP8.0).csproj", "{763A1BD9-81E0-43DB-82A7-14552A92CE56}"
EndProject
Project("{2150E333-8FDC-42A3-9474-1A3956D46DE8}") = "Tests", "Tests", "{0673FE78-64AD-4299-9B6C-077857BFE886}"
EndProject
Project("{FAE04EC0-301F-11D3-BF4B-00C04F79EFBC}") = "MugenMvvmToolkit.WPF.Test(4.5)", "Tests\MugenMvvmToolkit.WPF.Test(4.5)\MugenMvvmToolkit.WPF.Test(4.5).csproj", "{692023D7-F75C-4C56-948E-B87EBA88A6B2}"
EndProject
Project("{FAE04EC0-301F-11D3-BF4B-00C04F79EFBC}") = "MugenMvvmToolkit.WinRT.Test(8.0)", "Tests\MugenMvvmToolkit.WinRT.Test(8.0)\MugenMvvmToolkit.WinRT.Test(8.0).csproj", "{F1185078-9FD9-4E3E-8299-E06B60D07B48}"
EndProject
Project("{FAE04EC0-301F-11D3-BF4B-00C04F79EFBC}") = "MugenMvvmToolkit.WinPhone(8.1)", "Platforms\MugenMvvmToolkit.WinPhone(8.1)\MugenMvvmToolkit.WinPhone(8.1).csproj", "{9B02FEE1-51E5-4F58-AC47-2560770EF505}"
EndProject
Project("{FAE04EC0-301F-11D3-BF4B-00C04F79EFBC}") = "MugenMvvmToolkit.Binding.WinPhone(8.1)", "Platforms\MugenMvvmToolkit.Binding.WinPhone(8.1)\MugenMvvmToolkit.Binding.WinPhone(8.1).csproj", "{5D794834-E6B9-463A-84C9-5EB9D1EE593F}"
EndProject
Project("{2150E333-8FDC-42A3-9474-1A3956D46DE8}") = "Touch", "Touch", "{A46F4405-D543-4D0A-B816-9381A0C61203}"
EndProject
Project("{FAE04EC0-301F-11D3-BF4B-00C04F79EFBC}") = "MugenMvvmToolkit.Touch", "Platforms\MugenMvvmToolkit.Touch\MugenMvvmToolkit.Touch.csproj", "{AB8F3108-C83F-4169-8DFC-988EC64CCD37}"
EndProject
Project("{2150E333-8FDC-42A3-9474-1A3956D46DE8}") = "Xamarin.Forms", "Xamarin.Forms", "{3F8A130A-4905-46B6-B290-3286FFB0A32B}"
EndProject
Project("{FAE04EC0-301F-11D3-BF4B-00C04F79EFBC}") = "MugenMvvmToolkit.Xamarin.Forms", "Platforms\MugenMvvmToolkit.Xamarin.Forms\MugenMvvmToolkit.Xamarin.Forms.csproj", "{67F9D3A8-F71E-4428-913F-C37AE82CDB24}"
EndProject
Project("{FAE04EC0-301F-11D3-BF4B-00C04F79EFBC}") = "MugenMvvmToolkit.Xamarin.Forms.WinPhone", "Platforms\MugenMvvmToolkit.Xamarin.Forms.WinPhone\MugenMvvmToolkit.Xamarin.Forms.WinPhone.csproj", "{B3D9BE15-9A4F-453B-BFA6-CB85D00492D9}"
EndProject
Project("{FAE04EC0-301F-11D3-BF4B-00C04F79EFBC}") = "MugenMvvmToolkit.Xamarin.Forms.Android", "Platforms\MugenMvvmToolkit.Xamarin.Forms.Android\MugenMvvmToolkit.Xamarin.Forms.Android.csproj", "{C522F7B5-E5F9-479B-B2B0-011B0DAED83B}"
EndProject
Project("{FAE04EC0-301F-11D3-BF4B-00C04F79EFBC}") = "MugenMvvmToolkit.Xamarin.Forms.iOS", "Platforms\MugenMvvmToolkit.Xamarin.Forms.iOS\MugenMvvmToolkit.Xamarin.Forms.iOS.csproj", "{BE5057CD-D8BD-4A46-A128-6D249B312001}"
EndProject
Global
	GlobalSection(SolutionConfigurationPlatforms) = preSolution
		Debug|Any CPU = Debug|Any CPU
		Debug|ARM = Debug|ARM
		Debug|x64 = Debug|x64
		Debug|x86 = Debug|x86
		Release|Any CPU = Release|Any CPU
		Release|ARM = Release|ARM
		Release|x64 = Release|x64
		Release|x86 = Release|x86
	EndGlobalSection
	GlobalSection(ProjectConfigurationPlatforms) = postSolution
		{F4323E9E-1608-429B-83DC-6A3670761850}.Debug|Any CPU.ActiveCfg = Debug|Any CPU
		{F4323E9E-1608-429B-83DC-6A3670761850}.Debug|Any CPU.Build.0 = Debug|Any CPU
		{F4323E9E-1608-429B-83DC-6A3670761850}.Debug|ARM.ActiveCfg = Debug|Any CPU
		{F4323E9E-1608-429B-83DC-6A3670761850}.Debug|x64.ActiveCfg = Debug|Any CPU
		{F4323E9E-1608-429B-83DC-6A3670761850}.Debug|x86.ActiveCfg = Debug|Any CPU
		{F4323E9E-1608-429B-83DC-6A3670761850}.Release|Any CPU.ActiveCfg = Release|Any CPU
		{F4323E9E-1608-429B-83DC-6A3670761850}.Release|Any CPU.Build.0 = Release|Any CPU
		{F4323E9E-1608-429B-83DC-6A3670761850}.Release|ARM.ActiveCfg = Release|Any CPU
		{F4323E9E-1608-429B-83DC-6A3670761850}.Release|x64.ActiveCfg = Release|Any CPU
		{F4323E9E-1608-429B-83DC-6A3670761850}.Release|x86.ActiveCfg = Release|Any CPU
		{BD7749AB-822F-4ED2-BB75-0FEF2B9AD453}.Debug|Any CPU.ActiveCfg = Debug|Any CPU
		{BD7749AB-822F-4ED2-BB75-0FEF2B9AD453}.Debug|Any CPU.Build.0 = Debug|Any CPU
		{BD7749AB-822F-4ED2-BB75-0FEF2B9AD453}.Debug|ARM.ActiveCfg = Debug|Any CPU
		{BD7749AB-822F-4ED2-BB75-0FEF2B9AD453}.Debug|x64.ActiveCfg = Debug|Any CPU
		{BD7749AB-822F-4ED2-BB75-0FEF2B9AD453}.Debug|x86.ActiveCfg = Debug|Any CPU
		{BD7749AB-822F-4ED2-BB75-0FEF2B9AD453}.Release|Any CPU.ActiveCfg = Release|Any CPU
		{BD7749AB-822F-4ED2-BB75-0FEF2B9AD453}.Release|Any CPU.Build.0 = Release|Any CPU
		{BD7749AB-822F-4ED2-BB75-0FEF2B9AD453}.Release|ARM.ActiveCfg = Release|Any CPU
		{BD7749AB-822F-4ED2-BB75-0FEF2B9AD453}.Release|x64.ActiveCfg = Release|Any CPU
		{BD7749AB-822F-4ED2-BB75-0FEF2B9AD453}.Release|x86.ActiveCfg = Release|Any CPU
		{45239A20-0DD7-43CE-ACAA-86249154ADF5}.Debug|Any CPU.ActiveCfg = Debug|Any CPU
		{45239A20-0DD7-43CE-ACAA-86249154ADF5}.Debug|Any CPU.Build.0 = Debug|Any CPU
		{45239A20-0DD7-43CE-ACAA-86249154ADF5}.Debug|ARM.ActiveCfg = Debug|Any CPU
		{45239A20-0DD7-43CE-ACAA-86249154ADF5}.Debug|x64.ActiveCfg = Debug|Any CPU
		{45239A20-0DD7-43CE-ACAA-86249154ADF5}.Debug|x86.ActiveCfg = Debug|Any CPU
		{45239A20-0DD7-43CE-ACAA-86249154ADF5}.Release|Any CPU.ActiveCfg = Release|Any CPU
		{45239A20-0DD7-43CE-ACAA-86249154ADF5}.Release|Any CPU.Build.0 = Release|Any CPU
		{45239A20-0DD7-43CE-ACAA-86249154ADF5}.Release|ARM.ActiveCfg = Release|Any CPU
		{45239A20-0DD7-43CE-ACAA-86249154ADF5}.Release|x64.ActiveCfg = Release|Any CPU
		{45239A20-0DD7-43CE-ACAA-86249154ADF5}.Release|x86.ActiveCfg = Release|Any CPU
		{67A42A24-569A-4794-B55E-46191949EA1A}.Debug|Any CPU.ActiveCfg = Debug|Any CPU
		{67A42A24-569A-4794-B55E-46191949EA1A}.Debug|Any CPU.Build.0 = Debug|Any CPU
		{67A42A24-569A-4794-B55E-46191949EA1A}.Debug|ARM.ActiveCfg = Debug|Any CPU
		{67A42A24-569A-4794-B55E-46191949EA1A}.Debug|x64.ActiveCfg = Debug|Any CPU
		{67A42A24-569A-4794-B55E-46191949EA1A}.Debug|x86.ActiveCfg = Debug|Any CPU
		{67A42A24-569A-4794-B55E-46191949EA1A}.Release|Any CPU.ActiveCfg = Release|Any CPU
		{67A42A24-569A-4794-B55E-46191949EA1A}.Release|Any CPU.Build.0 = Release|Any CPU
		{67A42A24-569A-4794-B55E-46191949EA1A}.Release|ARM.ActiveCfg = Release|Any CPU
		{67A42A24-569A-4794-B55E-46191949EA1A}.Release|x64.ActiveCfg = Release|Any CPU
		{67A42A24-569A-4794-B55E-46191949EA1A}.Release|x86.ActiveCfg = Release|Any CPU
		{0C633168-5733-4788-A463-85AFF0636297}.Debug|Any CPU.ActiveCfg = Debug|Any CPU
		{0C633168-5733-4788-A463-85AFF0636297}.Debug|Any CPU.Build.0 = Debug|Any CPU
		{0C633168-5733-4788-A463-85AFF0636297}.Debug|ARM.ActiveCfg = Debug|Any CPU
		{0C633168-5733-4788-A463-85AFF0636297}.Debug|x64.ActiveCfg = Debug|Any CPU
		{0C633168-5733-4788-A463-85AFF0636297}.Debug|x86.ActiveCfg = Debug|Any CPU
		{0C633168-5733-4788-A463-85AFF0636297}.Release|Any CPU.ActiveCfg = Release|Any CPU
		{0C633168-5733-4788-A463-85AFF0636297}.Release|Any CPU.Build.0 = Release|Any CPU
		{0C633168-5733-4788-A463-85AFF0636297}.Release|ARM.ActiveCfg = Release|Any CPU
		{0C633168-5733-4788-A463-85AFF0636297}.Release|x64.ActiveCfg = Release|Any CPU
		{0C633168-5733-4788-A463-85AFF0636297}.Release|x86.ActiveCfg = Release|Any CPU
		{DB5F3AF4-E212-43B4-8EA6-F78752FB9C15}.Debug|Any CPU.ActiveCfg = Debug|Any CPU
		{DB5F3AF4-E212-43B4-8EA6-F78752FB9C15}.Debug|Any CPU.Build.0 = Debug|Any CPU
		{DB5F3AF4-E212-43B4-8EA6-F78752FB9C15}.Debug|ARM.ActiveCfg = Debug|ARM
		{DB5F3AF4-E212-43B4-8EA6-F78752FB9C15}.Debug|ARM.Build.0 = Debug|ARM
		{DB5F3AF4-E212-43B4-8EA6-F78752FB9C15}.Debug|x64.ActiveCfg = Debug|Any CPU
		{DB5F3AF4-E212-43B4-8EA6-F78752FB9C15}.Debug|x86.ActiveCfg = Debug|x86
		{DB5F3AF4-E212-43B4-8EA6-F78752FB9C15}.Debug|x86.Build.0 = Debug|x86
		{DB5F3AF4-E212-43B4-8EA6-F78752FB9C15}.Release|Any CPU.ActiveCfg = Release|Any CPU
		{DB5F3AF4-E212-43B4-8EA6-F78752FB9C15}.Release|Any CPU.Build.0 = Release|Any CPU
		{DB5F3AF4-E212-43B4-8EA6-F78752FB9C15}.Release|ARM.ActiveCfg = Release|ARM
		{DB5F3AF4-E212-43B4-8EA6-F78752FB9C15}.Release|ARM.Build.0 = Release|ARM
		{DB5F3AF4-E212-43B4-8EA6-F78752FB9C15}.Release|x64.ActiveCfg = Release|Any CPU
		{DB5F3AF4-E212-43B4-8EA6-F78752FB9C15}.Release|x86.ActiveCfg = Release|x86
		{DB5F3AF4-E212-43B4-8EA6-F78752FB9C15}.Release|x86.Build.0 = Release|x86
		{9489F7E3-F3A1-4ABD-B152-369CA1B102C8}.Debug|Any CPU.ActiveCfg = Debug|Any CPU
		{9489F7E3-F3A1-4ABD-B152-369CA1B102C8}.Debug|Any CPU.Build.0 = Debug|Any CPU
		{9489F7E3-F3A1-4ABD-B152-369CA1B102C8}.Debug|ARM.ActiveCfg = Debug|ARM
		{9489F7E3-F3A1-4ABD-B152-369CA1B102C8}.Debug|ARM.Build.0 = Debug|ARM
		{9489F7E3-F3A1-4ABD-B152-369CA1B102C8}.Debug|x64.ActiveCfg = Debug|Any CPU
		{9489F7E3-F3A1-4ABD-B152-369CA1B102C8}.Debug|x86.ActiveCfg = Debug|x86
		{9489F7E3-F3A1-4ABD-B152-369CA1B102C8}.Debug|x86.Build.0 = Debug|x86
		{9489F7E3-F3A1-4ABD-B152-369CA1B102C8}.Release|Any CPU.ActiveCfg = Release|Any CPU
		{9489F7E3-F3A1-4ABD-B152-369CA1B102C8}.Release|Any CPU.Build.0 = Release|Any CPU
		{9489F7E3-F3A1-4ABD-B152-369CA1B102C8}.Release|ARM.ActiveCfg = Release|ARM
		{9489F7E3-F3A1-4ABD-B152-369CA1B102C8}.Release|ARM.Build.0 = Release|ARM
		{9489F7E3-F3A1-4ABD-B152-369CA1B102C8}.Release|x64.ActiveCfg = Release|Any CPU
		{9489F7E3-F3A1-4ABD-B152-369CA1B102C8}.Release|x86.ActiveCfg = Release|x86
		{9489F7E3-F3A1-4ABD-B152-369CA1B102C8}.Release|x86.Build.0 = Release|x86
		{652625DB-BF03-4898-BD59-22910508502B}.Debug|Any CPU.ActiveCfg = Debug|Any CPU
		{652625DB-BF03-4898-BD59-22910508502B}.Debug|Any CPU.Build.0 = Debug|Any CPU
		{652625DB-BF03-4898-BD59-22910508502B}.Debug|ARM.ActiveCfg = Debug|Any CPU
		{652625DB-BF03-4898-BD59-22910508502B}.Debug|x64.ActiveCfg = Debug|Any CPU
		{652625DB-BF03-4898-BD59-22910508502B}.Debug|x86.ActiveCfg = Debug|Any CPU
		{652625DB-BF03-4898-BD59-22910508502B}.Release|Any CPU.ActiveCfg = Release|Any CPU
		{652625DB-BF03-4898-BD59-22910508502B}.Release|Any CPU.Build.0 = Release|Any CPU
		{652625DB-BF03-4898-BD59-22910508502B}.Release|ARM.ActiveCfg = Release|Any CPU
		{652625DB-BF03-4898-BD59-22910508502B}.Release|x64.ActiveCfg = Release|Any CPU
		{652625DB-BF03-4898-BD59-22910508502B}.Release|x86.ActiveCfg = Release|Any CPU
		{170A39D4-059B-4ABF-B377-EED905D87EF4}.Debug|Any CPU.ActiveCfg = Debug|Any CPU
		{170A39D4-059B-4ABF-B377-EED905D87EF4}.Debug|Any CPU.Build.0 = Debug|Any CPU
		{170A39D4-059B-4ABF-B377-EED905D87EF4}.Debug|ARM.ActiveCfg = Debug|Any CPU
		{170A39D4-059B-4ABF-B377-EED905D87EF4}.Debug|x64.ActiveCfg = Debug|Any CPU
		{170A39D4-059B-4ABF-B377-EED905D87EF4}.Debug|x86.ActiveCfg = Debug|Any CPU
		{170A39D4-059B-4ABF-B377-EED905D87EF4}.Release|Any CPU.ActiveCfg = Release|Any CPU
		{170A39D4-059B-4ABF-B377-EED905D87EF4}.Release|Any CPU.Build.0 = Release|Any CPU
		{170A39D4-059B-4ABF-B377-EED905D87EF4}.Release|ARM.ActiveCfg = Release|Any CPU
		{170A39D4-059B-4ABF-B377-EED905D87EF4}.Release|x64.ActiveCfg = Release|Any CPU
		{170A39D4-059B-4ABF-B377-EED905D87EF4}.Release|x86.ActiveCfg = Release|Any CPU
		{215572D5-13A0-46EB-A983-A5433930B361}.Debug|Any CPU.ActiveCfg = Debug|Any CPU
		{215572D5-13A0-46EB-A983-A5433930B361}.Debug|Any CPU.Build.0 = Debug|Any CPU
		{215572D5-13A0-46EB-A983-A5433930B361}.Debug|ARM.ActiveCfg = Debug|Any CPU
		{215572D5-13A0-46EB-A983-A5433930B361}.Debug|x64.ActiveCfg = Debug|Any CPU
		{215572D5-13A0-46EB-A983-A5433930B361}.Debug|x86.ActiveCfg = Debug|Any CPU
		{215572D5-13A0-46EB-A983-A5433930B361}.Release|Any CPU.ActiveCfg = Release|Any CPU
		{215572D5-13A0-46EB-A983-A5433930B361}.Release|Any CPU.Build.0 = Release|Any CPU
		{215572D5-13A0-46EB-A983-A5433930B361}.Release|ARM.ActiveCfg = Release|Any CPU
		{215572D5-13A0-46EB-A983-A5433930B361}.Release|x64.ActiveCfg = Release|Any CPU
		{215572D5-13A0-46EB-A983-A5433930B361}.Release|x86.ActiveCfg = Release|Any CPU
		{9E1FD76F-907F-480C-A0C5-D165E07AA566}.Debug|Any CPU.ActiveCfg = Debug|Any CPU
		{9E1FD76F-907F-480C-A0C5-D165E07AA566}.Debug|Any CPU.Build.0 = Debug|Any CPU
		{9E1FD76F-907F-480C-A0C5-D165E07AA566}.Debug|ARM.ActiveCfg = Debug|Any CPU
		{9E1FD76F-907F-480C-A0C5-D165E07AA566}.Debug|x64.ActiveCfg = Debug|Any CPU
		{9E1FD76F-907F-480C-A0C5-D165E07AA566}.Debug|x86.ActiveCfg = Debug|Any CPU
		{9E1FD76F-907F-480C-A0C5-D165E07AA566}.Release|Any CPU.ActiveCfg = Release|Any CPU
		{9E1FD76F-907F-480C-A0C5-D165E07AA566}.Release|Any CPU.Build.0 = Release|Any CPU
		{9E1FD76F-907F-480C-A0C5-D165E07AA566}.Release|ARM.ActiveCfg = Release|Any CPU
		{9E1FD76F-907F-480C-A0C5-D165E07AA566}.Release|x64.ActiveCfg = Release|Any CPU
		{9E1FD76F-907F-480C-A0C5-D165E07AA566}.Release|x86.ActiveCfg = Release|Any CPU
		{916955BD-F025-45FE-9824-EBC709234E36}.Debug|Any CPU.ActiveCfg = Debug|Any CPU
		{916955BD-F025-45FE-9824-EBC709234E36}.Debug|Any CPU.Build.0 = Debug|Any CPU
		{916955BD-F025-45FE-9824-EBC709234E36}.Debug|ARM.ActiveCfg = Debug|Any CPU
		{916955BD-F025-45FE-9824-EBC709234E36}.Debug|x64.ActiveCfg = Debug|Any CPU
		{916955BD-F025-45FE-9824-EBC709234E36}.Debug|x86.ActiveCfg = Debug|Any CPU
		{916955BD-F025-45FE-9824-EBC709234E36}.Release|Any CPU.ActiveCfg = Release|Any CPU
		{916955BD-F025-45FE-9824-EBC709234E36}.Release|Any CPU.Build.0 = Release|Any CPU
		{916955BD-F025-45FE-9824-EBC709234E36}.Release|ARM.ActiveCfg = Release|Any CPU
		{916955BD-F025-45FE-9824-EBC709234E36}.Release|x64.ActiveCfg = Release|Any CPU
		{916955BD-F025-45FE-9824-EBC709234E36}.Release|x86.ActiveCfg = Release|Any CPU
		{634B471B-9BEA-4C91-BE1C-2DCCD4D01668}.Debug|Any CPU.ActiveCfg = Debug|Any CPU
		{634B471B-9BEA-4C91-BE1C-2DCCD4D01668}.Debug|Any CPU.Build.0 = Debug|Any CPU
		{634B471B-9BEA-4C91-BE1C-2DCCD4D01668}.Debug|ARM.ActiveCfg = Debug|ARM
		{634B471B-9BEA-4C91-BE1C-2DCCD4D01668}.Debug|ARM.Build.0 = Debug|ARM
		{634B471B-9BEA-4C91-BE1C-2DCCD4D01668}.Debug|x64.ActiveCfg = Debug|x64
		{634B471B-9BEA-4C91-BE1C-2DCCD4D01668}.Debug|x64.Build.0 = Debug|x64
		{634B471B-9BEA-4C91-BE1C-2DCCD4D01668}.Debug|x86.ActiveCfg = Debug|x86
		{634B471B-9BEA-4C91-BE1C-2DCCD4D01668}.Debug|x86.Build.0 = Debug|x86
		{634B471B-9BEA-4C91-BE1C-2DCCD4D01668}.Release|Any CPU.ActiveCfg = Release|Any CPU
		{634B471B-9BEA-4C91-BE1C-2DCCD4D01668}.Release|Any CPU.Build.0 = Release|Any CPU
		{634B471B-9BEA-4C91-BE1C-2DCCD4D01668}.Release|ARM.ActiveCfg = Release|ARM
		{634B471B-9BEA-4C91-BE1C-2DCCD4D01668}.Release|ARM.Build.0 = Release|ARM
		{634B471B-9BEA-4C91-BE1C-2DCCD4D01668}.Release|x64.ActiveCfg = Release|x64
		{634B471B-9BEA-4C91-BE1C-2DCCD4D01668}.Release|x64.Build.0 = Release|x64
		{634B471B-9BEA-4C91-BE1C-2DCCD4D01668}.Release|x86.ActiveCfg = Release|x86
		{634B471B-9BEA-4C91-BE1C-2DCCD4D01668}.Release|x86.Build.0 = Release|x86
		{7AD9872B-D026-47F0-ADA9-1EBC321522C8}.Debug|Any CPU.ActiveCfg = Debug|Any CPU
		{7AD9872B-D026-47F0-ADA9-1EBC321522C8}.Debug|Any CPU.Build.0 = Debug|Any CPU
		{7AD9872B-D026-47F0-ADA9-1EBC321522C8}.Debug|ARM.ActiveCfg = Debug|ARM
		{7AD9872B-D026-47F0-ADA9-1EBC321522C8}.Debug|ARM.Build.0 = Debug|ARM
		{7AD9872B-D026-47F0-ADA9-1EBC321522C8}.Debug|x64.ActiveCfg = Debug|x64
		{7AD9872B-D026-47F0-ADA9-1EBC321522C8}.Debug|x64.Build.0 = Debug|x64
		{7AD9872B-D026-47F0-ADA9-1EBC321522C8}.Debug|x86.ActiveCfg = Debug|x86
		{7AD9872B-D026-47F0-ADA9-1EBC321522C8}.Debug|x86.Build.0 = Debug|x86
		{7AD9872B-D026-47F0-ADA9-1EBC321522C8}.Release|Any CPU.ActiveCfg = Release|Any CPU
		{7AD9872B-D026-47F0-ADA9-1EBC321522C8}.Release|Any CPU.Build.0 = Release|Any CPU
		{7AD9872B-D026-47F0-ADA9-1EBC321522C8}.Release|ARM.ActiveCfg = Release|ARM
		{7AD9872B-D026-47F0-ADA9-1EBC321522C8}.Release|ARM.Build.0 = Release|ARM
		{7AD9872B-D026-47F0-ADA9-1EBC321522C8}.Release|x64.ActiveCfg = Release|x64
		{7AD9872B-D026-47F0-ADA9-1EBC321522C8}.Release|x64.Build.0 = Release|x64
		{7AD9872B-D026-47F0-ADA9-1EBC321522C8}.Release|x86.ActiveCfg = Release|x86
		{7AD9872B-D026-47F0-ADA9-1EBC321522C8}.Release|x86.Build.0 = Release|x86
		{C66077D8-DBFD-479D-ADAB-BF569263E914}.Debug|Any CPU.ActiveCfg = Debug|Any CPU
		{C66077D8-DBFD-479D-ADAB-BF569263E914}.Debug|Any CPU.Build.0 = Debug|Any CPU
		{C66077D8-DBFD-479D-ADAB-BF569263E914}.Debug|ARM.ActiveCfg = Debug|Any CPU
		{C66077D8-DBFD-479D-ADAB-BF569263E914}.Debug|x64.ActiveCfg = Debug|Any CPU
		{C66077D8-DBFD-479D-ADAB-BF569263E914}.Debug|x86.ActiveCfg = Debug|Any CPU
		{C66077D8-DBFD-479D-ADAB-BF569263E914}.Release|Any CPU.ActiveCfg = Release|Any CPU
		{C66077D8-DBFD-479D-ADAB-BF569263E914}.Release|Any CPU.Build.0 = Release|Any CPU
		{C66077D8-DBFD-479D-ADAB-BF569263E914}.Release|ARM.ActiveCfg = Release|Any CPU
		{C66077D8-DBFD-479D-ADAB-BF569263E914}.Release|x64.ActiveCfg = Release|Any CPU
		{C66077D8-DBFD-479D-ADAB-BF569263E914}.Release|x86.ActiveCfg = Release|Any CPU
		{E167271B-5F89-4D89-99B2-F585E232035F}.Debug|Any CPU.ActiveCfg = Debug|Any CPU
		{E167271B-5F89-4D89-99B2-F585E232035F}.Debug|Any CPU.Build.0 = Debug|Any CPU
		{E167271B-5F89-4D89-99B2-F585E232035F}.Debug|ARM.ActiveCfg = Debug|ARM
		{E167271B-5F89-4D89-99B2-F585E232035F}.Debug|ARM.Build.0 = Debug|ARM
		{E167271B-5F89-4D89-99B2-F585E232035F}.Debug|x64.ActiveCfg = Debug|x64
		{E167271B-5F89-4D89-99B2-F585E232035F}.Debug|x64.Build.0 = Debug|x64
		{E167271B-5F89-4D89-99B2-F585E232035F}.Debug|x86.ActiveCfg = Debug|x86
		{E167271B-5F89-4D89-99B2-F585E232035F}.Debug|x86.Build.0 = Debug|x86
		{E167271B-5F89-4D89-99B2-F585E232035F}.Release|Any CPU.ActiveCfg = Release|Any CPU
		{E167271B-5F89-4D89-99B2-F585E232035F}.Release|Any CPU.Build.0 = Release|Any CPU
		{E167271B-5F89-4D89-99B2-F585E232035F}.Release|ARM.ActiveCfg = Release|ARM
		{E167271B-5F89-4D89-99B2-F585E232035F}.Release|ARM.Build.0 = Release|ARM
		{E167271B-5F89-4D89-99B2-F585E232035F}.Release|x64.ActiveCfg = Release|x64
		{E167271B-5F89-4D89-99B2-F585E232035F}.Release|x64.Build.0 = Release|x64
		{E167271B-5F89-4D89-99B2-F585E232035F}.Release|x86.ActiveCfg = Release|x86
		{E167271B-5F89-4D89-99B2-F585E232035F}.Release|x86.Build.0 = Release|x86
		{E91177F0-F219-4FBA-89DA-B6B7A8E0F5D6}.Debug|Any CPU.ActiveCfg = Debug|Any CPU
		{E91177F0-F219-4FBA-89DA-B6B7A8E0F5D6}.Debug|Any CPU.Build.0 = Debug|Any CPU
		{E91177F0-F219-4FBA-89DA-B6B7A8E0F5D6}.Debug|ARM.ActiveCfg = Debug|ARM
		{E91177F0-F219-4FBA-89DA-B6B7A8E0F5D6}.Debug|ARM.Build.0 = Debug|ARM
		{E91177F0-F219-4FBA-89DA-B6B7A8E0F5D6}.Debug|x64.ActiveCfg = Debug|Any CPU
		{E91177F0-F219-4FBA-89DA-B6B7A8E0F5D6}.Debug|x86.ActiveCfg = Debug|x86
		{E91177F0-F219-4FBA-89DA-B6B7A8E0F5D6}.Debug|x86.Build.0 = Debug|x86
		{E91177F0-F219-4FBA-89DA-B6B7A8E0F5D6}.Release|Any CPU.ActiveCfg = Release|Any CPU
		{E91177F0-F219-4FBA-89DA-B6B7A8E0F5D6}.Release|Any CPU.Build.0 = Release|Any CPU
		{E91177F0-F219-4FBA-89DA-B6B7A8E0F5D6}.Release|ARM.ActiveCfg = Release|ARM
		{E91177F0-F219-4FBA-89DA-B6B7A8E0F5D6}.Release|ARM.Build.0 = Release|ARM
		{E91177F0-F219-4FBA-89DA-B6B7A8E0F5D6}.Release|x64.ActiveCfg = Release|Any CPU
		{E91177F0-F219-4FBA-89DA-B6B7A8E0F5D6}.Release|x86.ActiveCfg = Release|x86
		{E91177F0-F219-4FBA-89DA-B6B7A8E0F5D6}.Release|x86.Build.0 = Release|x86
		{763A1BD9-81E0-43DB-82A7-14552A92CE56}.Debug|Any CPU.ActiveCfg = Debug|Any CPU
		{763A1BD9-81E0-43DB-82A7-14552A92CE56}.Debug|Any CPU.Build.0 = Debug|Any CPU
		{763A1BD9-81E0-43DB-82A7-14552A92CE56}.Debug|ARM.ActiveCfg = Debug|ARM
		{763A1BD9-81E0-43DB-82A7-14552A92CE56}.Debug|ARM.Build.0 = Debug|ARM
		{763A1BD9-81E0-43DB-82A7-14552A92CE56}.Debug|x64.ActiveCfg = Debug|Any CPU
		{763A1BD9-81E0-43DB-82A7-14552A92CE56}.Debug|x86.ActiveCfg = Debug|x86
		{763A1BD9-81E0-43DB-82A7-14552A92CE56}.Debug|x86.Build.0 = Debug|x86
		{763A1BD9-81E0-43DB-82A7-14552A92CE56}.Release|Any CPU.ActiveCfg = Release|Any CPU
		{763A1BD9-81E0-43DB-82A7-14552A92CE56}.Release|Any CPU.Build.0 = Release|Any CPU
		{763A1BD9-81E0-43DB-82A7-14552A92CE56}.Release|ARM.ActiveCfg = Release|ARM
		{763A1BD9-81E0-43DB-82A7-14552A92CE56}.Release|ARM.Build.0 = Release|ARM
		{763A1BD9-81E0-43DB-82A7-14552A92CE56}.Release|x64.ActiveCfg = Release|Any CPU
		{763A1BD9-81E0-43DB-82A7-14552A92CE56}.Release|x86.ActiveCfg = Release|x86
		{763A1BD9-81E0-43DB-82A7-14552A92CE56}.Release|x86.Build.0 = Release|x86
		{692023D7-F75C-4C56-948E-B87EBA88A6B2}.Debug|Any CPU.ActiveCfg = Debug|Any CPU
		{692023D7-F75C-4C56-948E-B87EBA88A6B2}.Debug|Any CPU.Build.0 = Debug|Any CPU
		{692023D7-F75C-4C56-948E-B87EBA88A6B2}.Debug|ARM.ActiveCfg = Debug|Any CPU
		{692023D7-F75C-4C56-948E-B87EBA88A6B2}.Debug|x64.ActiveCfg = Debug|Any CPU
		{692023D7-F75C-4C56-948E-B87EBA88A6B2}.Debug|x86.ActiveCfg = Debug|Any CPU
		{692023D7-F75C-4C56-948E-B87EBA88A6B2}.Release|Any CPU.ActiveCfg = Release|Any CPU
		{692023D7-F75C-4C56-948E-B87EBA88A6B2}.Release|Any CPU.Build.0 = Release|Any CPU
		{692023D7-F75C-4C56-948E-B87EBA88A6B2}.Release|ARM.ActiveCfg = Release|Any CPU
		{692023D7-F75C-4C56-948E-B87EBA88A6B2}.Release|x64.ActiveCfg = Release|Any CPU
		{692023D7-F75C-4C56-948E-B87EBA88A6B2}.Release|x86.ActiveCfg = Release|Any CPU
		{F1185078-9FD9-4E3E-8299-E06B60D07B48}.Debug|Any CPU.ActiveCfg = Debug|Any CPU
		{F1185078-9FD9-4E3E-8299-E06B60D07B48}.Debug|Any CPU.Build.0 = Debug|Any CPU
		{F1185078-9FD9-4E3E-8299-E06B60D07B48}.Debug|Any CPU.Deploy.0 = Debug|Any CPU
		{F1185078-9FD9-4E3E-8299-E06B60D07B48}.Debug|ARM.ActiveCfg = Debug|ARM
		{F1185078-9FD9-4E3E-8299-E06B60D07B48}.Debug|ARM.Build.0 = Debug|ARM
		{F1185078-9FD9-4E3E-8299-E06B60D07B48}.Debug|ARM.Deploy.0 = Debug|ARM
		{F1185078-9FD9-4E3E-8299-E06B60D07B48}.Debug|x64.ActiveCfg = Debug|x64
		{F1185078-9FD9-4E3E-8299-E06B60D07B48}.Debug|x64.Build.0 = Debug|x64
		{F1185078-9FD9-4E3E-8299-E06B60D07B48}.Debug|x64.Deploy.0 = Debug|x64
		{F1185078-9FD9-4E3E-8299-E06B60D07B48}.Debug|x86.ActiveCfg = Debug|x86
		{F1185078-9FD9-4E3E-8299-E06B60D07B48}.Debug|x86.Build.0 = Debug|x86
		{F1185078-9FD9-4E3E-8299-E06B60D07B48}.Debug|x86.Deploy.0 = Debug|x86
		{F1185078-9FD9-4E3E-8299-E06B60D07B48}.Release|Any CPU.ActiveCfg = Release|Any CPU
		{F1185078-9FD9-4E3E-8299-E06B60D07B48}.Release|Any CPU.Build.0 = Release|Any CPU
		{F1185078-9FD9-4E3E-8299-E06B60D07B48}.Release|Any CPU.Deploy.0 = Release|Any CPU
		{F1185078-9FD9-4E3E-8299-E06B60D07B48}.Release|ARM.ActiveCfg = Release|ARM
		{F1185078-9FD9-4E3E-8299-E06B60D07B48}.Release|ARM.Build.0 = Release|ARM
		{F1185078-9FD9-4E3E-8299-E06B60D07B48}.Release|ARM.Deploy.0 = Release|ARM
		{F1185078-9FD9-4E3E-8299-E06B60D07B48}.Release|x64.ActiveCfg = Release|x64
		{F1185078-9FD9-4E3E-8299-E06B60D07B48}.Release|x64.Build.0 = Release|x64
		{F1185078-9FD9-4E3E-8299-E06B60D07B48}.Release|x64.Deploy.0 = Release|x64
		{F1185078-9FD9-4E3E-8299-E06B60D07B48}.Release|x86.ActiveCfg = Release|x86
		{F1185078-9FD9-4E3E-8299-E06B60D07B48}.Release|x86.Build.0 = Release|x86
		{F1185078-9FD9-4E3E-8299-E06B60D07B48}.Release|x86.Deploy.0 = Release|x86
		{9B02FEE1-51E5-4F58-AC47-2560770EF505}.Debug|Any CPU.ActiveCfg = Debug|Any CPU
		{9B02FEE1-51E5-4F58-AC47-2560770EF505}.Debug|Any CPU.Build.0 = Debug|Any CPU
		{9B02FEE1-51E5-4F58-AC47-2560770EF505}.Debug|ARM.ActiveCfg = Debug|ARM
		{9B02FEE1-51E5-4F58-AC47-2560770EF505}.Debug|ARM.Build.0 = Debug|ARM
		{9B02FEE1-51E5-4F58-AC47-2560770EF505}.Debug|x64.ActiveCfg = Debug|Any CPU
		{9B02FEE1-51E5-4F58-AC47-2560770EF505}.Debug|x86.ActiveCfg = Debug|x86
		{9B02FEE1-51E5-4F58-AC47-2560770EF505}.Debug|x86.Build.0 = Debug|x86
		{9B02FEE1-51E5-4F58-AC47-2560770EF505}.Release|Any CPU.ActiveCfg = Release|Any CPU
		{9B02FEE1-51E5-4F58-AC47-2560770EF505}.Release|Any CPU.Build.0 = Release|Any CPU
		{9B02FEE1-51E5-4F58-AC47-2560770EF505}.Release|ARM.ActiveCfg = Release|ARM
		{9B02FEE1-51E5-4F58-AC47-2560770EF505}.Release|ARM.Build.0 = Release|ARM
		{9B02FEE1-51E5-4F58-AC47-2560770EF505}.Release|x64.ActiveCfg = Release|Any CPU
		{9B02FEE1-51E5-4F58-AC47-2560770EF505}.Release|x86.ActiveCfg = Release|x86
		{9B02FEE1-51E5-4F58-AC47-2560770EF505}.Release|x86.Build.0 = Release|x86
		{5D794834-E6B9-463A-84C9-5EB9D1EE593F}.Debug|Any CPU.ActiveCfg = Debug|Any CPU
		{5D794834-E6B9-463A-84C9-5EB9D1EE593F}.Debug|Any CPU.Build.0 = Debug|Any CPU
		{5D794834-E6B9-463A-84C9-5EB9D1EE593F}.Debug|ARM.ActiveCfg = Debug|ARM
		{5D794834-E6B9-463A-84C9-5EB9D1EE593F}.Debug|ARM.Build.0 = Debug|ARM
		{5D794834-E6B9-463A-84C9-5EB9D1EE593F}.Debug|x64.ActiveCfg = Debug|Any CPU
		{5D794834-E6B9-463A-84C9-5EB9D1EE593F}.Debug|x86.ActiveCfg = Debug|x86
		{5D794834-E6B9-463A-84C9-5EB9D1EE593F}.Debug|x86.Build.0 = Debug|x86
		{5D794834-E6B9-463A-84C9-5EB9D1EE593F}.Release|Any CPU.ActiveCfg = Release|Any CPU
		{5D794834-E6B9-463A-84C9-5EB9D1EE593F}.Release|Any CPU.Build.0 = Release|Any CPU
		{5D794834-E6B9-463A-84C9-5EB9D1EE593F}.Release|ARM.ActiveCfg = Release|ARM
		{5D794834-E6B9-463A-84C9-5EB9D1EE593F}.Release|ARM.Build.0 = Release|ARM
		{5D794834-E6B9-463A-84C9-5EB9D1EE593F}.Release|x64.ActiveCfg = Release|Any CPU
		{5D794834-E6B9-463A-84C9-5EB9D1EE593F}.Release|x86.ActiveCfg = Release|x86
		{5D794834-E6B9-463A-84C9-5EB9D1EE593F}.Release|x86.Build.0 = Release|x86
		{AB8F3108-C83F-4169-8DFC-988EC64CCD37}.Debug|Any CPU.ActiveCfg = Debug|Any CPU
		{AB8F3108-C83F-4169-8DFC-988EC64CCD37}.Debug|Any CPU.Build.0 = Debug|Any CPU
		{AB8F3108-C83F-4169-8DFC-988EC64CCD37}.Debug|ARM.ActiveCfg = Debug|Any CPU
		{AB8F3108-C83F-4169-8DFC-988EC64CCD37}.Debug|x64.ActiveCfg = Debug|Any CPU
		{AB8F3108-C83F-4169-8DFC-988EC64CCD37}.Debug|x86.ActiveCfg = Debug|Any CPU
		{AB8F3108-C83F-4169-8DFC-988EC64CCD37}.Release|Any CPU.ActiveCfg = Release|Any CPU
		{AB8F3108-C83F-4169-8DFC-988EC64CCD37}.Release|Any CPU.Build.0 = Release|Any CPU
		{AB8F3108-C83F-4169-8DFC-988EC64CCD37}.Release|ARM.ActiveCfg = Release|Any CPU
		{AB8F3108-C83F-4169-8DFC-988EC64CCD37}.Release|x64.ActiveCfg = Release|Any CPU
		{AB8F3108-C83F-4169-8DFC-988EC64CCD37}.Release|x86.ActiveCfg = Release|Any CPU
		{67F9D3A8-F71E-4428-913F-C37AE82CDB24}.Debug|Any CPU.ActiveCfg = Debug|Any CPU
		{67F9D3A8-F71E-4428-913F-C37AE82CDB24}.Debug|Any CPU.Build.0 = Debug|Any CPU
		{67F9D3A8-F71E-4428-913F-C37AE82CDB24}.Debug|ARM.ActiveCfg = Debug|Any CPU
		{67F9D3A8-F71E-4428-913F-C37AE82CDB24}.Debug|x64.ActiveCfg = Debug|Any CPU
		{67F9D3A8-F71E-4428-913F-C37AE82CDB24}.Debug|x86.ActiveCfg = Debug|Any CPU
		{67F9D3A8-F71E-4428-913F-C37AE82CDB24}.Release|Any CPU.ActiveCfg = Release|Any CPU
		{67F9D3A8-F71E-4428-913F-C37AE82CDB24}.Release|Any CPU.Build.0 = Release|Any CPU
		{67F9D3A8-F71E-4428-913F-C37AE82CDB24}.Release|ARM.ActiveCfg = Release|Any CPU
		{67F9D3A8-F71E-4428-913F-C37AE82CDB24}.Release|x64.ActiveCfg = Release|Any CPU
		{67F9D3A8-F71E-4428-913F-C37AE82CDB24}.Release|x86.ActiveCfg = Release|Any CPU
		{B3D9BE15-9A4F-453B-BFA6-CB85D00492D9}.Debug|Any CPU.ActiveCfg = Debug|Any CPU
		{B3D9BE15-9A4F-453B-BFA6-CB85D00492D9}.Debug|Any CPU.Build.0 = Debug|Any CPU
		{B3D9BE15-9A4F-453B-BFA6-CB85D00492D9}.Debug|ARM.ActiveCfg = Debug|ARM
		{B3D9BE15-9A4F-453B-BFA6-CB85D00492D9}.Debug|ARM.Build.0 = Debug|ARM
		{B3D9BE15-9A4F-453B-BFA6-CB85D00492D9}.Debug|x64.ActiveCfg = Debug|Any CPU
		{B3D9BE15-9A4F-453B-BFA6-CB85D00492D9}.Debug|x86.ActiveCfg = Debug|x86
		{B3D9BE15-9A4F-453B-BFA6-CB85D00492D9}.Debug|x86.Build.0 = Debug|x86
		{B3D9BE15-9A4F-453B-BFA6-CB85D00492D9}.Release|Any CPU.ActiveCfg = Release|Any CPU
		{B3D9BE15-9A4F-453B-BFA6-CB85D00492D9}.Release|Any CPU.Build.0 = Release|Any CPU
		{B3D9BE15-9A4F-453B-BFA6-CB85D00492D9}.Release|ARM.ActiveCfg = Release|ARM
		{B3D9BE15-9A4F-453B-BFA6-CB85D00492D9}.Release|ARM.Build.0 = Release|ARM
		{B3D9BE15-9A4F-453B-BFA6-CB85D00492D9}.Release|x64.ActiveCfg = Release|Any CPU
		{B3D9BE15-9A4F-453B-BFA6-CB85D00492D9}.Release|x86.ActiveCfg = Release|x86
		{B3D9BE15-9A4F-453B-BFA6-CB85D00492D9}.Release|x86.Build.0 = Release|x86
		{C522F7B5-E5F9-479B-B2B0-011B0DAED83B}.Debug|Any CPU.ActiveCfg = Debug|Any CPU
		{C522F7B5-E5F9-479B-B2B0-011B0DAED83B}.Debug|Any CPU.Build.0 = Debug|Any CPU
		{C522F7B5-E5F9-479B-B2B0-011B0DAED83B}.Debug|ARM.ActiveCfg = Debug|Any CPU
		{C522F7B5-E5F9-479B-B2B0-011B0DAED83B}.Debug|x64.ActiveCfg = Debug|Any CPU
		{C522F7B5-E5F9-479B-B2B0-011B0DAED83B}.Debug|x86.ActiveCfg = Debug|Any CPU
		{C522F7B5-E5F9-479B-B2B0-011B0DAED83B}.Release|Any CPU.ActiveCfg = Release|Any CPU
		{C522F7B5-E5F9-479B-B2B0-011B0DAED83B}.Release|Any CPU.Build.0 = Release|Any CPU
		{C522F7B5-E5F9-479B-B2B0-011B0DAED83B}.Release|ARM.ActiveCfg = Release|Any CPU
		{C522F7B5-E5F9-479B-B2B0-011B0DAED83B}.Release|x64.ActiveCfg = Release|Any CPU
		{C522F7B5-E5F9-479B-B2B0-011B0DAED83B}.Release|x86.ActiveCfg = Release|Any CPU
		{BE5057CD-D8BD-4A46-A128-6D249B312001}.Debug|Any CPU.ActiveCfg = Debug|Any CPU
		{BE5057CD-D8BD-4A46-A128-6D249B312001}.Debug|Any CPU.Build.0 = Debug|Any CPU
		{BE5057CD-D8BD-4A46-A128-6D249B312001}.Debug|ARM.ActiveCfg = Debug|Any CPU
		{BE5057CD-D8BD-4A46-A128-6D249B312001}.Debug|x64.ActiveCfg = Debug|Any CPU
		{BE5057CD-D8BD-4A46-A128-6D249B312001}.Debug|x86.ActiveCfg = Debug|Any CPU
		{BE5057CD-D8BD-4A46-A128-6D249B312001}.Release|Any CPU.ActiveCfg = Release|Any CPU
		{BE5057CD-D8BD-4A46-A128-6D249B312001}.Release|Any CPU.Build.0 = Release|Any CPU
		{BE5057CD-D8BD-4A46-A128-6D249B312001}.Release|ARM.ActiveCfg = Release|Any CPU
		{BE5057CD-D8BD-4A46-A128-6D249B312001}.Release|x64.ActiveCfg = Release|Any CPU
		{BE5057CD-D8BD-4A46-A128-6D249B312001}.Release|x86.ActiveCfg = Release|Any CPU
	EndGlobalSection
	GlobalSection(SolutionProperties) = preSolution
		HideSolutionNode = FALSE
	EndGlobalSection
	GlobalSection(NestedProjects) = preSolution
		{F4323E9E-1608-429B-83DC-6A3670761850} = {2B919D80-8BCC-4797-888C-FB37275BC11F}
		{BD7749AB-822F-4ED2-BB75-0FEF2B9AD453} = {2B919D80-8BCC-4797-888C-FB37275BC11F}
		{693E1B12-3C3D-489F-92FA-6CD7871B74AA} = {F8111B4B-DA6B-4680-83BE-BB8064DED445}
		{45239A20-0DD7-43CE-ACAA-86249154ADF5} = {693E1B12-3C3D-489F-92FA-6CD7871B74AA}
		{67A42A24-569A-4794-B55E-46191949EA1A} = {693E1B12-3C3D-489F-92FA-6CD7871B74AA}
		{0C633168-5733-4788-A463-85AFF0636297} = {693E1B12-3C3D-489F-92FA-6CD7871B74AA}
		{CABD5256-3BD0-49FD-857D-168C33B5ED52} = {F8111B4B-DA6B-4680-83BE-BB8064DED445}
		{DB5F3AF4-E212-43B4-8EA6-F78752FB9C15} = {CABD5256-3BD0-49FD-857D-168C33B5ED52}
		{9489F7E3-F3A1-4ABD-B152-369CA1B102C8} = {CABD5256-3BD0-49FD-857D-168C33B5ED52}
		{2D74BCF2-15FC-4852-91CE-EC8858CAC20D} = {F8111B4B-DA6B-4680-83BE-BB8064DED445}
		{652625DB-BF03-4898-BD59-22910508502B} = {2D74BCF2-15FC-4852-91CE-EC8858CAC20D}
		{9545EF86-DDDA-45A9-AFA5-5E47B97525A2} = {F8111B4B-DA6B-4680-83BE-BB8064DED445}
		{170A39D4-059B-4ABF-B377-EED905D87EF4} = {9545EF86-DDDA-45A9-AFA5-5E47B97525A2}
		{215572D5-13A0-46EB-A983-A5433930B361} = {9545EF86-DDDA-45A9-AFA5-5E47B97525A2}
		{A3F3F7E1-1DEA-4956-A5DD-D768B41A4F2F} = {F8111B4B-DA6B-4680-83BE-BB8064DED445}
		{9E1FD76F-907F-480C-A0C5-D165E07AA566} = {A3F3F7E1-1DEA-4956-A5DD-D768B41A4F2F}
		{916955BD-F025-45FE-9824-EBC709234E36} = {A3F3F7E1-1DEA-4956-A5DD-D768B41A4F2F}
		{634B471B-9BEA-4C91-BE1C-2DCCD4D01668} = {A3F3F7E1-1DEA-4956-A5DD-D768B41A4F2F}
		{7AD9872B-D026-47F0-ADA9-1EBC321522C8} = {A3F3F7E1-1DEA-4956-A5DD-D768B41A4F2F}
		{C66077D8-DBFD-479D-ADAB-BF569263E914} = {D2C27766-F2E5-48A6-8BCE-1BCCDD4DC978}
		{E167271B-5F89-4D89-99B2-F585E232035F} = {D2C27766-F2E5-48A6-8BCE-1BCCDD4DC978}
		{E91177F0-F219-4FBA-89DA-B6B7A8E0F5D6} = {D2C27766-F2E5-48A6-8BCE-1BCCDD4DC978}
		{763A1BD9-81E0-43DB-82A7-14552A92CE56} = {D2C27766-F2E5-48A6-8BCE-1BCCDD4DC978}
		{692023D7-F75C-4C56-948E-B87EBA88A6B2} = {0673FE78-64AD-4299-9B6C-077857BFE886}
		{F1185078-9FD9-4E3E-8299-E06B60D07B48} = {0673FE78-64AD-4299-9B6C-077857BFE886}
		{9B02FEE1-51E5-4F58-AC47-2560770EF505} = {CABD5256-3BD0-49FD-857D-168C33B5ED52}
		{5D794834-E6B9-463A-84C9-5EB9D1EE593F} = {CABD5256-3BD0-49FD-857D-168C33B5ED52}
		{A46F4405-D543-4D0A-B816-9381A0C61203} = {F8111B4B-DA6B-4680-83BE-BB8064DED445}
		{AB8F3108-C83F-4169-8DFC-988EC64CCD37} = {A46F4405-D543-4D0A-B816-9381A0C61203}
		{3F8A130A-4905-46B6-B290-3286FFB0A32B} = {F8111B4B-DA6B-4680-83BE-BB8064DED445}
		{67F9D3A8-F71E-4428-913F-C37AE82CDB24} = {3F8A130A-4905-46B6-B290-3286FFB0A32B}
		{B3D9BE15-9A4F-453B-BFA6-CB85D00492D9} = {3F8A130A-4905-46B6-B290-3286FFB0A32B}
		{C522F7B5-E5F9-479B-B2B0-011B0DAED83B} = {3F8A130A-4905-46B6-B290-3286FFB0A32B}
		{BE5057CD-D8BD-4A46-A128-6D249B312001} = {3F8A130A-4905-46B6-B290-3286FFB0A32B}
	EndGlobalSection
EndGlobal
