
Microsoft Visual Studio Solution File, Format Version 12.00
# Visual Studio 14
VisualStudioVersion = 14.0.25420.1
MinimumVisualStudioVersion = 10.0.40219.1
Project("{FAE04EC0-301F-11D3-BF4B-00C04F79EFBC}") = "MugenMvvmToolkit.WPF(4.5)", "Platforms\MugenMvvmToolkit.WPF(4.5)\MugenMvvmToolkit.WPF(4.5).csproj", "{170A39D4-059B-4ABF-B377-EED905D87EF4}"
EndProject
Project("{FAE04EC0-301F-11D3-BF4B-00C04F79EFBC}") = "MugenMvvmToolkit.Core(4.0)", "Core\MugenMvvmToolkit.Core(4.0)\MugenMvvmToolkit.Core(4.0).csproj", "{A2D15B14-F23E-46DE-9165-AB1D9104B978}"
EndProject
Project("{FAE04EC0-301F-11D3-BF4B-00C04F79EFBC}") = "MugenMvvmToolkit.WPF(4.0)", "Platforms\MugenMvvmToolkit.WPF(4.0)\MugenMvvmToolkit.WPF(4.0).csproj", "{767BA920-CF3A-4894-8382-2DE780D398E3}"
EndProject
Project("{FAE04EC0-301F-11D3-BF4B-00C04F79EFBC}") = "MugenMvvmToolkit.AutofacContainer(NET4.0)", "IocContainers\MugenMvvmToolkit.AutofacContainer(NET4.0)\MugenMvvmToolkit.AutofacContainer(NET4.0).csproj", "{4B2877EA-DE1D-4CE0-984B-E285354011F2}"
EndProject
Project("{FAE04EC0-301F-11D3-BF4B-00C04F79EFBC}") = "MugenMvvmToolkit.NinjectContainer(NET4)", "IocContainers\MugenMvvmToolkit.NinjectContainer(NET4)\MugenMvvmToolkit.NinjectContainer(NET4).csproj", "{1EB1A717-7102-4138-8A37-42DFD943E0F9}"
EndProject
Project("{2150E333-8FDC-42A3-9474-1A3956D46DE8}") = "IocContainers", "IocContainers", "{4F2AFA9B-4B37-4010-AAE5-435BD2E03940}"
EndProject
Project("{2150E333-8FDC-42A3-9474-1A3956D46DE8}") = "Core", "Core", "{C33E21AA-9A24-4573-8A03-C3F5877B2130}"
EndProject
Project("{2150E333-8FDC-42A3-9474-1A3956D46DE8}") = "Platforms", "Platforms", "{63CEC54F-6178-413C-9F26-09D0F75F43FA}"
EndProject
Project("{2150E333-8FDC-42A3-9474-1A3956D46DE8}") = "Tests", "Tests", "{6FC06C60-0685-44E6-A8F3-A158A3265740}"
EndProject
Project("{FAE04EC0-301F-11D3-BF4B-00C04F79EFBC}") = "MugenMvvmToolkit.WPF.Test(4.5)", "Tests\MugenMvvmToolkit.WPF.Test(4.5)\MugenMvvmToolkit.WPF.Test(4.5).csproj", "{692023D7-F75C-4C56-948E-B87EBA88A6B2}"
EndProject
Project("{FAE04EC0-301F-11D3-BF4B-00C04F79EFBC}") = "MugenMvvmToolkit.WinForms(4.0)", "Platforms\MugenMvvmToolkit.WinForms(4.0)\MugenMvvmToolkit.WinForms(4.0).csproj", "{6CC70590-B95D-4A10-9304-89C3BA27AB32}"
EndProject
Project("{FAE04EC0-301F-11D3-BF4B-00C04F79EFBC}") = "MugenMvvmToolkit.WinForms(4.5)", "Platforms\MugenMvvmToolkit.WinForms(4.5)\MugenMvvmToolkit.WinForms(4.5).csproj", "{652625DB-BF03-4898-BD59-22910508502B}"
EndProject
Project("{FAE04EC0-301F-11D3-BF4B-00C04F79EFBC}") = "MugenMvvmToolkit.Binding(4.0)", "Core\MugenMvvmToolkit.Binding(4.0)\MugenMvvmToolkit.Binding(4.0).csproj", "{A9FAE2BB-BBE7-4675-92F3-DCDDEBD70999}"
EndProject
Project("{2150E333-8FDC-42A3-9474-1A3956D46DE8}") = "WPF", "WPF", "{96974E15-CFDD-494A-BF58-BDC9BF5B2212}"
EndProject
Project("{2150E333-8FDC-42A3-9474-1A3956D46DE8}") = "WinForms", "WinForms", "{2CC4D50F-BA85-4267-9D8D-ED03C15522B2}"
EndProject
Project("{2150E333-8FDC-42A3-9474-1A3956D46DE8}") = "Android", "Android", "{CEF06B1C-77EE-4DC5-9283-87F9C3678892}"
EndProject
Project("{2150E333-8FDC-42A3-9474-1A3956D46DE8}") = "UWP", "UWP", "{97AD981A-C408-47E2-B151-2139D15BC22F}"
EndProject
Project("{FAE04EC0-301F-11D3-BF4B-00C04F79EFBC}") = "MugenMvvmToolkit.WPF.Binding(4.5)", "Platforms\MugenMvvmToolkit.WPF.Binding(4.5)\MugenMvvmToolkit.WPF.Binding(4.5).csproj", "{215572D5-13A0-46EB-A983-A5433930B361}"
EndProject
Project("{FAE04EC0-301F-11D3-BF4B-00C04F79EFBC}") = "MugenMvvmToolkit.Android", "Platforms\MugenMvvmToolkit.Android\MugenMvvmToolkit.Android.csproj", "{45239A20-0DD7-43CE-ACAA-86249154ADF5}"
EndProject
Project("{FAE04EC0-301F-11D3-BF4B-00C04F79EFBC}") = "MugenMvvmToolkit.WPF.Binding(4.0)", "Platforms\MugenMvvmToolkit.WPF.Binding(4.0)\MugenMvvmToolkit.WPF.Binding(4.0).csproj", "{627042AA-2DA6-4744-982A-E6BA58D9421A}"
EndProject
Project("{FAE04EC0-301F-11D3-BF4B-00C04F79EFBC}") = "MugenMvvmToolkit.Core(NetStandard)", "Core\MugenMvvmToolkit.Core(NetStandard)\MugenMvvmToolkit.Core(NetStandard).csproj", "{F4323E9E-1608-429B-83DC-6A3670761850}"
EndProject
Project("{FAE04EC0-301F-11D3-BF4B-00C04F79EFBC}") = "MugenMvvmToolkit.Binding(NetStandard)", "Core\MugenMvvmToolkit.Binding(NetStandard)\MugenMvvmToolkit.Binding(NetStandard).csproj", "{BD7749AB-822F-4ED2-BB75-0FEF2B9AD453}"
EndProject
Project("{2150E333-8FDC-42A3-9474-1A3956D46DE8}") = "iOS", "iOS", "{944A6742-0E70-42CE-9193-DA2153347FE2}"
EndProject
Project("{FAE04EC0-301F-11D3-BF4B-00C04F79EFBC}") = "MugenMvvmToolkit.iOS", "Platforms\MugenMvvmToolkit.iOS\MugenMvvmToolkit.iOS.csproj", "{AB8F3108-C83F-4169-8DFC-988EC64CCD37}"
EndProject
Project("{2150E333-8FDC-42A3-9474-1A3956D46DE8}") = "Xamarin.Forms", "Xamarin.Forms", "{9D4E83A0-560F-46D4-AB0A-19FB4DEC35F5}"
EndProject
Project("{FAE04EC0-301F-11D3-BF4B-00C04F79EFBC}") = "MugenMvvmToolkit.Xamarin.Forms", "Platforms\MugenMvvmToolkit.Xamarin.Forms\MugenMvvmToolkit.Xamarin.Forms.csproj", "{67F9D3A8-F71E-4428-913F-C37AE82CDB24}"
EndProject
Project("{FAE04EC0-301F-11D3-BF4B-00C04F79EFBC}") = "MugenMvvmToolkit.Xamarin.Forms.Android", "Platforms\MugenMvvmToolkit.Xamarin.Forms.Android\MugenMvvmToolkit.Xamarin.Forms.Android.csproj", "{C522F7B5-E5F9-479B-B2B0-011B0DAED83B}"
EndProject
Project("{FAE04EC0-301F-11D3-BF4B-00C04F79EFBC}") = "MugenMvvmToolkit.Xamarin.Forms.iOS", "Platforms\MugenMvvmToolkit.Xamarin.Forms.iOS\MugenMvvmToolkit.Xamarin.Forms.iOS.csproj", "{BE5057CD-D8BD-4A46-A128-6D249B312001}"
EndProject
Project("{FAE04EC0-301F-11D3-BF4B-00C04F79EFBC}") = "MugenMvvmToolkit.Xamarin.Forms.WinPhone", "Platforms\MugenMvvmToolkit.Xamarin.Forms.WinPhone\MugenMvvmToolkit.Xamarin.Forms.WinPhone.csproj", "{B3D9BE15-9A4F-453B-BFA6-CB85D00492D9}"
EndProject
Project("{FAE04EC0-301F-11D3-BF4B-00C04F79EFBC}") = "MugenMvvmToolkit.Android.AppCompat", "Platforms\MugenMvvmToolkit.Android.AppCompat\MugenMvvmToolkit.Android.AppCompat.csproj", "{9BB09AC6-EFD9-4156-84F0-491F2A9F03E5}"
EndProject
Project("{FAE04EC0-301F-11D3-BF4B-00C04F79EFBC}") = "MugenMvvmToolkit.Android.RecyclerView", "Platforms\MugenMvvmToolkit.Android.RecyclerView\MugenMvvmToolkit.Android.RecyclerView.csproj", "{4AF9E468-99AC-41E2-92A3-41102B0365DB}"
EndProject
Project("{FAE04EC0-301F-11D3-BF4B-00C04F79EFBC}") = "MugenMvvmToolkit.Android.Design", "Platforms\MugenMvvmToolkit.Android.Design\MugenMvvmToolkit.Android.Design.csproj", "{60C043FA-389E-4339-BA43-E8CA940BBFCA}"
EndProject
Project("{FAE04EC0-301F-11D3-BF4B-00C04F79EFBC}") = "MugenMvvmToolkit.AutofacContainer(NetStandard)", "IocContainers\MugenMvvmToolkit.AutofacContainer(NetStandard)\MugenMvvmToolkit.AutofacContainer(NetStandard).csproj", "{C66077D8-DBFD-479D-ADAB-BF569263E914}"
EndProject
Project("{FAE04EC0-301F-11D3-BF4B-00C04F79EFBC}") = "MugenMvvmToolkit.UWP", "Platforms\MugenMvvmToolkit.UWP\MugenMvvmToolkit.UWP.csproj", "{0898BB05-20EA-4608-A919-294FE87032A7}"
EndProject
Project("{FAE04EC0-301F-11D3-BF4B-00C04F79EFBC}") = "MugenMvvmToolkit.UWP.Binding", "Platforms\MugenMvvmToolkit.UWP.Binding\MugenMvvmToolkit.UWP.Binding.csproj", "{FE74A328-2B5C-4598-AED0-DEF805B7CF5A}"
EndProject
Project("{FAE04EC0-301F-11D3-BF4B-00C04F79EFBC}") = "MugenMvvmToolkit.UWP.Test", "Tests\MugenMvvmToolkit.UWP.Test\MugenMvvmToolkit.UWP.Test.csproj", "{07AB4CA7-E78C-43DC-B0C4-14EC9CC223ED}"
EndProject
Project("{FAE04EC0-301F-11D3-BF4B-00C04F79EFBC}") = "MugenMvvmToolkit.Xamarin.Forms.UWP", "Platforms\MugenMvvmToolkit.Xamarin.Forms.UWP\MugenMvvmToolkit.Xamarin.Forms.UWP.csproj", "{0D9541C5-0BB0-48EF-BA63-601BC36ADF43}"
EndProject
Project("{FAE04EC0-301F-11D3-BF4B-00C04F79EFBC}") = "MugenMvvmToolkit.Xamarin.Forms.WinRT", "Platforms\MugenMvvmToolkit.Xamarin.Forms.WinRT\MugenMvvmToolkit.Xamarin.Forms.WinRT.csproj", "{2E6B403D-E085-41B8-85D9-FEED5E84D3D4}"
EndProject
Project("{FAE04EC0-301F-11D3-BF4B-00C04F79EFBC}") = "MugenMvvmToolkit.Xamarin.Forms.WinRT.Phone", "Platforms\MugenMvvmToolkit.Xamarin.Forms.WinRT.Phone\MugenMvvmToolkit.Xamarin.Forms.WinRT.Phone.csproj", "{14AAA72C-DC1A-4C1A-92A1-101E6DCF6C82}"
EndProject
Project("{FAE04EC0-301F-11D3-BF4B-00C04F79EFBC}") = "MugenMvvmToolkit.Android.Preference", "Platforms\MugenMvvmToolkit.Android.Preference\MugenMvvmToolkit.Android.Preference.csproj", "{B9E424CB-8B9B-4C33-8318-9D8F458427A6}"
EndProject
Global
	GlobalSection(SolutionConfigurationPlatforms) = preSolution
		Debug|Any CPU = Debug|Any CPU
		Debug|ARM = Debug|ARM
		Debug|x64 = Debug|x64
		Debug|x86 = Debug|x86
		Release|Any CPU = Release|Any CPU
		Release|ARM = Release|ARM
		Release|x64 = Release|x64
		Release|x86 = Release|x86
	EndGlobalSection
	GlobalSection(ProjectConfigurationPlatforms) = postSolution
		{170A39D4-059B-4ABF-B377-EED905D87EF4}.Debug|Any CPU.ActiveCfg = Debug|Any CPU
		{170A39D4-059B-4ABF-B377-EED905D87EF4}.Debug|Any CPU.Build.0 = Debug|Any CPU
		{170A39D4-059B-4ABF-B377-EED905D87EF4}.Debug|ARM.ActiveCfg = Debug|Any CPU
		{170A39D4-059B-4ABF-B377-EED905D87EF4}.Debug|ARM.Build.0 = Debug|Any CPU
		{170A39D4-059B-4ABF-B377-EED905D87EF4}.Debug|x64.ActiveCfg = Debug|Any CPU
		{170A39D4-059B-4ABF-B377-EED905D87EF4}.Debug|x64.Build.0 = Debug|Any CPU
		{170A39D4-059B-4ABF-B377-EED905D87EF4}.Debug|x86.ActiveCfg = Debug|Any CPU
		{170A39D4-059B-4ABF-B377-EED905D87EF4}.Debug|x86.Build.0 = Debug|Any CPU
		{170A39D4-059B-4ABF-B377-EED905D87EF4}.Release|Any CPU.ActiveCfg = Release|Any CPU
		{170A39D4-059B-4ABF-B377-EED905D87EF4}.Release|Any CPU.Build.0 = Release|Any CPU
		{170A39D4-059B-4ABF-B377-EED905D87EF4}.Release|ARM.ActiveCfg = Release|Any CPU
		{170A39D4-059B-4ABF-B377-EED905D87EF4}.Release|ARM.Build.0 = Release|Any CPU
		{170A39D4-059B-4ABF-B377-EED905D87EF4}.Release|x64.ActiveCfg = Release|Any CPU
		{170A39D4-059B-4ABF-B377-EED905D87EF4}.Release|x64.Build.0 = Release|Any CPU
		{170A39D4-059B-4ABF-B377-EED905D87EF4}.Release|x86.ActiveCfg = Release|Any CPU
		{170A39D4-059B-4ABF-B377-EED905D87EF4}.Release|x86.Build.0 = Release|Any CPU
		{A2D15B14-F23E-46DE-9165-AB1D9104B978}.Debug|Any CPU.ActiveCfg = Debug|Any CPU
		{A2D15B14-F23E-46DE-9165-AB1D9104B978}.Debug|Any CPU.Build.0 = Debug|Any CPU
		{A2D15B14-F23E-46DE-9165-AB1D9104B978}.Debug|ARM.ActiveCfg = Debug|Any CPU
		{A2D15B14-F23E-46DE-9165-AB1D9104B978}.Debug|ARM.Build.0 = Debug|Any CPU
		{A2D15B14-F23E-46DE-9165-AB1D9104B978}.Debug|x64.ActiveCfg = Debug|Any CPU
		{A2D15B14-F23E-46DE-9165-AB1D9104B978}.Debug|x64.Build.0 = Debug|Any CPU
		{A2D15B14-F23E-46DE-9165-AB1D9104B978}.Debug|x86.ActiveCfg = Debug|Any CPU
		{A2D15B14-F23E-46DE-9165-AB1D9104B978}.Debug|x86.Build.0 = Debug|Any CPU
		{A2D15B14-F23E-46DE-9165-AB1D9104B978}.Release|Any CPU.ActiveCfg = Release|Any CPU
		{A2D15B14-F23E-46DE-9165-AB1D9104B978}.Release|Any CPU.Build.0 = Release|Any CPU
		{A2D15B14-F23E-46DE-9165-AB1D9104B978}.Release|ARM.ActiveCfg = Release|Any CPU
		{A2D15B14-F23E-46DE-9165-AB1D9104B978}.Release|ARM.Build.0 = Release|Any CPU
		{A2D15B14-F23E-46DE-9165-AB1D9104B978}.Release|x64.ActiveCfg = Release|Any CPU
		{A2D15B14-F23E-46DE-9165-AB1D9104B978}.Release|x64.Build.0 = Release|Any CPU
		{A2D15B14-F23E-46DE-9165-AB1D9104B978}.Release|x86.ActiveCfg = Release|Any CPU
		{A2D15B14-F23E-46DE-9165-AB1D9104B978}.Release|x86.Build.0 = Release|Any CPU
		{767BA920-CF3A-4894-8382-2DE780D398E3}.Debug|Any CPU.ActiveCfg = Debug|Any CPU
		{767BA920-CF3A-4894-8382-2DE780D398E3}.Debug|Any CPU.Build.0 = Debug|Any CPU
		{767BA920-CF3A-4894-8382-2DE780D398E3}.Debug|ARM.ActiveCfg = Debug|Any CPU
		{767BA920-CF3A-4894-8382-2DE780D398E3}.Debug|ARM.Build.0 = Debug|Any CPU
		{767BA920-CF3A-4894-8382-2DE780D398E3}.Debug|x64.ActiveCfg = Debug|Any CPU
		{767BA920-CF3A-4894-8382-2DE780D398E3}.Debug|x64.Build.0 = Debug|Any CPU
		{767BA920-CF3A-4894-8382-2DE780D398E3}.Debug|x86.ActiveCfg = Debug|Any CPU
		{767BA920-CF3A-4894-8382-2DE780D398E3}.Debug|x86.Build.0 = Debug|Any CPU
		{767BA920-CF3A-4894-8382-2DE780D398E3}.Release|Any CPU.ActiveCfg = Release|Any CPU
		{767BA920-CF3A-4894-8382-2DE780D398E3}.Release|Any CPU.Build.0 = Release|Any CPU
		{767BA920-CF3A-4894-8382-2DE780D398E3}.Release|ARM.ActiveCfg = Release|Any CPU
		{767BA920-CF3A-4894-8382-2DE780D398E3}.Release|ARM.Build.0 = Release|Any CPU
		{767BA920-CF3A-4894-8382-2DE780D398E3}.Release|x64.ActiveCfg = Release|Any CPU
		{767BA920-CF3A-4894-8382-2DE780D398E3}.Release|x64.Build.0 = Release|Any CPU
		{767BA920-CF3A-4894-8382-2DE780D398E3}.Release|x86.ActiveCfg = Release|Any CPU
		{767BA920-CF3A-4894-8382-2DE780D398E3}.Release|x86.Build.0 = Release|Any CPU
		{4B2877EA-DE1D-4CE0-984B-E285354011F2}.Debug|Any CPU.ActiveCfg = Debug|Any CPU
		{4B2877EA-DE1D-4CE0-984B-E285354011F2}.Debug|Any CPU.Build.0 = Debug|Any CPU
		{4B2877EA-DE1D-4CE0-984B-E285354011F2}.Debug|ARM.ActiveCfg = Debug|Any CPU
		{4B2877EA-DE1D-4CE0-984B-E285354011F2}.Debug|ARM.Build.0 = Debug|Any CPU
		{4B2877EA-DE1D-4CE0-984B-E285354011F2}.Debug|x64.ActiveCfg = Debug|Any CPU
		{4B2877EA-DE1D-4CE0-984B-E285354011F2}.Debug|x64.Build.0 = Debug|Any CPU
		{4B2877EA-DE1D-4CE0-984B-E285354011F2}.Debug|x86.ActiveCfg = Debug|Any CPU
		{4B2877EA-DE1D-4CE0-984B-E285354011F2}.Debug|x86.Build.0 = Debug|Any CPU
		{4B2877EA-DE1D-4CE0-984B-E285354011F2}.Release|Any CPU.ActiveCfg = Release|Any CPU
		{4B2877EA-DE1D-4CE0-984B-E285354011F2}.Release|Any CPU.Build.0 = Release|Any CPU
		{4B2877EA-DE1D-4CE0-984B-E285354011F2}.Release|ARM.ActiveCfg = Release|Any CPU
		{4B2877EA-DE1D-4CE0-984B-E285354011F2}.Release|ARM.Build.0 = Release|Any CPU
		{4B2877EA-DE1D-4CE0-984B-E285354011F2}.Release|x64.ActiveCfg = Release|Any CPU
		{4B2877EA-DE1D-4CE0-984B-E285354011F2}.Release|x64.Build.0 = Release|Any CPU
		{4B2877EA-DE1D-4CE0-984B-E285354011F2}.Release|x86.ActiveCfg = Release|Any CPU
		{4B2877EA-DE1D-4CE0-984B-E285354011F2}.Release|x86.Build.0 = Release|Any CPU
		{1EB1A717-7102-4138-8A37-42DFD943E0F9}.Debug|Any CPU.ActiveCfg = Debug|Any CPU
		{1EB1A717-7102-4138-8A37-42DFD943E0F9}.Debug|Any CPU.Build.0 = Debug|Any CPU
		{1EB1A717-7102-4138-8A37-42DFD943E0F9}.Debug|ARM.ActiveCfg = Debug|Any CPU
		{1EB1A717-7102-4138-8A37-42DFD943E0F9}.Debug|ARM.Build.0 = Debug|Any CPU
		{1EB1A717-7102-4138-8A37-42DFD943E0F9}.Debug|x64.ActiveCfg = Debug|Any CPU
		{1EB1A717-7102-4138-8A37-42DFD943E0F9}.Debug|x64.Build.0 = Debug|Any CPU
		{1EB1A717-7102-4138-8A37-42DFD943E0F9}.Debug|x86.ActiveCfg = Debug|Any CPU
		{1EB1A717-7102-4138-8A37-42DFD943E0F9}.Debug|x86.Build.0 = Debug|Any CPU
		{1EB1A717-7102-4138-8A37-42DFD943E0F9}.Release|Any CPU.ActiveCfg = Release|Any CPU
		{1EB1A717-7102-4138-8A37-42DFD943E0F9}.Release|Any CPU.Build.0 = Release|Any CPU
		{1EB1A717-7102-4138-8A37-42DFD943E0F9}.Release|ARM.ActiveCfg = Release|Any CPU
		{1EB1A717-7102-4138-8A37-42DFD943E0F9}.Release|ARM.Build.0 = Release|Any CPU
		{1EB1A717-7102-4138-8A37-42DFD943E0F9}.Release|x64.ActiveCfg = Release|Any CPU
		{1EB1A717-7102-4138-8A37-42DFD943E0F9}.Release|x64.Build.0 = Release|Any CPU
		{1EB1A717-7102-4138-8A37-42DFD943E0F9}.Release|x86.ActiveCfg = Release|Any CPU
		{1EB1A717-7102-4138-8A37-42DFD943E0F9}.Release|x86.Build.0 = Release|Any CPU
		{692023D7-F75C-4C56-948E-B87EBA88A6B2}.Debug|Any CPU.ActiveCfg = Debug|Any CPU
		{692023D7-F75C-4C56-948E-B87EBA88A6B2}.Debug|Any CPU.Build.0 = Debug|Any CPU
		{692023D7-F75C-4C56-948E-B87EBA88A6B2}.Debug|ARM.ActiveCfg = Debug|Any CPU
		{692023D7-F75C-4C56-948E-B87EBA88A6B2}.Debug|ARM.Build.0 = Debug|Any CPU
		{692023D7-F75C-4C56-948E-B87EBA88A6B2}.Debug|x64.ActiveCfg = Debug|Any CPU
		{692023D7-F75C-4C56-948E-B87EBA88A6B2}.Debug|x64.Build.0 = Debug|Any CPU
		{692023D7-F75C-4C56-948E-B87EBA88A6B2}.Debug|x86.ActiveCfg = Debug|Any CPU
		{692023D7-F75C-4C56-948E-B87EBA88A6B2}.Debug|x86.Build.0 = Debug|Any CPU
		{692023D7-F75C-4C56-948E-B87EBA88A6B2}.Release|Any CPU.ActiveCfg = Release|Any CPU
		{692023D7-F75C-4C56-948E-B87EBA88A6B2}.Release|Any CPU.Build.0 = Release|Any CPU
		{692023D7-F75C-4C56-948E-B87EBA88A6B2}.Release|ARM.ActiveCfg = Release|Any CPU
		{692023D7-F75C-4C56-948E-B87EBA88A6B2}.Release|ARM.Build.0 = Release|Any CPU
		{692023D7-F75C-4C56-948E-B87EBA88A6B2}.Release|x64.ActiveCfg = Release|Any CPU
		{692023D7-F75C-4C56-948E-B87EBA88A6B2}.Release|x64.Build.0 = Release|Any CPU
		{692023D7-F75C-4C56-948E-B87EBA88A6B2}.Release|x86.ActiveCfg = Release|Any CPU
		{692023D7-F75C-4C56-948E-B87EBA88A6B2}.Release|x86.Build.0 = Release|Any CPU
		{6CC70590-B95D-4A10-9304-89C3BA27AB32}.Debug|Any CPU.ActiveCfg = Debug|Any CPU
		{6CC70590-B95D-4A10-9304-89C3BA27AB32}.Debug|Any CPU.Build.0 = Debug|Any CPU
		{6CC70590-B95D-4A10-9304-89C3BA27AB32}.Debug|ARM.ActiveCfg = Debug|Any CPU
		{6CC70590-B95D-4A10-9304-89C3BA27AB32}.Debug|ARM.Build.0 = Debug|Any CPU
		{6CC70590-B95D-4A10-9304-89C3BA27AB32}.Debug|x64.ActiveCfg = Debug|Any CPU
		{6CC70590-B95D-4A10-9304-89C3BA27AB32}.Debug|x64.Build.0 = Debug|Any CPU
		{6CC70590-B95D-4A10-9304-89C3BA27AB32}.Debug|x86.ActiveCfg = Debug|Any CPU
		{6CC70590-B95D-4A10-9304-89C3BA27AB32}.Debug|x86.Build.0 = Debug|Any CPU
		{6CC70590-B95D-4A10-9304-89C3BA27AB32}.Release|Any CPU.ActiveCfg = Release|Any CPU
		{6CC70590-B95D-4A10-9304-89C3BA27AB32}.Release|Any CPU.Build.0 = Release|Any CPU
		{6CC70590-B95D-4A10-9304-89C3BA27AB32}.Release|ARM.ActiveCfg = Release|Any CPU
		{6CC70590-B95D-4A10-9304-89C3BA27AB32}.Release|ARM.Build.0 = Release|Any CPU
		{6CC70590-B95D-4A10-9304-89C3BA27AB32}.Release|x64.ActiveCfg = Release|Any CPU
		{6CC70590-B95D-4A10-9304-89C3BA27AB32}.Release|x64.Build.0 = Release|Any CPU
		{6CC70590-B95D-4A10-9304-89C3BA27AB32}.Release|x86.ActiveCfg = Release|Any CPU
		{6CC70590-B95D-4A10-9304-89C3BA27AB32}.Release|x86.Build.0 = Release|Any CPU
		{652625DB-BF03-4898-BD59-22910508502B}.Debug|Any CPU.ActiveCfg = Debug|Any CPU
		{652625DB-BF03-4898-BD59-22910508502B}.Debug|Any CPU.Build.0 = Debug|Any CPU
		{652625DB-BF03-4898-BD59-22910508502B}.Debug|ARM.ActiveCfg = Debug|Any CPU
		{652625DB-BF03-4898-BD59-22910508502B}.Debug|ARM.Build.0 = Debug|Any CPU
		{652625DB-BF03-4898-BD59-22910508502B}.Debug|x64.ActiveCfg = Debug|Any CPU
		{652625DB-BF03-4898-BD59-22910508502B}.Debug|x64.Build.0 = Debug|Any CPU
		{652625DB-BF03-4898-BD59-22910508502B}.Debug|x86.ActiveCfg = Debug|Any CPU
		{652625DB-BF03-4898-BD59-22910508502B}.Debug|x86.Build.0 = Debug|Any CPU
		{652625DB-BF03-4898-BD59-22910508502B}.Release|Any CPU.ActiveCfg = Release|Any CPU
		{652625DB-BF03-4898-BD59-22910508502B}.Release|Any CPU.Build.0 = Release|Any CPU
		{652625DB-BF03-4898-BD59-22910508502B}.Release|ARM.ActiveCfg = Release|Any CPU
		{652625DB-BF03-4898-BD59-22910508502B}.Release|ARM.Build.0 = Release|Any CPU
		{652625DB-BF03-4898-BD59-22910508502B}.Release|x64.ActiveCfg = Release|Any CPU
		{652625DB-BF03-4898-BD59-22910508502B}.Release|x64.Build.0 = Release|Any CPU
		{652625DB-BF03-4898-BD59-22910508502B}.Release|x86.ActiveCfg = Release|Any CPU
		{652625DB-BF03-4898-BD59-22910508502B}.Release|x86.Build.0 = Release|Any CPU
		{A9FAE2BB-BBE7-4675-92F3-DCDDEBD70999}.Debug|Any CPU.ActiveCfg = Debug|Any CPU
		{A9FAE2BB-BBE7-4675-92F3-DCDDEBD70999}.Debug|Any CPU.Build.0 = Debug|Any CPU
		{A9FAE2BB-BBE7-4675-92F3-DCDDEBD70999}.Debug|ARM.ActiveCfg = Debug|Any CPU
		{A9FAE2BB-BBE7-4675-92F3-DCDDEBD70999}.Debug|ARM.Build.0 = Debug|Any CPU
		{A9FAE2BB-BBE7-4675-92F3-DCDDEBD70999}.Debug|x64.ActiveCfg = Debug|Any CPU
		{A9FAE2BB-BBE7-4675-92F3-DCDDEBD70999}.Debug|x64.Build.0 = Debug|Any CPU
		{A9FAE2BB-BBE7-4675-92F3-DCDDEBD70999}.Debug|x86.ActiveCfg = Debug|Any CPU
		{A9FAE2BB-BBE7-4675-92F3-DCDDEBD70999}.Debug|x86.Build.0 = Debug|Any CPU
		{A9FAE2BB-BBE7-4675-92F3-DCDDEBD70999}.Release|Any CPU.ActiveCfg = Release|Any CPU
		{A9FAE2BB-BBE7-4675-92F3-DCDDEBD70999}.Release|Any CPU.Build.0 = Release|Any CPU
		{A9FAE2BB-BBE7-4675-92F3-DCDDEBD70999}.Release|ARM.ActiveCfg = Release|Any CPU
		{A9FAE2BB-BBE7-4675-92F3-DCDDEBD70999}.Release|ARM.Build.0 = Release|Any CPU
		{A9FAE2BB-BBE7-4675-92F3-DCDDEBD70999}.Release|x64.ActiveCfg = Release|Any CPU
		{A9FAE2BB-BBE7-4675-92F3-DCDDEBD70999}.Release|x64.Build.0 = Release|Any CPU
		{A9FAE2BB-BBE7-4675-92F3-DCDDEBD70999}.Release|x86.ActiveCfg = Release|Any CPU
		{A9FAE2BB-BBE7-4675-92F3-DCDDEBD70999}.Release|x86.Build.0 = Release|Any CPU
		{215572D5-13A0-46EB-A983-A5433930B361}.Debug|Any CPU.ActiveCfg = Debug|Any CPU
		{215572D5-13A0-46EB-A983-A5433930B361}.Debug|Any CPU.Build.0 = Debug|Any CPU
		{215572D5-13A0-46EB-A983-A5433930B361}.Debug|ARM.ActiveCfg = Debug|Any CPU
		{215572D5-13A0-46EB-A983-A5433930B361}.Debug|ARM.Build.0 = Debug|Any CPU
		{215572D5-13A0-46EB-A983-A5433930B361}.Debug|x64.ActiveCfg = Debug|Any CPU
		{215572D5-13A0-46EB-A983-A5433930B361}.Debug|x64.Build.0 = Debug|Any CPU
		{215572D5-13A0-46EB-A983-A5433930B361}.Debug|x86.ActiveCfg = Debug|Any CPU
		{215572D5-13A0-46EB-A983-A5433930B361}.Debug|x86.Build.0 = Debug|Any CPU
		{215572D5-13A0-46EB-A983-A5433930B361}.Release|Any CPU.ActiveCfg = Release|Any CPU
		{215572D5-13A0-46EB-A983-A5433930B361}.Release|Any CPU.Build.0 = Release|Any CPU
		{215572D5-13A0-46EB-A983-A5433930B361}.Release|ARM.ActiveCfg = Release|Any CPU
		{215572D5-13A0-46EB-A983-A5433930B361}.Release|ARM.Build.0 = Release|Any CPU
		{215572D5-13A0-46EB-A983-A5433930B361}.Release|x64.ActiveCfg = Release|Any CPU
		{215572D5-13A0-46EB-A983-A5433930B361}.Release|x64.Build.0 = Release|Any CPU
		{215572D5-13A0-46EB-A983-A5433930B361}.Release|x86.ActiveCfg = Release|Any CPU
		{215572D5-13A0-46EB-A983-A5433930B361}.Release|x86.Build.0 = Release|Any CPU
		{45239A20-0DD7-43CE-ACAA-86249154ADF5}.Debug|Any CPU.ActiveCfg = Debug|Any CPU
		{45239A20-0DD7-43CE-ACAA-86249154ADF5}.Debug|Any CPU.Build.0 = Debug|Any CPU
		{45239A20-0DD7-43CE-ACAA-86249154ADF5}.Debug|ARM.ActiveCfg = Debug|Any CPU
		{45239A20-0DD7-43CE-ACAA-86249154ADF5}.Debug|ARM.Build.0 = Debug|Any CPU
		{45239A20-0DD7-43CE-ACAA-86249154ADF5}.Debug|x64.ActiveCfg = Debug|Any CPU
		{45239A20-0DD7-43CE-ACAA-86249154ADF5}.Debug|x64.Build.0 = Debug|Any CPU
		{45239A20-0DD7-43CE-ACAA-86249154ADF5}.Debug|x86.ActiveCfg = Debug|Any CPU
		{45239A20-0DD7-43CE-ACAA-86249154ADF5}.Debug|x86.Build.0 = Debug|Any CPU
		{45239A20-0DD7-43CE-ACAA-86249154ADF5}.Release|Any CPU.ActiveCfg = Release|Any CPU
		{45239A20-0DD7-43CE-ACAA-86249154ADF5}.Release|Any CPU.Build.0 = Release|Any CPU
		{45239A20-0DD7-43CE-ACAA-86249154ADF5}.Release|ARM.ActiveCfg = Release|Any CPU
		{45239A20-0DD7-43CE-ACAA-86249154ADF5}.Release|ARM.Build.0 = Release|Any CPU
		{45239A20-0DD7-43CE-ACAA-86249154ADF5}.Release|x64.ActiveCfg = Release|Any CPU
		{45239A20-0DD7-43CE-ACAA-86249154ADF5}.Release|x64.Build.0 = Release|Any CPU
		{45239A20-0DD7-43CE-ACAA-86249154ADF5}.Release|x86.ActiveCfg = Release|Any CPU
		{45239A20-0DD7-43CE-ACAA-86249154ADF5}.Release|x86.Build.0 = Release|Any CPU
		{627042AA-2DA6-4744-982A-E6BA58D9421A}.Debug|Any CPU.ActiveCfg = Debug|Any CPU
		{627042AA-2DA6-4744-982A-E6BA58D9421A}.Debug|Any CPU.Build.0 = Debug|Any CPU
		{627042AA-2DA6-4744-982A-E6BA58D9421A}.Debug|ARM.ActiveCfg = Debug|Any CPU
		{627042AA-2DA6-4744-982A-E6BA58D9421A}.Debug|ARM.Build.0 = Debug|Any CPU
		{627042AA-2DA6-4744-982A-E6BA58D9421A}.Debug|x64.ActiveCfg = Debug|Any CPU
		{627042AA-2DA6-4744-982A-E6BA58D9421A}.Debug|x64.Build.0 = Debug|Any CPU
		{627042AA-2DA6-4744-982A-E6BA58D9421A}.Debug|x86.ActiveCfg = Debug|Any CPU
		{627042AA-2DA6-4744-982A-E6BA58D9421A}.Debug|x86.Build.0 = Debug|Any CPU
		{627042AA-2DA6-4744-982A-E6BA58D9421A}.Release|Any CPU.ActiveCfg = Release|Any CPU
		{627042AA-2DA6-4744-982A-E6BA58D9421A}.Release|Any CPU.Build.0 = Release|Any CPU
		{627042AA-2DA6-4744-982A-E6BA58D9421A}.Release|ARM.ActiveCfg = Release|Any CPU
		{627042AA-2DA6-4744-982A-E6BA58D9421A}.Release|ARM.Build.0 = Release|Any CPU
		{627042AA-2DA6-4744-982A-E6BA58D9421A}.Release|x64.ActiveCfg = Release|Any CPU
		{627042AA-2DA6-4744-982A-E6BA58D9421A}.Release|x64.Build.0 = Release|Any CPU
		{627042AA-2DA6-4744-982A-E6BA58D9421A}.Release|x86.ActiveCfg = Release|Any CPU
		{627042AA-2DA6-4744-982A-E6BA58D9421A}.Release|x86.Build.0 = Release|Any CPU
		{F4323E9E-1608-429B-83DC-6A3670761850}.Debug|Any CPU.ActiveCfg = Debug|Any CPU
		{F4323E9E-1608-429B-83DC-6A3670761850}.Debug|Any CPU.Build.0 = Debug|Any CPU
		{F4323E9E-1608-429B-83DC-6A3670761850}.Debug|ARM.ActiveCfg = Debug|Any CPU
		{F4323E9E-1608-429B-83DC-6A3670761850}.Debug|ARM.Build.0 = Debug|Any CPU
		{F4323E9E-1608-429B-83DC-6A3670761850}.Debug|x64.ActiveCfg = Debug|Any CPU
		{F4323E9E-1608-429B-83DC-6A3670761850}.Debug|x64.Build.0 = Debug|Any CPU
		{F4323E9E-1608-429B-83DC-6A3670761850}.Debug|x86.ActiveCfg = Debug|Any CPU
		{F4323E9E-1608-429B-83DC-6A3670761850}.Debug|x86.Build.0 = Debug|Any CPU
		{F4323E9E-1608-429B-83DC-6A3670761850}.Release|Any CPU.ActiveCfg = Release|Any CPU
		{F4323E9E-1608-429B-83DC-6A3670761850}.Release|Any CPU.Build.0 = Release|Any CPU
		{F4323E9E-1608-429B-83DC-6A3670761850}.Release|ARM.ActiveCfg = Release|Any CPU
		{F4323E9E-1608-429B-83DC-6A3670761850}.Release|ARM.Build.0 = Release|Any CPU
		{F4323E9E-1608-429B-83DC-6A3670761850}.Release|x64.ActiveCfg = Release|Any CPU
		{F4323E9E-1608-429B-83DC-6A3670761850}.Release|x64.Build.0 = Release|Any CPU
		{F4323E9E-1608-429B-83DC-6A3670761850}.Release|x86.ActiveCfg = Release|Any CPU
		{F4323E9E-1608-429B-83DC-6A3670761850}.Release|x86.Build.0 = Release|Any CPU
		{BD7749AB-822F-4ED2-BB75-0FEF2B9AD453}.Debug|Any CPU.ActiveCfg = Debug|Any CPU
		{BD7749AB-822F-4ED2-BB75-0FEF2B9AD453}.Debug|Any CPU.Build.0 = Debug|Any CPU
		{BD7749AB-822F-4ED2-BB75-0FEF2B9AD453}.Debug|ARM.ActiveCfg = Debug|Any CPU
		{BD7749AB-822F-4ED2-BB75-0FEF2B9AD453}.Debug|ARM.Build.0 = Debug|Any CPU
		{BD7749AB-822F-4ED2-BB75-0FEF2B9AD453}.Debug|x64.ActiveCfg = Debug|Any CPU
		{BD7749AB-822F-4ED2-BB75-0FEF2B9AD453}.Debug|x64.Build.0 = Debug|Any CPU
		{BD7749AB-822F-4ED2-BB75-0FEF2B9AD453}.Debug|x86.ActiveCfg = Debug|Any CPU
		{BD7749AB-822F-4ED2-BB75-0FEF2B9AD453}.Debug|x86.Build.0 = Debug|Any CPU
		{BD7749AB-822F-4ED2-BB75-0FEF2B9AD453}.Release|Any CPU.ActiveCfg = Release|Any CPU
		{BD7749AB-822F-4ED2-BB75-0FEF2B9AD453}.Release|Any CPU.Build.0 = Release|Any CPU
		{BD7749AB-822F-4ED2-BB75-0FEF2B9AD453}.Release|ARM.ActiveCfg = Release|Any CPU
		{BD7749AB-822F-4ED2-BB75-0FEF2B9AD453}.Release|ARM.Build.0 = Release|Any CPU
		{BD7749AB-822F-4ED2-BB75-0FEF2B9AD453}.Release|x64.ActiveCfg = Release|Any CPU
		{BD7749AB-822F-4ED2-BB75-0FEF2B9AD453}.Release|x64.Build.0 = Release|Any CPU
		{BD7749AB-822F-4ED2-BB75-0FEF2B9AD453}.Release|x86.ActiveCfg = Release|Any CPU
		{BD7749AB-822F-4ED2-BB75-0FEF2B9AD453}.Release|x86.Build.0 = Release|Any CPU
		{AB8F3108-C83F-4169-8DFC-988EC64CCD37}.Debug|Any CPU.ActiveCfg = Debug|Any CPU
		{AB8F3108-C83F-4169-8DFC-988EC64CCD37}.Debug|Any CPU.Build.0 = Debug|Any CPU
		{AB8F3108-C83F-4169-8DFC-988EC64CCD37}.Debug|ARM.ActiveCfg = Debug|Any CPU
		{AB8F3108-C83F-4169-8DFC-988EC64CCD37}.Debug|ARM.Build.0 = Debug|Any CPU
		{AB8F3108-C83F-4169-8DFC-988EC64CCD37}.Debug|x64.ActiveCfg = Debug|Any CPU
		{AB8F3108-C83F-4169-8DFC-988EC64CCD37}.Debug|x64.Build.0 = Debug|Any CPU
		{AB8F3108-C83F-4169-8DFC-988EC64CCD37}.Debug|x86.ActiveCfg = Debug|Any CPU
		{AB8F3108-C83F-4169-8DFC-988EC64CCD37}.Debug|x86.Build.0 = Debug|Any CPU
		{AB8F3108-C83F-4169-8DFC-988EC64CCD37}.Release|Any CPU.ActiveCfg = Release|Any CPU
		{AB8F3108-C83F-4169-8DFC-988EC64CCD37}.Release|Any CPU.Build.0 = Release|Any CPU
		{AB8F3108-C83F-4169-8DFC-988EC64CCD37}.Release|ARM.ActiveCfg = Release|Any CPU
		{AB8F3108-C83F-4169-8DFC-988EC64CCD37}.Release|ARM.Build.0 = Release|Any CPU
		{AB8F3108-C83F-4169-8DFC-988EC64CCD37}.Release|x64.ActiveCfg = Release|Any CPU
		{AB8F3108-C83F-4169-8DFC-988EC64CCD37}.Release|x64.Build.0 = Release|Any CPU
		{AB8F3108-C83F-4169-8DFC-988EC64CCD37}.Release|x86.ActiveCfg = Release|Any CPU
		{AB8F3108-C83F-4169-8DFC-988EC64CCD37}.Release|x86.Build.0 = Release|Any CPU
		{67F9D3A8-F71E-4428-913F-C37AE82CDB24}.Debug|Any CPU.ActiveCfg = Debug|Any CPU
		{67F9D3A8-F71E-4428-913F-C37AE82CDB24}.Debug|Any CPU.Build.0 = Debug|Any CPU
		{67F9D3A8-F71E-4428-913F-C37AE82CDB24}.Debug|ARM.ActiveCfg = Debug|Any CPU
		{67F9D3A8-F71E-4428-913F-C37AE82CDB24}.Debug|ARM.Build.0 = Debug|Any CPU
		{67F9D3A8-F71E-4428-913F-C37AE82CDB24}.Debug|x64.ActiveCfg = Debug|Any CPU
		{67F9D3A8-F71E-4428-913F-C37AE82CDB24}.Debug|x64.Build.0 = Debug|Any CPU
		{67F9D3A8-F71E-4428-913F-C37AE82CDB24}.Debug|x86.ActiveCfg = Debug|Any CPU
		{67F9D3A8-F71E-4428-913F-C37AE82CDB24}.Debug|x86.Build.0 = Debug|Any CPU
		{67F9D3A8-F71E-4428-913F-C37AE82CDB24}.Release|Any CPU.ActiveCfg = Release|Any CPU
		{67F9D3A8-F71E-4428-913F-C37AE82CDB24}.Release|Any CPU.Build.0 = Release|Any CPU
		{67F9D3A8-F71E-4428-913F-C37AE82CDB24}.Release|ARM.ActiveCfg = Release|Any CPU
		{67F9D3A8-F71E-4428-913F-C37AE82CDB24}.Release|ARM.Build.0 = Release|Any CPU
		{67F9D3A8-F71E-4428-913F-C37AE82CDB24}.Release|x64.ActiveCfg = Release|Any CPU
		{67F9D3A8-F71E-4428-913F-C37AE82CDB24}.Release|x64.Build.0 = Release|Any CPU
		{67F9D3A8-F71E-4428-913F-C37AE82CDB24}.Release|x86.ActiveCfg = Release|Any CPU
		{67F9D3A8-F71E-4428-913F-C37AE82CDB24}.Release|x86.Build.0 = Release|Any CPU
		{C522F7B5-E5F9-479B-B2B0-011B0DAED83B}.Debug|Any CPU.ActiveCfg = Debug|Any CPU
		{C522F7B5-E5F9-479B-B2B0-011B0DAED83B}.Debug|Any CPU.Build.0 = Debug|Any CPU
		{C522F7B5-E5F9-479B-B2B0-011B0DAED83B}.Debug|ARM.ActiveCfg = Debug|Any CPU
		{C522F7B5-E5F9-479B-B2B0-011B0DAED83B}.Debug|ARM.Build.0 = Debug|Any CPU
		{C522F7B5-E5F9-479B-B2B0-011B0DAED83B}.Debug|x64.ActiveCfg = Debug|Any CPU
		{C522F7B5-E5F9-479B-B2B0-011B0DAED83B}.Debug|x64.Build.0 = Debug|Any CPU
		{C522F7B5-E5F9-479B-B2B0-011B0DAED83B}.Debug|x86.ActiveCfg = Debug|Any CPU
		{C522F7B5-E5F9-479B-B2B0-011B0DAED83B}.Debug|x86.Build.0 = Debug|Any CPU
		{C522F7B5-E5F9-479B-B2B0-011B0DAED83B}.Release|Any CPU.ActiveCfg = Release|Any CPU
		{C522F7B5-E5F9-479B-B2B0-011B0DAED83B}.Release|Any CPU.Build.0 = Release|Any CPU
		{C522F7B5-E5F9-479B-B2B0-011B0DAED83B}.Release|ARM.ActiveCfg = Release|Any CPU
		{C522F7B5-E5F9-479B-B2B0-011B0DAED83B}.Release|ARM.Build.0 = Release|Any CPU
		{C522F7B5-E5F9-479B-B2B0-011B0DAED83B}.Release|x64.ActiveCfg = Release|Any CPU
		{C522F7B5-E5F9-479B-B2B0-011B0DAED83B}.Release|x64.Build.0 = Release|Any CPU
		{C522F7B5-E5F9-479B-B2B0-011B0DAED83B}.Release|x86.ActiveCfg = Release|Any CPU
		{C522F7B5-E5F9-479B-B2B0-011B0DAED83B}.Release|x86.Build.0 = Release|Any CPU
		{BE5057CD-D8BD-4A46-A128-6D249B312001}.Debug|Any CPU.ActiveCfg = Debug|Any CPU
		{BE5057CD-D8BD-4A46-A128-6D249B312001}.Debug|Any CPU.Build.0 = Debug|Any CPU
		{BE5057CD-D8BD-4A46-A128-6D249B312001}.Debug|ARM.ActiveCfg = Debug|Any CPU
		{BE5057CD-D8BD-4A46-A128-6D249B312001}.Debug|ARM.Build.0 = Debug|Any CPU
		{BE5057CD-D8BD-4A46-A128-6D249B312001}.Debug|x64.ActiveCfg = Debug|Any CPU
		{BE5057CD-D8BD-4A46-A128-6D249B312001}.Debug|x64.Build.0 = Debug|Any CPU
		{BE5057CD-D8BD-4A46-A128-6D249B312001}.Debug|x86.ActiveCfg = Debug|Any CPU
		{BE5057CD-D8BD-4A46-A128-6D249B312001}.Debug|x86.Build.0 = Debug|Any CPU
		{BE5057CD-D8BD-4A46-A128-6D249B312001}.Release|Any CPU.ActiveCfg = Release|Any CPU
		{BE5057CD-D8BD-4A46-A128-6D249B312001}.Release|Any CPU.Build.0 = Release|Any CPU
		{BE5057CD-D8BD-4A46-A128-6D249B312001}.Release|ARM.ActiveCfg = Release|Any CPU
		{BE5057CD-D8BD-4A46-A128-6D249B312001}.Release|ARM.Build.0 = Release|Any CPU
		{BE5057CD-D8BD-4A46-A128-6D249B312001}.Release|x64.ActiveCfg = Release|Any CPU
		{BE5057CD-D8BD-4A46-A128-6D249B312001}.Release|x64.Build.0 = Release|Any CPU
		{BE5057CD-D8BD-4A46-A128-6D249B312001}.Release|x86.ActiveCfg = Release|Any CPU
		{BE5057CD-D8BD-4A46-A128-6D249B312001}.Release|x86.Build.0 = Release|Any CPU
		{B3D9BE15-9A4F-453B-BFA6-CB85D00492D9}.Debug|Any CPU.ActiveCfg = Debug|Any CPU
		{B3D9BE15-9A4F-453B-BFA6-CB85D00492D9}.Debug|Any CPU.Build.0 = Debug|Any CPU
		{B3D9BE15-9A4F-453B-BFA6-CB85D00492D9}.Debug|ARM.ActiveCfg = Debug|ARM
		{B3D9BE15-9A4F-453B-BFA6-CB85D00492D9}.Debug|ARM.Build.0 = Debug|ARM
		{B3D9BE15-9A4F-453B-BFA6-CB85D00492D9}.Debug|x64.ActiveCfg = Debug|Any CPU
		{B3D9BE15-9A4F-453B-BFA6-CB85D00492D9}.Debug|x64.Build.0 = Debug|Any CPU
		{B3D9BE15-9A4F-453B-BFA6-CB85D00492D9}.Debug|x86.ActiveCfg = Debug|x86
		{B3D9BE15-9A4F-453B-BFA6-CB85D00492D9}.Debug|x86.Build.0 = Debug|x86
		{B3D9BE15-9A4F-453B-BFA6-CB85D00492D9}.Release|Any CPU.ActiveCfg = Release|Any CPU
		{B3D9BE15-9A4F-453B-BFA6-CB85D00492D9}.Release|Any CPU.Build.0 = Release|Any CPU
		{B3D9BE15-9A4F-453B-BFA6-CB85D00492D9}.Release|ARM.ActiveCfg = Release|ARM
		{B3D9BE15-9A4F-453B-BFA6-CB85D00492D9}.Release|ARM.Build.0 = Release|ARM
		{B3D9BE15-9A4F-453B-BFA6-CB85D00492D9}.Release|x64.ActiveCfg = Release|Any CPU
		{B3D9BE15-9A4F-453B-BFA6-CB85D00492D9}.Release|x64.Build.0 = Release|Any CPU
		{B3D9BE15-9A4F-453B-BFA6-CB85D00492D9}.Release|x86.ActiveCfg = Release|x86
		{B3D9BE15-9A4F-453B-BFA6-CB85D00492D9}.Release|x86.Build.0 = Release|x86
		{9BB09AC6-EFD9-4156-84F0-491F2A9F03E5}.Debug|Any CPU.ActiveCfg = Debug|Any CPU
		{9BB09AC6-EFD9-4156-84F0-491F2A9F03E5}.Debug|Any CPU.Build.0 = Debug|Any CPU
		{9BB09AC6-EFD9-4156-84F0-491F2A9F03E5}.Debug|ARM.ActiveCfg = Debug|Any CPU
		{9BB09AC6-EFD9-4156-84F0-491F2A9F03E5}.Debug|ARM.Build.0 = Debug|Any CPU
		{9BB09AC6-EFD9-4156-84F0-491F2A9F03E5}.Debug|x64.ActiveCfg = Debug|Any CPU
		{9BB09AC6-EFD9-4156-84F0-491F2A9F03E5}.Debug|x64.Build.0 = Debug|Any CPU
		{9BB09AC6-EFD9-4156-84F0-491F2A9F03E5}.Debug|x86.ActiveCfg = Debug|Any CPU
		{9BB09AC6-EFD9-4156-84F0-491F2A9F03E5}.Debug|x86.Build.0 = Debug|Any CPU
		{9BB09AC6-EFD9-4156-84F0-491F2A9F03E5}.Release|Any CPU.ActiveCfg = Release|Any CPU
		{9BB09AC6-EFD9-4156-84F0-491F2A9F03E5}.Release|Any CPU.Build.0 = Release|Any CPU
		{9BB09AC6-EFD9-4156-84F0-491F2A9F03E5}.Release|ARM.ActiveCfg = Release|Any CPU
		{9BB09AC6-EFD9-4156-84F0-491F2A9F03E5}.Release|ARM.Build.0 = Release|Any CPU
		{9BB09AC6-EFD9-4156-84F0-491F2A9F03E5}.Release|x64.ActiveCfg = Release|Any CPU
		{9BB09AC6-EFD9-4156-84F0-491F2A9F03E5}.Release|x64.Build.0 = Release|Any CPU
		{9BB09AC6-EFD9-4156-84F0-491F2A9F03E5}.Release|x86.ActiveCfg = Release|Any CPU
		{9BB09AC6-EFD9-4156-84F0-491F2A9F03E5}.Release|x86.Build.0 = Release|Any CPU
		{4AF9E468-99AC-41E2-92A3-41102B0365DB}.Debug|Any CPU.ActiveCfg = Debug|Any CPU
		{4AF9E468-99AC-41E2-92A3-41102B0365DB}.Debug|Any CPU.Build.0 = Debug|Any CPU
		{4AF9E468-99AC-41E2-92A3-41102B0365DB}.Debug|ARM.ActiveCfg = Debug|Any CPU
		{4AF9E468-99AC-41E2-92A3-41102B0365DB}.Debug|ARM.Build.0 = Debug|Any CPU
		{4AF9E468-99AC-41E2-92A3-41102B0365DB}.Debug|x64.ActiveCfg = Debug|Any CPU
		{4AF9E468-99AC-41E2-92A3-41102B0365DB}.Debug|x64.Build.0 = Debug|Any CPU
		{4AF9E468-99AC-41E2-92A3-41102B0365DB}.Debug|x86.ActiveCfg = Debug|Any CPU
		{4AF9E468-99AC-41E2-92A3-41102B0365DB}.Debug|x86.Build.0 = Debug|Any CPU
		{4AF9E468-99AC-41E2-92A3-41102B0365DB}.Release|Any CPU.ActiveCfg = Release|Any CPU
		{4AF9E468-99AC-41E2-92A3-41102B0365DB}.Release|Any CPU.Build.0 = Release|Any CPU
		{4AF9E468-99AC-41E2-92A3-41102B0365DB}.Release|ARM.ActiveCfg = Release|Any CPU
		{4AF9E468-99AC-41E2-92A3-41102B0365DB}.Release|ARM.Build.0 = Release|Any CPU
		{4AF9E468-99AC-41E2-92A3-41102B0365DB}.Release|x64.ActiveCfg = Release|Any CPU
		{4AF9E468-99AC-41E2-92A3-41102B0365DB}.Release|x64.Build.0 = Release|Any CPU
		{4AF9E468-99AC-41E2-92A3-41102B0365DB}.Release|x86.ActiveCfg = Release|Any CPU
		{4AF9E468-99AC-41E2-92A3-41102B0365DB}.Release|x86.Build.0 = Release|Any CPU
		{60C043FA-389E-4339-BA43-E8CA940BBFCA}.Debug|Any CPU.ActiveCfg = Debug|Any CPU
		{60C043FA-389E-4339-BA43-E8CA940BBFCA}.Debug|Any CPU.Build.0 = Debug|Any CPU
		{60C043FA-389E-4339-BA43-E8CA940BBFCA}.Debug|ARM.ActiveCfg = Debug|Any CPU
		{60C043FA-389E-4339-BA43-E8CA940BBFCA}.Debug|ARM.Build.0 = Debug|Any CPU
		{60C043FA-389E-4339-BA43-E8CA940BBFCA}.Debug|x64.ActiveCfg = Debug|Any CPU
		{60C043FA-389E-4339-BA43-E8CA940BBFCA}.Debug|x64.Build.0 = Debug|Any CPU
		{60C043FA-389E-4339-BA43-E8CA940BBFCA}.Debug|x86.ActiveCfg = Debug|Any CPU
		{60C043FA-389E-4339-BA43-E8CA940BBFCA}.Debug|x86.Build.0 = Debug|Any CPU
		{60C043FA-389E-4339-BA43-E8CA940BBFCA}.Release|Any CPU.ActiveCfg = Release|Any CPU
		{60C043FA-389E-4339-BA43-E8CA940BBFCA}.Release|Any CPU.Build.0 = Release|Any CPU
		{60C043FA-389E-4339-BA43-E8CA940BBFCA}.Release|ARM.ActiveCfg = Release|Any CPU
		{60C043FA-389E-4339-BA43-E8CA940BBFCA}.Release|ARM.Build.0 = Release|Any CPU
		{60C043FA-389E-4339-BA43-E8CA940BBFCA}.Release|x64.ActiveCfg = Release|Any CPU
		{60C043FA-389E-4339-BA43-E8CA940BBFCA}.Release|x64.Build.0 = Release|Any CPU
		{60C043FA-389E-4339-BA43-E8CA940BBFCA}.Release|x86.ActiveCfg = Release|Any CPU
		{60C043FA-389E-4339-BA43-E8CA940BBFCA}.Release|x86.Build.0 = Release|Any CPU
		{C66077D8-DBFD-479D-ADAB-BF569263E914}.Debug|Any CPU.ActiveCfg = Debug|Any CPU
		{C66077D8-DBFD-479D-ADAB-BF569263E914}.Debug|Any CPU.Build.0 = Debug|Any CPU
		{C66077D8-DBFD-479D-ADAB-BF569263E914}.Debug|ARM.ActiveCfg = Debug|Any CPU
		{C66077D8-DBFD-479D-ADAB-BF569263E914}.Debug|ARM.Build.0 = Debug|Any CPU
		{C66077D8-DBFD-479D-ADAB-BF569263E914}.Debug|x64.ActiveCfg = Debug|Any CPU
		{C66077D8-DBFD-479D-ADAB-BF569263E914}.Debug|x64.Build.0 = Debug|Any CPU
		{C66077D8-DBFD-479D-ADAB-BF569263E914}.Debug|x86.ActiveCfg = Debug|Any CPU
		{C66077D8-DBFD-479D-ADAB-BF569263E914}.Debug|x86.Build.0 = Debug|Any CPU
		{C66077D8-DBFD-479D-ADAB-BF569263E914}.Release|Any CPU.ActiveCfg = Release|Any CPU
		{C66077D8-DBFD-479D-ADAB-BF569263E914}.Release|Any CPU.Build.0 = Release|Any CPU
		{C66077D8-DBFD-479D-ADAB-BF569263E914}.Release|ARM.ActiveCfg = Release|Any CPU
		{C66077D8-DBFD-479D-ADAB-BF569263E914}.Release|ARM.Build.0 = Release|Any CPU
		{C66077D8-DBFD-479D-ADAB-BF569263E914}.Release|x64.ActiveCfg = Release|Any CPU
		{C66077D8-DBFD-479D-ADAB-BF569263E914}.Release|x64.Build.0 = Release|Any CPU
		{C66077D8-DBFD-479D-ADAB-BF569263E914}.Release|x86.ActiveCfg = Release|Any CPU
		{C66077D8-DBFD-479D-ADAB-BF569263E914}.Release|x86.Build.0 = Release|Any CPU
		{0898BB05-20EA-4608-A919-294FE87032A7}.Debug|Any CPU.ActiveCfg = Debug|Any CPU
		{0898BB05-20EA-4608-A919-294FE87032A7}.Debug|Any CPU.Build.0 = Debug|Any CPU
		{0898BB05-20EA-4608-A919-294FE87032A7}.Debug|ARM.ActiveCfg = Debug|ARM
		{0898BB05-20EA-4608-A919-294FE87032A7}.Debug|ARM.Build.0 = Debug|ARM
		{0898BB05-20EA-4608-A919-294FE87032A7}.Debug|x64.ActiveCfg = Debug|x64
		{0898BB05-20EA-4608-A919-294FE87032A7}.Debug|x64.Build.0 = Debug|x64
		{0898BB05-20EA-4608-A919-294FE87032A7}.Debug|x86.ActiveCfg = Debug|x86
		{0898BB05-20EA-4608-A919-294FE87032A7}.Debug|x86.Build.0 = Debug|x86
		{0898BB05-20EA-4608-A919-294FE87032A7}.Release|Any CPU.ActiveCfg = Release|Any CPU
		{0898BB05-20EA-4608-A919-294FE87032A7}.Release|Any CPU.Build.0 = Release|Any CPU
		{0898BB05-20EA-4608-A919-294FE87032A7}.Release|ARM.ActiveCfg = Release|ARM
		{0898BB05-20EA-4608-A919-294FE87032A7}.Release|ARM.Build.0 = Release|ARM
		{0898BB05-20EA-4608-A919-294FE87032A7}.Release|x64.ActiveCfg = Release|x64
		{0898BB05-20EA-4608-A919-294FE87032A7}.Release|x64.Build.0 = Release|x64
		{0898BB05-20EA-4608-A919-294FE87032A7}.Release|x86.ActiveCfg = Release|x86
		{0898BB05-20EA-4608-A919-294FE87032A7}.Release|x86.Build.0 = Release|x86
		{FE74A328-2B5C-4598-AED0-DEF805B7CF5A}.Debug|Any CPU.ActiveCfg = Debug|Any CPU
		{FE74A328-2B5C-4598-AED0-DEF805B7CF5A}.Debug|Any CPU.Build.0 = Debug|Any CPU
		{FE74A328-2B5C-4598-AED0-DEF805B7CF5A}.Debug|ARM.ActiveCfg = Debug|ARM
		{FE74A328-2B5C-4598-AED0-DEF805B7CF5A}.Debug|ARM.Build.0 = Debug|ARM
		{FE74A328-2B5C-4598-AED0-DEF805B7CF5A}.Debug|x64.ActiveCfg = Debug|x64
		{FE74A328-2B5C-4598-AED0-DEF805B7CF5A}.Debug|x64.Build.0 = Debug|x64
		{FE74A328-2B5C-4598-AED0-DEF805B7CF5A}.Debug|x86.ActiveCfg = Debug|x86
		{FE74A328-2B5C-4598-AED0-DEF805B7CF5A}.Debug|x86.Build.0 = Debug|x86
		{FE74A328-2B5C-4598-AED0-DEF805B7CF5A}.Release|Any CPU.ActiveCfg = Release|Any CPU
		{FE74A328-2B5C-4598-AED0-DEF805B7CF5A}.Release|Any CPU.Build.0 = Release|Any CPU
		{FE74A328-2B5C-4598-AED0-DEF805B7CF5A}.Release|ARM.ActiveCfg = Release|ARM
		{FE74A328-2B5C-4598-AED0-DEF805B7CF5A}.Release|ARM.Build.0 = Release|ARM
		{FE74A328-2B5C-4598-AED0-DEF805B7CF5A}.Release|x64.ActiveCfg = Release|x64
		{FE74A328-2B5C-4598-AED0-DEF805B7CF5A}.Release|x64.Build.0 = Release|x64
		{FE74A328-2B5C-4598-AED0-DEF805B7CF5A}.Release|x86.ActiveCfg = Release|x86
		{FE74A328-2B5C-4598-AED0-DEF805B7CF5A}.Release|x86.Build.0 = Release|x86
		{07AB4CA7-E78C-43DC-B0C4-14EC9CC223ED}.Debug|Any CPU.ActiveCfg = Debug|x86
		{07AB4CA7-E78C-43DC-B0C4-14EC9CC223ED}.Debug|ARM.ActiveCfg = Debug|ARM
		{07AB4CA7-E78C-43DC-B0C4-14EC9CC223ED}.Debug|ARM.Build.0 = Debug|ARM
		{07AB4CA7-E78C-43DC-B0C4-14EC9CC223ED}.Debug|ARM.Deploy.0 = Debug|ARM
		{07AB4CA7-E78C-43DC-B0C4-14EC9CC223ED}.Debug|x64.ActiveCfg = Debug|x64
		{07AB4CA7-E78C-43DC-B0C4-14EC9CC223ED}.Debug|x64.Build.0 = Debug|x64
		{07AB4CA7-E78C-43DC-B0C4-14EC9CC223ED}.Debug|x64.Deploy.0 = Debug|x64
		{07AB4CA7-E78C-43DC-B0C4-14EC9CC223ED}.Debug|x86.ActiveCfg = Debug|x86
		{07AB4CA7-E78C-43DC-B0C4-14EC9CC223ED}.Debug|x86.Build.0 = Debug|x86
		{07AB4CA7-E78C-43DC-B0C4-14EC9CC223ED}.Debug|x86.Deploy.0 = Debug|x86
		{07AB4CA7-E78C-43DC-B0C4-14EC9CC223ED}.Release|Any CPU.ActiveCfg = Release|x86
		{07AB4CA7-E78C-43DC-B0C4-14EC9CC223ED}.Release|ARM.ActiveCfg = Release|ARM
		{07AB4CA7-E78C-43DC-B0C4-14EC9CC223ED}.Release|ARM.Build.0 = Release|ARM
		{07AB4CA7-E78C-43DC-B0C4-14EC9CC223ED}.Release|ARM.Deploy.0 = Release|ARM
		{07AB4CA7-E78C-43DC-B0C4-14EC9CC223ED}.Release|x64.ActiveCfg = Release|x64
		{07AB4CA7-E78C-43DC-B0C4-14EC9CC223ED}.Release|x64.Build.0 = Release|x64
		{07AB4CA7-E78C-43DC-B0C4-14EC9CC223ED}.Release|x64.Deploy.0 = Release|x64
		{07AB4CA7-E78C-43DC-B0C4-14EC9CC223ED}.Release|x86.ActiveCfg = Release|x86
		{07AB4CA7-E78C-43DC-B0C4-14EC9CC223ED}.Release|x86.Build.0 = Release|x86
		{07AB4CA7-E78C-43DC-B0C4-14EC9CC223ED}.Release|x86.Deploy.0 = Release|x86
		{0D9541C5-0BB0-48EF-BA63-601BC36ADF43}.Debug|Any CPU.ActiveCfg = Debug|Any CPU
		{0D9541C5-0BB0-48EF-BA63-601BC36ADF43}.Debug|Any CPU.Build.0 = Debug|Any CPU
		{0D9541C5-0BB0-48EF-BA63-601BC36ADF43}.Debug|ARM.ActiveCfg = Debug|ARM
		{0D9541C5-0BB0-48EF-BA63-601BC36ADF43}.Debug|ARM.Build.0 = Debug|ARM
		{0D9541C5-0BB0-48EF-BA63-601BC36ADF43}.Debug|x64.ActiveCfg = Debug|x64
		{0D9541C5-0BB0-48EF-BA63-601BC36ADF43}.Debug|x64.Build.0 = Debug|x64
		{0D9541C5-0BB0-48EF-BA63-601BC36ADF43}.Debug|x86.ActiveCfg = Debug|x86
		{0D9541C5-0BB0-48EF-BA63-601BC36ADF43}.Debug|x86.Build.0 = Debug|x86
		{0D9541C5-0BB0-48EF-BA63-601BC36ADF43}.Release|Any CPU.ActiveCfg = Release|Any CPU
		{0D9541C5-0BB0-48EF-BA63-601BC36ADF43}.Release|Any CPU.Build.0 = Release|Any CPU
		{0D9541C5-0BB0-48EF-BA63-601BC36ADF43}.Release|ARM.ActiveCfg = Release|ARM
		{0D9541C5-0BB0-48EF-BA63-601BC36ADF43}.Release|ARM.Build.0 = Release|ARM
		{0D9541C5-0BB0-48EF-BA63-601BC36ADF43}.Release|x64.ActiveCfg = Release|x64
		{0D9541C5-0BB0-48EF-BA63-601BC36ADF43}.Release|x64.Build.0 = Release|x64
		{0D9541C5-0BB0-48EF-BA63-601BC36ADF43}.Release|x86.ActiveCfg = Release|x86
		{0D9541C5-0BB0-48EF-BA63-601BC36ADF43}.Release|x86.Build.0 = Release|x86
		{2E6B403D-E085-41B8-85D9-FEED5E84D3D4}.Debug|Any CPU.ActiveCfg = Debug|Any CPU
		{2E6B403D-E085-41B8-85D9-FEED5E84D3D4}.Debug|Any CPU.Build.0 = Debug|Any CPU
		{2E6B403D-E085-41B8-85D9-FEED5E84D3D4}.Debug|ARM.ActiveCfg = Debug|ARM
		{2E6B403D-E085-41B8-85D9-FEED5E84D3D4}.Debug|ARM.Build.0 = Debug|ARM
		{2E6B403D-E085-41B8-85D9-FEED5E84D3D4}.Debug|x64.ActiveCfg = Debug|x64
		{2E6B403D-E085-41B8-85D9-FEED5E84D3D4}.Debug|x64.Build.0 = Debug|x64
		{2E6B403D-E085-41B8-85D9-FEED5E84D3D4}.Debug|x86.ActiveCfg = Debug|x86
		{2E6B403D-E085-41B8-85D9-FEED5E84D3D4}.Debug|x86.Build.0 = Debug|x86
		{2E6B403D-E085-41B8-85D9-FEED5E84D3D4}.Release|Any CPU.ActiveCfg = Release|Any CPU
		{2E6B403D-E085-41B8-85D9-FEED5E84D3D4}.Release|Any CPU.Build.0 = Release|Any CPU
		{2E6B403D-E085-41B8-85D9-FEED5E84D3D4}.Release|ARM.ActiveCfg = Release|ARM
		{2E6B403D-E085-41B8-85D9-FEED5E84D3D4}.Release|ARM.Build.0 = Release|ARM
		{2E6B403D-E085-41B8-85D9-FEED5E84D3D4}.Release|x64.ActiveCfg = Release|x64
		{2E6B403D-E085-41B8-85D9-FEED5E84D3D4}.Release|x64.Build.0 = Release|x64
		{2E6B403D-E085-41B8-85D9-FEED5E84D3D4}.Release|x86.ActiveCfg = Release|x86
		{2E6B403D-E085-41B8-85D9-FEED5E84D3D4}.Release|x86.Build.0 = Release|x86
		{14AAA72C-DC1A-4C1A-92A1-101E6DCF6C82}.Debug|Any CPU.ActiveCfg = Debug|Any CPU
		{14AAA72C-DC1A-4C1A-92A1-101E6DCF6C82}.Debug|Any CPU.Build.0 = Debug|Any CPU
		{14AAA72C-DC1A-4C1A-92A1-101E6DCF6C82}.Debug|ARM.ActiveCfg = Debug|ARM
		{14AAA72C-DC1A-4C1A-92A1-101E6DCF6C82}.Debug|ARM.Build.0 = Debug|ARM
		{14AAA72C-DC1A-4C1A-92A1-101E6DCF6C82}.Debug|x64.ActiveCfg = Debug|Any CPU
		{14AAA72C-DC1A-4C1A-92A1-101E6DCF6C82}.Debug|x64.Build.0 = Debug|Any CPU
		{14AAA72C-DC1A-4C1A-92A1-101E6DCF6C82}.Debug|x86.ActiveCfg = Debug|x86
		{14AAA72C-DC1A-4C1A-92A1-101E6DCF6C82}.Debug|x86.Build.0 = Debug|x86
		{14AAA72C-DC1A-4C1A-92A1-101E6DCF6C82}.Release|Any CPU.ActiveCfg = Release|Any CPU
		{14AAA72C-DC1A-4C1A-92A1-101E6DCF6C82}.Release|Any CPU.Build.0 = Release|Any CPU
		{14AAA72C-DC1A-4C1A-92A1-101E6DCF6C82}.Release|ARM.ActiveCfg = Release|ARM
		{14AAA72C-DC1A-4C1A-92A1-101E6DCF6C82}.Release|ARM.Build.0 = Release|ARM
		{14AAA72C-DC1A-4C1A-92A1-101E6DCF6C82}.Release|x64.ActiveCfg = Release|Any CPU
		{14AAA72C-DC1A-4C1A-92A1-101E6DCF6C82}.Release|x64.Build.0 = Release|Any CPU
		{14AAA72C-DC1A-4C1A-92A1-101E6DCF6C82}.Release|x86.ActiveCfg = Release|x86
		{14AAA72C-DC1A-4C1A-92A1-101E6DCF6C82}.Release|x86.Build.0 = Release|x86
		{B9E424CB-8B9B-4C33-8318-9D8F458427A6}.Debug|Any CPU.ActiveCfg = Debug|Any CPU
		{B9E424CB-8B9B-4C33-8318-9D8F458427A6}.Debug|Any CPU.Build.0 = Debug|Any CPU
		{B9E424CB-8B9B-4C33-8318-9D8F458427A6}.Debug|ARM.ActiveCfg = Debug|Any CPU
		{B9E424CB-8B9B-4C33-8318-9D8F458427A6}.Debug|ARM.Build.0 = Debug|Any CPU
		{B9E424CB-8B9B-4C33-8318-9D8F458427A6}.Debug|x64.ActiveCfg = Debug|Any CPU
		{B9E424CB-8B9B-4C33-8318-9D8F458427A6}.Debug|x64.Build.0 = Debug|Any CPU
		{B9E424CB-8B9B-4C33-8318-9D8F458427A6}.Debug|x86.ActiveCfg = Debug|Any CPU
		{B9E424CB-8B9B-4C33-8318-9D8F458427A6}.Debug|x86.Build.0 = Debug|Any CPU
		{B9E424CB-8B9B-4C33-8318-9D8F458427A6}.Release|Any CPU.ActiveCfg = Release|Any CPU
		{B9E424CB-8B9B-4C33-8318-9D8F458427A6}.Release|Any CPU.Build.0 = Release|Any CPU
		{B9E424CB-8B9B-4C33-8318-9D8F458427A6}.Release|ARM.ActiveCfg = Release|Any CPU
		{B9E424CB-8B9B-4C33-8318-9D8F458427A6}.Release|ARM.Build.0 = Release|Any CPU
		{B9E424CB-8B9B-4C33-8318-9D8F458427A6}.Release|x64.ActiveCfg = Release|Any CPU
		{B9E424CB-8B9B-4C33-8318-9D8F458427A6}.Release|x64.Build.0 = Release|Any CPU
		{B9E424CB-8B9B-4C33-8318-9D8F458427A6}.Release|x86.ActiveCfg = Release|Any CPU
		{B9E424CB-8B9B-4C33-8318-9D8F458427A6}.Release|x86.Build.0 = Release|Any CPU
	EndGlobalSection
	GlobalSection(SolutionProperties) = preSolution
		HideSolutionNode = FALSE
	EndGlobalSection
	GlobalSection(NestedProjects) = preSolution
		{170A39D4-059B-4ABF-B377-EED905D87EF4} = {96974E15-CFDD-494A-BF58-BDC9BF5B2212}
		{A2D15B14-F23E-46DE-9165-AB1D9104B978} = {C33E21AA-9A24-4573-8A03-C3F5877B2130}
		{767BA920-CF3A-4894-8382-2DE780D398E3} = {96974E15-CFDD-494A-BF58-BDC9BF5B2212}
		{4B2877EA-DE1D-4CE0-984B-E285354011F2} = {4F2AFA9B-4B37-4010-AAE5-435BD2E03940}
		{1EB1A717-7102-4138-8A37-42DFD943E0F9} = {4F2AFA9B-4B37-4010-AAE5-435BD2E03940}
		{692023D7-F75C-4C56-948E-B87EBA88A6B2} = {6FC06C60-0685-44E6-A8F3-A158A3265740}
		{6CC70590-B95D-4A10-9304-89C3BA27AB32} = {2CC4D50F-BA85-4267-9D8D-ED03C15522B2}
		{652625DB-BF03-4898-BD59-22910508502B} = {2CC4D50F-BA85-4267-9D8D-ED03C15522B2}
		{A9FAE2BB-BBE7-4675-92F3-DCDDEBD70999} = {C33E21AA-9A24-4573-8A03-C3F5877B2130}
		{96974E15-CFDD-494A-BF58-BDC9BF5B2212} = {63CEC54F-6178-413C-9F26-09D0F75F43FA}
		{2CC4D50F-BA85-4267-9D8D-ED03C15522B2} = {63CEC54F-6178-413C-9F26-09D0F75F43FA}
		{CEF06B1C-77EE-4DC5-9283-87F9C3678892} = {63CEC54F-6178-413C-9F26-09D0F75F43FA}
		{97AD981A-C408-47E2-B151-2139D15BC22F} = {63CEC54F-6178-413C-9F26-09D0F75F43FA}
		{215572D5-13A0-46EB-A983-A5433930B361} = {96974E15-CFDD-494A-BF58-BDC9BF5B2212}
		{45239A20-0DD7-43CE-ACAA-86249154ADF5} = {CEF06B1C-77EE-4DC5-9283-87F9C3678892}
		{627042AA-2DA6-4744-982A-E6BA58D9421A} = {96974E15-CFDD-494A-BF58-BDC9BF5B2212}
		{F4323E9E-1608-429B-83DC-6A3670761850} = {C33E21AA-9A24-4573-8A03-C3F5877B2130}
		{BD7749AB-822F-4ED2-BB75-0FEF2B9AD453} = {C33E21AA-9A24-4573-8A03-C3F5877B2130}
		{944A6742-0E70-42CE-9193-DA2153347FE2} = {63CEC54F-6178-413C-9F26-09D0F75F43FA}
		{AB8F3108-C83F-4169-8DFC-988EC64CCD37} = {944A6742-0E70-42CE-9193-DA2153347FE2}
		{9D4E83A0-560F-46D4-AB0A-19FB4DEC35F5} = {63CEC54F-6178-413C-9F26-09D0F75F43FA}
		{67F9D3A8-F71E-4428-913F-C37AE82CDB24} = {9D4E83A0-560F-46D4-AB0A-19FB4DEC35F5}
		{C522F7B5-E5F9-479B-B2B0-011B0DAED83B} = {9D4E83A0-560F-46D4-AB0A-19FB4DEC35F5}
		{BE5057CD-D8BD-4A46-A128-6D249B312001} = {9D4E83A0-560F-46D4-AB0A-19FB4DEC35F5}
		{B3D9BE15-9A4F-453B-BFA6-CB85D00492D9} = {9D4E83A0-560F-46D4-AB0A-19FB4DEC35F5}
		{9BB09AC6-EFD9-4156-84F0-491F2A9F03E5} = {CEF06B1C-77EE-4DC5-9283-87F9C3678892}
		{4AF9E468-99AC-41E2-92A3-41102B0365DB} = {CEF06B1C-77EE-4DC5-9283-87F9C3678892}
		{60C043FA-389E-4339-BA43-E8CA940BBFCA} = {CEF06B1C-77EE-4DC5-9283-87F9C3678892}
		{C66077D8-DBFD-479D-ADAB-BF569263E914} = {4F2AFA9B-4B37-4010-AAE5-435BD2E03940}
		{0898BB05-20EA-4608-A919-294FE87032A7} = {97AD981A-C408-47E2-B151-2139D15BC22F}
		{FE74A328-2B5C-4598-AED0-DEF805B7CF5A} = {97AD981A-C408-47E2-B151-2139D15BC22F}
		{07AB4CA7-E78C-43DC-B0C4-14EC9CC223ED} = {6FC06C60-0685-44E6-A8F3-A158A3265740}
		{0D9541C5-0BB0-48EF-BA63-601BC36ADF43} = {9D4E83A0-560F-46D4-AB0A-19FB4DEC35F5}
		{2E6B403D-E085-41B8-85D9-FEED5E84D3D4} = {9D4E83A0-560F-46D4-AB0A-19FB4DEC35F5}
		{14AAA72C-DC1A-4C1A-92A1-101E6DCF6C82} = {9D4E83A0-560F-46D4-AB0A-19FB4DEC35F5}
		{B9E424CB-8B9B-4C33-8318-9D8F458427A6} = {CEF06B1C-77EE-4DC5-9283-87F9C3678892}
	EndGlobalSection
EndGlobal
