
Microsoft Visual Studio Solution File, Format Version 12.00
# Visual Studio 14
VisualStudioVersion = 14.0.25420.1
MinimumVisualStudioVersion = 10.0.40219.1
Project("{FAE04EC0-301F-11D3-BF4B-00C04F79EFBC}") = "MugenMvvmToolkit.Core(PCL_Silverlight)", "Core\MugenMvvmToolkit.Core(PCL_Silverlight)\MugenMvvmToolkit.Core(PCL_Silverlight).csproj", "{74D0561D-14CE-4BB7-911E-4F8EC86B203C}"
EndProject
Project("{FAE04EC0-301F-11D3-BF4B-00C04F79EFBC}") = "MugenMvvmToolkit.WPF(4.5)", "Platforms\MugenMvvmToolkit.WPF(4.5)\MugenMvvmToolkit.WPF(4.5).csproj", "{170A39D4-059B-4ABF-B377-EED905D87EF4}"
EndProject
Project("{FAE04EC0-301F-11D3-BF4B-00C04F79EFBC}") = "MugenMvvmToolkit.Core(4.0)", "Core\MugenMvvmToolkit.Core(4.0)\MugenMvvmToolkit.Core(4.0).csproj", "{A2D15B14-F23E-46DE-9165-AB1D9104B978}"
EndProject
Project("{FAE04EC0-301F-11D3-BF4B-00C04F79EFBC}") = "MugenMvvmToolkit.WPF(4.0)", "Platforms\MugenMvvmToolkit.WPF(4.0)\MugenMvvmToolkit.WPF(4.0).csproj", "{767BA920-CF3A-4894-8382-2DE780D398E3}"
EndProject
Project("{FAE04EC0-301F-11D3-BF4B-00C04F79EFBC}") = "MugenMvvmToolkit.Silverlight(5.0)", "Platforms\MugenMvvmToolkit.Silverlight(5.0)\MugenMvvmToolkit.Silverlight(5.0).csproj", "{F50A09D0-6C2B-4F08-9A42-67146BFAECE9}"
EndProject
Project("{FAE04EC0-301F-11D3-BF4B-00C04F79EFBC}") = "MugenMvvmToolkit.WinPhone(8.0)", "Platforms\MugenMvvmToolkit.WinPhone(8.0)\MugenMvvmToolkit.WinPhone(8.0).csproj", "{DB5F3AF4-E212-43B4-8EA6-F78752FB9C15}"
EndProject
Project("{FAE04EC0-301F-11D3-BF4B-00C04F79EFBC}") = "MugenMvvmToolkit.AutofacContainer(NET4.0)", "IocContainers\MugenMvvmToolkit.AutofacContainer(NET4.0)\MugenMvvmToolkit.AutofacContainer(NET4.0).csproj", "{4B2877EA-DE1D-4CE0-984B-E285354011F2}"
EndProject
Project("{FAE04EC0-301F-11D3-BF4B-00C04F79EFBC}") = "MugenMvvmToolkit.MugenContainer(NET4.0)", "IocContainers\MugenMvvmToolkit.MugenContainer(NET4.0)\MugenMvvmToolkit.MugenContainer(NET4.0).csproj", "{048706A3-6AB2-47B3-9649-AD9D4F2B15BB}"
EndProject
Project("{FAE04EC0-301F-11D3-BF4B-00C04F79EFBC}") = "MugenMvvmToolkit.MugenContainer(SL5)", "IocContainers\MugenMvvmToolkit.MugenContainer(SL5)\MugenMvvmToolkit.MugenContainer(SL5).csproj", "{218B2A8D-9B38-492E-9DB8-6A173BFF2F80}"
EndProject
Project("{FAE04EC0-301F-11D3-BF4B-00C04F79EFBC}") = "MugenMvvmToolkit.MugenContainer(WP8.0)", "IocContainers\MugenMvvmToolkit.MugenContainer(WP8.0)\MugenMvvmToolkit.MugenContainer(WP8.0).csproj", "{E91177F0-F219-4FBA-89DA-B6B7A8E0F5D6}"
EndProject
Project("{FAE04EC0-301F-11D3-BF4B-00C04F79EFBC}") = "MugenMvvmToolkit.MugenContainer(WinRT)", "IocContainers\MugenMvvmToolkit.MugenContainer(WinRT)\MugenMvvmToolkit.MugenContainer(WinRT).csproj", "{E167271B-5F89-4D89-99B2-F585E232035F}"
EndProject
Project("{FAE04EC0-301F-11D3-BF4B-00C04F79EFBC}") = "MugenMvvmToolkit.NinjectContainer(NET4)", "IocContainers\MugenMvvmToolkit.NinjectContainer(NET4)\MugenMvvmToolkit.NinjectContainer(NET4).csproj", "{1EB1A717-7102-4138-8A37-42DFD943E0F9}"
EndProject
Project("{FAE04EC0-301F-11D3-BF4B-00C04F79EFBC}") = "MugenMvvmToolkit.NinjectContainer(SL5)", "IocContainers\MugenMvvmToolkit.NinjectContainer(SL5)\MugenMvvmToolkit.NinjectContainer(SL5).csproj", "{C1EFE5BE-D2B0-4B3F-AE95-FB4EB46EB0FA}"
EndProject
Project("{FAE04EC0-301F-11D3-BF4B-00C04F79EFBC}") = "MugenMvvmToolkit.NinjectContainer(WP8.0)", "IocContainers\MugenMvvmToolkit.NinjectContainer(WP8.0)\MugenMvvmToolkit.NinjectContainer(WP8.0).csproj", "{763A1BD9-81E0-43DB-82A7-14552A92CE56}"
EndProject
Project("{2150E333-8FDC-42A3-9474-1A3956D46DE8}") = "IocContainers", "IocContainers", "{4F2AFA9B-4B37-4010-AAE5-435BD2E03940}"
EndProject
Project("{2150E333-8FDC-42A3-9474-1A3956D46DE8}") = "Core", "Core", "{C33E21AA-9A24-4573-8A03-C3F5877B2130}"
EndProject
Project("{2150E333-8FDC-42A3-9474-1A3956D46DE8}") = "Platforms", "Platforms", "{63CEC54F-6178-413C-9F26-09D0F75F43FA}"
EndProject
Project("{2150E333-8FDC-42A3-9474-1A3956D46DE8}") = "Tests", "Tests", "{6FC06C60-0685-44E6-A8F3-A158A3265740}"
EndProject
Project("{FAE04EC0-301F-11D3-BF4B-00C04F79EFBC}") = "MugenMvvmToolkit.WinRT.Test", "Tests\MugenMvvmToolkit.WinRT.Test\MugenMvvmToolkit.WinRT.Test.csproj", "{F1185078-9FD9-4E3E-8299-E06B60D07B48}"
EndProject
Project("{FAE04EC0-301F-11D3-BF4B-00C04F79EFBC}") = "MugenMvvmToolkit.Silverlight.Test(5.0)", "Tests\MugenMvvmToolkit.Silverlight.Test(5.0)\MugenMvvmToolkit.Silverlight.Test(5.0).csproj", "{B5AAA482-431C-4A0F-AE08-8FE96BB24B62}"
EndProject
Project("{FAE04EC0-301F-11D3-BF4B-00C04F79EFBC}") = "MugenMvvmToolkit.Binding(PCL_Silverlight)", "Core\MugenMvvmToolkit.Binding(PCL_Silverlight)\MugenMvvmToolkit.Binding(PCL_Silverlight).csproj", "{D51E91AC-5351-4DB6-8007-A85B7F9B0EAC}"
EndProject
Project("{FAE04EC0-301F-11D3-BF4B-00C04F79EFBC}") = "MugenMvvmToolkit.WPF.Test(4.5)", "Tests\MugenMvvmToolkit.WPF.Test(4.5)\MugenMvvmToolkit.WPF.Test(4.5).csproj", "{692023D7-F75C-4C56-948E-B87EBA88A6B2}"
EndProject
Project("{FAE04EC0-301F-11D3-BF4B-00C04F79EFBC}") = "MugenMvvmToolkit.WinForms(4.0)", "Platforms\MugenMvvmToolkit.WinForms(4.0)\MugenMvvmToolkit.WinForms(4.0).csproj", "{6CC70590-B95D-4A10-9304-89C3BA27AB32}"
EndProject
Project("{FAE04EC0-301F-11D3-BF4B-00C04F79EFBC}") = "MugenMvvmToolkit.WinForms(4.5)", "Platforms\MugenMvvmToolkit.WinForms(4.5)\MugenMvvmToolkit.WinForms(4.5).csproj", "{652625DB-BF03-4898-BD59-22910508502B}"
EndProject
Project("{FAE04EC0-301F-11D3-BF4B-00C04F79EFBC}") = "MugenMvvmToolkit.Binding(4.0)", "Core\MugenMvvmToolkit.Binding(4.0)\MugenMvvmToolkit.Binding(4.0).csproj", "{A9FAE2BB-BBE7-4675-92F3-DCDDEBD70999}"
EndProject
Project("{2150E333-8FDC-42A3-9474-1A3956D46DE8}") = "WPF", "WPF", "{96974E15-CFDD-494A-BF58-BDC9BF5B2212}"
EndProject
Project("{2150E333-8FDC-42A3-9474-1A3956D46DE8}") = "Silverlight", "Silverlight", "{CE915081-82CF-4669-9D44-8B78697B06BC}"
EndProject
Project("{2150E333-8FDC-42A3-9474-1A3956D46DE8}") = "WinForms", "WinForms", "{2CC4D50F-BA85-4267-9D8D-ED03C15522B2}"
EndProject
Project("{2150E333-8FDC-42A3-9474-1A3956D46DE8}") = "Android", "Android", "{CEF06B1C-77EE-4DC5-9283-87F9C3678892}"
EndProject
Project("{2150E333-8FDC-42A3-9474-1A3956D46DE8}") = "WinPhone", "WinPhone", "{88CB48B3-0D0A-44A6-8BCC-DDB2AF4A187B}"
EndProject
Project("{2150E333-8FDC-42A3-9474-1A3956D46DE8}") = "WinRT", "WinRT", "{97AD981A-C408-47E2-B151-2139D15BC22F}"
EndProject
Project("{FAE04EC0-301F-11D3-BF4B-00C04F79EFBC}") = "MugenMvvmToolkit.WPF.Binding(4.5)", "Platforms\MugenMvvmToolkit.WPF.Binding(4.5)\MugenMvvmToolkit.WPF.Binding(4.5).csproj", "{215572D5-13A0-46EB-A983-A5433930B361}"
EndProject
Project("{FAE04EC0-301F-11D3-BF4B-00C04F79EFBC}") = "MugenMvvmToolkit.Silverlight.Binding(5.0)", "Platforms\MugenMvvmToolkit.Silverlight.Binding(5.0)\MugenMvvmToolkit.Silverlight.Binding(5.0).csproj", "{05FE347F-2CB2-46CE-A2B7-73F6410BF13A}"
EndProject
Project("{FAE04EC0-301F-11D3-BF4B-00C04F79EFBC}") = "MugenMvvmToolkit.Android", "Platforms\MugenMvvmToolkit.Android\MugenMvvmToolkit.Android.csproj", "{45239A20-0DD7-43CE-ACAA-86249154ADF5}"
EndProject
Project("{FAE04EC0-301F-11D3-BF4B-00C04F79EFBC}") = "MugenMvvmToolkit.WinPhone.Binding(8.0)", "Platforms\MugenMvvmToolkit.WinPhone.Binding(8.0)\MugenMvvmToolkit.WinPhone.Binding(8.0).csproj", "{9489F7E3-F3A1-4ABD-B152-369CA1B102C8}"
EndProject
Project("{FAE04EC0-301F-11D3-BF4B-00C04F79EFBC}") = "MugenMvvmToolkit.WPF.Binding(4.0)", "Platforms\MugenMvvmToolkit.WPF.Binding(4.0)\MugenMvvmToolkit.WPF.Binding(4.0).csproj", "{627042AA-2DA6-4744-982A-E6BA58D9421A}"
EndProject
Project("{FAE04EC0-301F-11D3-BF4B-00C04F79EFBC}") = "MugenMvvmToolkit.Core(NetStandard)", "Core\MugenMvvmToolkit.Core(NetStandard)\MugenMvvmToolkit.Core(NetStandard).csproj", "{F4323E9E-1608-429B-83DC-6A3670761850}"
EndProject
Project("{FAE04EC0-301F-11D3-BF4B-00C04F79EFBC}") = "MugenMvvmToolkit.Binding(NetStandard)", "Core\MugenMvvmToolkit.Binding(NetStandard)\MugenMvvmToolkit.Binding(NetStandard).csproj", "{BD7749AB-822F-4ED2-BB75-0FEF2B9AD453}"
EndProject
Project("{FAE04EC0-301F-11D3-BF4B-00C04F79EFBC}") = "MugenMvvmToolkit.WinRT(PCL)", "Platforms\MugenMvvmToolkit.WinRT(PCL)\MugenMvvmToolkit.WinRT(PCL).csproj", "{9E1FD76F-907F-480C-A0C5-D165E07AA566}"
EndProject
Project("{FAE04EC0-301F-11D3-BF4B-00C04F79EFBC}") = "MugenMvvmToolkit.WinRT.Binding(PCL)", "Platforms\MugenMvvmToolkit.WinRT.Binding(PCL)\MugenMvvmToolkit.WinRT.Binding(PCL).csproj", "{916955BD-F025-45FE-9824-EBC709234E36}"
EndProject
Project("{FAE04EC0-301F-11D3-BF4B-00C04F79EFBC}") = "MugenMvvmToolkit.AutofacContainer(PCL_Silverlight)", "IocContainers\MugenMvvmToolkit.AutofacContainer(PCL_Silverlight)\MugenMvvmToolkit.AutofacContainer(PCL_Silverlight).csproj", "{E70988D8-B0E9-4CC0-B790-2326E2E8192A}"
EndProject
Project("{FAE04EC0-301F-11D3-BF4B-00C04F79EFBC}") = "MugenMvvmToolkit.WinPhone(8.1)", "Platforms\MugenMvvmToolkit.WinPhone(8.1)\MugenMvvmToolkit.WinPhone(8.1).csproj", "{9B02FEE1-51E5-4F58-AC47-2560770EF505}"
EndProject
Project("{FAE04EC0-301F-11D3-BF4B-00C04F79EFBC}") = "MugenMvvmToolkit.WinPhone.Binding(8.1)", "Platforms\MugenMvvmToolkit.WinPhone.Binding(8.1)\MugenMvvmToolkit.WinPhone.Binding(8.1).csproj", "{5D794834-E6B9-463A-84C9-5EB9D1EE593F}"
EndProject
Project("{2150E333-8FDC-42A3-9474-1A3956D46DE8}") = "iOS", "iOS", "{944A6742-0E70-42CE-9193-DA2153347FE2}"
EndProject
Project("{FAE04EC0-301F-11D3-BF4B-00C04F79EFBC}") = "MugenMvvmToolkit.iOS", "Platforms\MugenMvvmToolkit.iOS\MugenMvvmToolkit.iOS.csproj", "{AB8F3108-C83F-4169-8DFC-988EC64CCD37}"
EndProject
Project("{2150E333-8FDC-42A3-9474-1A3956D46DE8}") = "Xamarin.Forms", "Xamarin.Forms", "{9D4E83A0-560F-46D4-AB0A-19FB4DEC35F5}"
EndProject
Project("{FAE04EC0-301F-11D3-BF4B-00C04F79EFBC}") = "MugenMvvmToolkit.Xamarin.Forms", "Platforms\MugenMvvmToolkit.Xamarin.Forms\MugenMvvmToolkit.Xamarin.Forms.csproj", "{67F9D3A8-F71E-4428-913F-C37AE82CDB24}"
EndProject
Project("{FAE04EC0-301F-11D3-BF4B-00C04F79EFBC}") = "MugenMvvmToolkit.Xamarin.Forms.Android", "Platforms\MugenMvvmToolkit.Xamarin.Forms.Android\MugenMvvmToolkit.Xamarin.Forms.Android.csproj", "{C522F7B5-E5F9-479B-B2B0-011B0DAED83B}"
EndProject
Project("{FAE04EC0-301F-11D3-BF4B-00C04F79EFBC}") = "MugenMvvmToolkit.Xamarin.Forms.iOS", "Platforms\MugenMvvmToolkit.Xamarin.Forms.iOS\MugenMvvmToolkit.Xamarin.Forms.iOS.csproj", "{BE5057CD-D8BD-4A46-A128-6D249B312001}"
EndProject
Project("{FAE04EC0-301F-11D3-BF4B-00C04F79EFBC}") = "MugenMvvmToolkit.Xamarin.Forms.WinPhone", "Platforms\MugenMvvmToolkit.Xamarin.Forms.WinPhone\MugenMvvmToolkit.Xamarin.Forms.WinPhone.csproj", "{B3D9BE15-9A4F-453B-BFA6-CB85D00492D9}"
EndProject
Project("{FAE04EC0-301F-11D3-BF4B-00C04F79EFBC}") = "MugenMvvmToolkit.Android.AppCompat", "Platforms\MugenMvvmToolkit.Android.AppCompat\MugenMvvmToolkit.Android.AppCompat.csproj", "{9BB09AC6-EFD9-4156-84F0-491F2A9F03E5}"
EndProject
Project("{FAE04EC0-301F-11D3-BF4B-00C04F79EFBC}") = "MugenMvvmToolkit.Android.RecyclerView", "Platforms\MugenMvvmToolkit.Android.RecyclerView\MugenMvvmToolkit.Android.RecyclerView.csproj", "{4AF9E468-99AC-41E2-92A3-41102B0365DB}"
EndProject
Project("{FAE04EC0-301F-11D3-BF4B-00C04F79EFBC}") = "MugenMvvmToolkit.Android.Design", "Platforms\MugenMvvmToolkit.Android.Design\MugenMvvmToolkit.Android.Design.csproj", "{60C043FA-389E-4339-BA43-E8CA940BBFCA}"
EndProject
Project("{FAE04EC0-301F-11D3-BF4B-00C04F79EFBC}") = "MugenMvvmToolkit.Xamarin.Forms.WinRT", "Platforms\MugenMvvmToolkit.Xamarin.Forms.WinRT\MugenMvvmToolkit.Xamarin.Forms.WinRT.csproj", "{C1687D2E-D65C-48D6-9DAD-8ED5ECE38E87}"
EndProject
Project("{FAE04EC0-301F-11D3-BF4B-00C04F79EFBC}") = "MugenMvvmToolkit.AutofacContainer(NetStandard)", "IocContainers\MugenMvvmToolkit.AutofacContainer(NetStandard)\MugenMvvmToolkit.AutofacContainer(NetStandard).csproj", "{C66077D8-DBFD-479D-ADAB-BF569263E914}"
EndProject
Global
	GlobalSection(SolutionConfigurationPlatforms) = preSolution
		Debug|Any CPU = Debug|Any CPU
		Release|Any CPU = Release|Any CPU
	EndGlobalSection
	GlobalSection(ProjectConfigurationPlatforms) = postSolution
		{74D0561D-14CE-4BB7-911E-4F8EC86B203C}.Debug|Any CPU.ActiveCfg = Debug|Any CPU
		{74D0561D-14CE-4BB7-911E-4F8EC86B203C}.Debug|Any CPU.Build.0 = Debug|Any CPU
		{74D0561D-14CE-4BB7-911E-4F8EC86B203C}.Release|Any CPU.ActiveCfg = Release|Any CPU
		{74D0561D-14CE-4BB7-911E-4F8EC86B203C}.Release|Any CPU.Build.0 = Release|Any CPU
		{170A39D4-059B-4ABF-B377-EED905D87EF4}.Debug|Any CPU.ActiveCfg = Debug|Any CPU
		{170A39D4-059B-4ABF-B377-EED905D87EF4}.Debug|Any CPU.Build.0 = Debug|Any CPU
		{170A39D4-059B-4ABF-B377-EED905D87EF4}.Release|Any CPU.ActiveCfg = Release|Any CPU
		{170A39D4-059B-4ABF-B377-EED905D87EF4}.Release|Any CPU.Build.0 = Release|Any CPU
		{A2D15B14-F23E-46DE-9165-AB1D9104B978}.Debug|Any CPU.ActiveCfg = Debug|Any CPU
		{A2D15B14-F23E-46DE-9165-AB1D9104B978}.Debug|Any CPU.Build.0 = Debug|Any CPU
		{A2D15B14-F23E-46DE-9165-AB1D9104B978}.Release|Any CPU.ActiveCfg = Release|Any CPU
		{A2D15B14-F23E-46DE-9165-AB1D9104B978}.Release|Any CPU.Build.0 = Release|Any CPU
		{767BA920-CF3A-4894-8382-2DE780D398E3}.Debug|Any CPU.ActiveCfg = Debug|Any CPU
		{767BA920-CF3A-4894-8382-2DE780D398E3}.Debug|Any CPU.Build.0 = Debug|Any CPU
		{767BA920-CF3A-4894-8382-2DE780D398E3}.Release|Any CPU.ActiveCfg = Release|Any CPU
		{767BA920-CF3A-4894-8382-2DE780D398E3}.Release|Any CPU.Build.0 = Release|Any CPU
		{F50A09D0-6C2B-4F08-9A42-67146BFAECE9}.Debug|Any CPU.ActiveCfg = Debug|Any CPU
		{F50A09D0-6C2B-4F08-9A42-67146BFAECE9}.Debug|Any CPU.Build.0 = Debug|Any CPU
		{F50A09D0-6C2B-4F08-9A42-67146BFAECE9}.Release|Any CPU.ActiveCfg = Release|Any CPU
		{F50A09D0-6C2B-4F08-9A42-67146BFAECE9}.Release|Any CPU.Build.0 = Release|Any CPU
		{DB5F3AF4-E212-43B4-8EA6-F78752FB9C15}.Debug|Any CPU.ActiveCfg = Debug|Any CPU
		{DB5F3AF4-E212-43B4-8EA6-F78752FB9C15}.Debug|Any CPU.Build.0 = Debug|Any CPU
		{DB5F3AF4-E212-43B4-8EA6-F78752FB9C15}.Release|Any CPU.ActiveCfg = Release|Any CPU
		{DB5F3AF4-E212-43B4-8EA6-F78752FB9C15}.Release|Any CPU.Build.0 = Release|Any CPU
		{4B2877EA-DE1D-4CE0-984B-E285354011F2}.Debug|Any CPU.ActiveCfg = Debug|Any CPU
		{4B2877EA-DE1D-4CE0-984B-E285354011F2}.Debug|Any CPU.Build.0 = Debug|Any CPU
		{4B2877EA-DE1D-4CE0-984B-E285354011F2}.Release|Any CPU.ActiveCfg = Release|Any CPU
		{4B2877EA-DE1D-4CE0-984B-E285354011F2}.Release|Any CPU.Build.0 = Release|Any CPU
		{048706A3-6AB2-47B3-9649-AD9D4F2B15BB}.Debug|Any CPU.ActiveCfg = Debug|Any CPU
		{048706A3-6AB2-47B3-9649-AD9D4F2B15BB}.Debug|Any CPU.Build.0 = Debug|Any CPU
		{048706A3-6AB2-47B3-9649-AD9D4F2B15BB}.Release|Any CPU.ActiveCfg = Release|Any CPU
		{048706A3-6AB2-47B3-9649-AD9D4F2B15BB}.Release|Any CPU.Build.0 = Release|Any CPU
		{218B2A8D-9B38-492E-9DB8-6A173BFF2F80}.Debug|Any CPU.ActiveCfg = Debug|Any CPU
		{218B2A8D-9B38-492E-9DB8-6A173BFF2F80}.Debug|Any CPU.Build.0 = Debug|Any CPU
		{218B2A8D-9B38-492E-9DB8-6A173BFF2F80}.Release|Any CPU.ActiveCfg = Release|Any CPU
		{218B2A8D-9B38-492E-9DB8-6A173BFF2F80}.Release|Any CPU.Build.0 = Release|Any CPU
		{E91177F0-F219-4FBA-89DA-B6B7A8E0F5D6}.Debug|Any CPU.ActiveCfg = Debug|Any CPU
		{E91177F0-F219-4FBA-89DA-B6B7A8E0F5D6}.Debug|Any CPU.Build.0 = Debug|Any CPU
		{E91177F0-F219-4FBA-89DA-B6B7A8E0F5D6}.Release|Any CPU.ActiveCfg = Release|Any CPU
		{E91177F0-F219-4FBA-89DA-B6B7A8E0F5D6}.Release|Any CPU.Build.0 = Release|Any CPU
		{E167271B-5F89-4D89-99B2-F585E232035F}.Debug|Any CPU.ActiveCfg = Debug|Any CPU
		{E167271B-5F89-4D89-99B2-F585E232035F}.Debug|Any CPU.Build.0 = Debug|Any CPU
		{E167271B-5F89-4D89-99B2-F585E232035F}.Release|Any CPU.ActiveCfg = Release|Any CPU
		{E167271B-5F89-4D89-99B2-F585E232035F}.Release|Any CPU.Build.0 = Release|Any CPU
		{1EB1A717-7102-4138-8A37-42DFD943E0F9}.Debug|Any CPU.ActiveCfg = Debug|Any CPU
		{1EB1A717-7102-4138-8A37-42DFD943E0F9}.Debug|Any CPU.Build.0 = Debug|Any CPU
		{1EB1A717-7102-4138-8A37-42DFD943E0F9}.Release|Any CPU.ActiveCfg = Release|Any CPU
		{1EB1A717-7102-4138-8A37-42DFD943E0F9}.Release|Any CPU.Build.0 = Release|Any CPU
		{C1EFE5BE-D2B0-4B3F-AE95-FB4EB46EB0FA}.Debug|Any CPU.ActiveCfg = Debug|Any CPU
		{C1EFE5BE-D2B0-4B3F-AE95-FB4EB46EB0FA}.Debug|Any CPU.Build.0 = Debug|Any CPU
		{C1EFE5BE-D2B0-4B3F-AE95-FB4EB46EB0FA}.Release|Any CPU.ActiveCfg = Release|Any CPU
		{C1EFE5BE-D2B0-4B3F-AE95-FB4EB46EB0FA}.Release|Any CPU.Build.0 = Release|Any CPU
		{763A1BD9-81E0-43DB-82A7-14552A92CE56}.Debug|Any CPU.ActiveCfg = Debug|Any CPU
		{763A1BD9-81E0-43DB-82A7-14552A92CE56}.Debug|Any CPU.Build.0 = Debug|Any CPU
		{763A1BD9-81E0-43DB-82A7-14552A92CE56}.Release|Any CPU.ActiveCfg = Release|Any CPU
		{763A1BD9-81E0-43DB-82A7-14552A92CE56}.Release|Any CPU.Build.0 = Release|Any CPU
		{F1185078-9FD9-4E3E-8299-E06B60D07B48}.Debug|Any CPU.ActiveCfg = Debug|Any CPU
		{F1185078-9FD9-4E3E-8299-E06B60D07B48}.Debug|Any CPU.Build.0 = Debug|Any CPU
		{F1185078-9FD9-4E3E-8299-E06B60D07B48}.Debug|Any CPU.Deploy.0 = Debug|Any CPU
		{F1185078-9FD9-4E3E-8299-E06B60D07B48}.Release|Any CPU.ActiveCfg = Release|Any CPU
		{F1185078-9FD9-4E3E-8299-E06B60D07B48}.Release|Any CPU.Build.0 = Release|Any CPU
		{B5AAA482-431C-4A0F-AE08-8FE96BB24B62}.Debug|Any CPU.ActiveCfg = Debug|Any CPU
		{B5AAA482-431C-4A0F-AE08-8FE96BB24B62}.Debug|Any CPU.Build.0 = Debug|Any CPU
		{B5AAA482-431C-4A0F-AE08-8FE96BB24B62}.Release|Any CPU.ActiveCfg = Release|Any CPU
		{B5AAA482-431C-4A0F-AE08-8FE96BB24B62}.Release|Any CPU.Build.0 = Release|Any CPU
		{D51E91AC-5351-4DB6-8007-A85B7F9B0EAC}.Debug|Any CPU.ActiveCfg = Debug|Any CPU
		{D51E91AC-5351-4DB6-8007-A85B7F9B0EAC}.Debug|Any CPU.Build.0 = Debug|Any CPU
		{D51E91AC-5351-4DB6-8007-A85B7F9B0EAC}.Release|Any CPU.ActiveCfg = Release|Any CPU
		{D51E91AC-5351-4DB6-8007-A85B7F9B0EAC}.Release|Any CPU.Build.0 = Release|Any CPU
		{692023D7-F75C-4C56-948E-B87EBA88A6B2}.Debug|Any CPU.ActiveCfg = Debug|Any CPU
		{692023D7-F75C-4C56-948E-B87EBA88A6B2}.Debug|Any CPU.Build.0 = Debug|Any CPU
		{692023D7-F75C-4C56-948E-B87EBA88A6B2}.Release|Any CPU.ActiveCfg = Release|Any CPU
		{692023D7-F75C-4C56-948E-B87EBA88A6B2}.Release|Any CPU.Build.0 = Release|Any CPU
		{6CC70590-B95D-4A10-9304-89C3BA27AB32}.Debug|Any CPU.ActiveCfg = Debug|Any CPU
		{6CC70590-B95D-4A10-9304-89C3BA27AB32}.Debug|Any CPU.Build.0 = Debug|Any CPU
		{6CC70590-B95D-4A10-9304-89C3BA27AB32}.Release|Any CPU.ActiveCfg = Release|Any CPU
		{6CC70590-B95D-4A10-9304-89C3BA27AB32}.Release|Any CPU.Build.0 = Release|Any CPU
		{652625DB-BF03-4898-BD59-22910508502B}.Debug|Any CPU.ActiveCfg = Debug|Any CPU
		{652625DB-BF03-4898-BD59-22910508502B}.Debug|Any CPU.Build.0 = Debug|Any CPU
		{652625DB-BF03-4898-BD59-22910508502B}.Release|Any CPU.ActiveCfg = Release|Any CPU
		{652625DB-BF03-4898-BD59-22910508502B}.Release|Any CPU.Build.0 = Release|Any CPU
		{A9FAE2BB-BBE7-4675-92F3-DCDDEBD70999}.Debug|Any CPU.ActiveCfg = Debug|Any CPU
		{A9FAE2BB-BBE7-4675-92F3-DCDDEBD70999}.Debug|Any CPU.Build.0 = Debug|Any CPU
		{A9FAE2BB-BBE7-4675-92F3-DCDDEBD70999}.Release|Any CPU.ActiveCfg = Release|Any CPU
		{A9FAE2BB-BBE7-4675-92F3-DCDDEBD70999}.Release|Any CPU.Build.0 = Release|Any CPU
		{215572D5-13A0-46EB-A983-A5433930B361}.Debug|Any CPU.ActiveCfg = Debug|Any CPU
		{215572D5-13A0-46EB-A983-A5433930B361}.Debug|Any CPU.Build.0 = Debug|Any CPU
		{215572D5-13A0-46EB-A983-A5433930B361}.Release|Any CPU.ActiveCfg = Release|Any CPU
		{215572D5-13A0-46EB-A983-A5433930B361}.Release|Any CPU.Build.0 = Release|Any CPU
		{05FE347F-2CB2-46CE-A2B7-73F6410BF13A}.Debug|Any CPU.ActiveCfg = Debug|Any CPU
		{05FE347F-2CB2-46CE-A2B7-73F6410BF13A}.Debug|Any CPU.Build.0 = Debug|Any CPU
		{05FE347F-2CB2-46CE-A2B7-73F6410BF13A}.Release|Any CPU.ActiveCfg = Release|Any CPU
		{05FE347F-2CB2-46CE-A2B7-73F6410BF13A}.Release|Any CPU.Build.0 = Release|Any CPU
		{45239A20-0DD7-43CE-ACAA-86249154ADF5}.Debug|Any CPU.ActiveCfg = Debug|Any CPU
		{45239A20-0DD7-43CE-ACAA-86249154ADF5}.Debug|Any CPU.Build.0 = Debug|Any CPU
		{45239A20-0DD7-43CE-ACAA-86249154ADF5}.Release|Any CPU.ActiveCfg = Release|Any CPU
		{45239A20-0DD7-43CE-ACAA-86249154ADF5}.Release|Any CPU.Build.0 = Release|Any CPU
		{9489F7E3-F3A1-4ABD-B152-369CA1B102C8}.Debug|Any CPU.ActiveCfg = Debug|Any CPU
		{9489F7E3-F3A1-4ABD-B152-369CA1B102C8}.Debug|Any CPU.Build.0 = Debug|Any CPU
		{9489F7E3-F3A1-4ABD-B152-369CA1B102C8}.Release|Any CPU.ActiveCfg = Release|Any CPU
		{9489F7E3-F3A1-4ABD-B152-369CA1B102C8}.Release|Any CPU.Build.0 = Release|Any CPU
		{627042AA-2DA6-4744-982A-E6BA58D9421A}.Debug|Any CPU.ActiveCfg = Debug|Any CPU
		{627042AA-2DA6-4744-982A-E6BA58D9421A}.Debug|Any CPU.Build.0 = Debug|Any CPU
		{627042AA-2DA6-4744-982A-E6BA58D9421A}.Release|Any CPU.ActiveCfg = Release|Any CPU
		{627042AA-2DA6-4744-982A-E6BA58D9421A}.Release|Any CPU.Build.0 = Release|Any CPU
		{F4323E9E-1608-429B-83DC-6A3670761850}.Debug|Any CPU.ActiveCfg = Debug|Any CPU
		{F4323E9E-1608-429B-83DC-6A3670761850}.Debug|Any CPU.Build.0 = Debug|Any CPU
		{F4323E9E-1608-429B-83DC-6A3670761850}.Release|Any CPU.ActiveCfg = Release|Any CPU
		{F4323E9E-1608-429B-83DC-6A3670761850}.Release|Any CPU.Build.0 = Release|Any CPU
		{BD7749AB-822F-4ED2-BB75-0FEF2B9AD453}.Debug|Any CPU.ActiveCfg = Debug|Any CPU
		{BD7749AB-822F-4ED2-BB75-0FEF2B9AD453}.Debug|Any CPU.Build.0 = Debug|Any CPU
		{BD7749AB-822F-4ED2-BB75-0FEF2B9AD453}.Release|Any CPU.ActiveCfg = Release|Any CPU
		{BD7749AB-822F-4ED2-BB75-0FEF2B9AD453}.Release|Any CPU.Build.0 = Release|Any CPU
		{9E1FD76F-907F-480C-A0C5-D165E07AA566}.Debug|Any CPU.ActiveCfg = Debug|Any CPU
		{9E1FD76F-907F-480C-A0C5-D165E07AA566}.Debug|Any CPU.Build.0 = Debug|Any CPU
		{9E1FD76F-907F-480C-A0C5-D165E07AA566}.Release|Any CPU.ActiveCfg = Release|Any CPU
		{9E1FD76F-907F-480C-A0C5-D165E07AA566}.Release|Any CPU.Build.0 = Release|Any CPU
		{916955BD-F025-45FE-9824-EBC709234E36}.Debug|Any CPU.ActiveCfg = Debug|Any CPU
		{916955BD-F025-45FE-9824-EBC709234E36}.Debug|Any CPU.Build.0 = Debug|Any CPU
		{916955BD-F025-45FE-9824-EBC709234E36}.Release|Any CPU.ActiveCfg = Release|Any CPU
		{916955BD-F025-45FE-9824-EBC709234E36}.Release|Any CPU.Build.0 = Release|Any CPU
		{E70988D8-B0E9-4CC0-B790-2326E2E8192A}.Debug|Any CPU.ActiveCfg = Debug|Any CPU
		{E70988D8-B0E9-4CC0-B790-2326E2E8192A}.Debug|Any CPU.Build.0 = Debug|Any CPU
		{E70988D8-B0E9-4CC0-B790-2326E2E8192A}.Release|Any CPU.ActiveCfg = Release|Any CPU
		{E70988D8-B0E9-4CC0-B790-2326E2E8192A}.Release|Any CPU.Build.0 = Release|Any CPU
		{9B02FEE1-51E5-4F58-AC47-2560770EF505}.Debug|Any CPU.ActiveCfg = Debug|Any CPU
		{9B02FEE1-51E5-4F58-AC47-2560770EF505}.Debug|Any CPU.Build.0 = Debug|Any CPU
		{9B02FEE1-51E5-4F58-AC47-2560770EF505}.Release|Any CPU.ActiveCfg = Release|Any CPU
		{9B02FEE1-51E5-4F58-AC47-2560770EF505}.Release|Any CPU.Build.0 = Release|Any CPU
		{5D794834-E6B9-463A-84C9-5EB9D1EE593F}.Debug|Any CPU.ActiveCfg = Debug|Any CPU
		{5D794834-E6B9-463A-84C9-5EB9D1EE593F}.Debug|Any CPU.Build.0 = Debug|Any CPU
		{5D794834-E6B9-463A-84C9-5EB9D1EE593F}.Release|Any CPU.ActiveCfg = Release|Any CPU
		{5D794834-E6B9-463A-84C9-5EB9D1EE593F}.Release|Any CPU.Build.0 = Release|Any CPU
		{AB8F3108-C83F-4169-8DFC-988EC64CCD37}.Debug|Any CPU.ActiveCfg = Debug|Any CPU
		{AB8F3108-C83F-4169-8DFC-988EC64CCD37}.Debug|Any CPU.Build.0 = Debug|Any CPU
		{AB8F3108-C83F-4169-8DFC-988EC64CCD37}.Release|Any CPU.ActiveCfg = Release|Any CPU
		{AB8F3108-C83F-4169-8DFC-988EC64CCD37}.Release|Any CPU.Build.0 = Release|Any CPU
		{67F9D3A8-F71E-4428-913F-C37AE82CDB24}.Debug|Any CPU.ActiveCfg = Debug|Any CPU
		{67F9D3A8-F71E-4428-913F-C37AE82CDB24}.Debug|Any CPU.Build.0 = Debug|Any CPU
		{67F9D3A8-F71E-4428-913F-C37AE82CDB24}.Release|Any CPU.ActiveCfg = Release|Any CPU
		{67F9D3A8-F71E-4428-913F-C37AE82CDB24}.Release|Any CPU.Build.0 = Release|Any CPU
		{C522F7B5-E5F9-479B-B2B0-011B0DAED83B}.Debug|Any CPU.ActiveCfg = Debug|Any CPU
		{C522F7B5-E5F9-479B-B2B0-011B0DAED83B}.Debug|Any CPU.Build.0 = Debug|Any CPU
		{C522F7B5-E5F9-479B-B2B0-011B0DAED83B}.Release|Any CPU.ActiveCfg = Release|Any CPU
		{C522F7B5-E5F9-479B-B2B0-011B0DAED83B}.Release|Any CPU.Build.0 = Release|Any CPU
		{BE5057CD-D8BD-4A46-A128-6D249B312001}.Debug|Any CPU.ActiveCfg = Debug|Any CPU
		{BE5057CD-D8BD-4A46-A128-6D249B312001}.Debug|Any CPU.Build.0 = Debug|Any CPU
		{BE5057CD-D8BD-4A46-A128-6D249B312001}.Release|Any CPU.ActiveCfg = Release|Any CPU
		{BE5057CD-D8BD-4A46-A128-6D249B312001}.Release|Any CPU.Build.0 = Release|Any CPU
		{B3D9BE15-9A4F-453B-BFA6-CB85D00492D9}.Debug|Any CPU.ActiveCfg = Debug|Any CPU
		{B3D9BE15-9A4F-453B-BFA6-CB85D00492D9}.Debug|Any CPU.Build.0 = Debug|Any CPU
		{B3D9BE15-9A4F-453B-BFA6-CB85D00492D9}.Release|Any CPU.ActiveCfg = Release|Any CPU
		{B3D9BE15-9A4F-453B-BFA6-CB85D00492D9}.Release|Any CPU.Build.0 = Release|Any CPU
		{9BB09AC6-EFD9-4156-84F0-491F2A9F03E5}.Debug|Any CPU.ActiveCfg = Debug|Any CPU
		{9BB09AC6-EFD9-4156-84F0-491F2A9F03E5}.Debug|Any CPU.Build.0 = Debug|Any CPU
		{9BB09AC6-EFD9-4156-84F0-491F2A9F03E5}.Release|Any CPU.ActiveCfg = Release|Any CPU
		{9BB09AC6-EFD9-4156-84F0-491F2A9F03E5}.Release|Any CPU.Build.0 = Release|Any CPU
		{4AF9E468-99AC-41E2-92A3-41102B0365DB}.Debug|Any CPU.ActiveCfg = Debug|Any CPU
		{4AF9E468-99AC-41E2-92A3-41102B0365DB}.Debug|Any CPU.Build.0 = Debug|Any CPU
		{4AF9E468-99AC-41E2-92A3-41102B0365DB}.Release|Any CPU.ActiveCfg = Release|Any CPU
		{4AF9E468-99AC-41E2-92A3-41102B0365DB}.Release|Any CPU.Build.0 = Release|Any CPU
		{60C043FA-389E-4339-BA43-E8CA940BBFCA}.Debug|Any CPU.ActiveCfg = Debug|Any CPU
		{60C043FA-389E-4339-BA43-E8CA940BBFCA}.Debug|Any CPU.Build.0 = Debug|Any CPU
		{60C043FA-389E-4339-BA43-E8CA940BBFCA}.Release|Any CPU.ActiveCfg = Release|Any CPU
		{60C043FA-389E-4339-BA43-E8CA940BBFCA}.Release|Any CPU.Build.0 = Release|Any CPU
		{C1687D2E-D65C-48D6-9DAD-8ED5ECE38E87}.Debug|Any CPU.ActiveCfg = Debug|Any CPU
		{C1687D2E-D65C-48D6-9DAD-8ED5ECE38E87}.Debug|Any CPU.Build.0 = Debug|Any CPU
		{C1687D2E-D65C-48D6-9DAD-8ED5ECE38E87}.Release|Any CPU.ActiveCfg = Release|Any CPU
		{C1687D2E-D65C-48D6-9DAD-8ED5ECE38E87}.Release|Any CPU.Build.0 = Release|Any CPU
		{C66077D8-DBFD-479D-ADAB-BF569263E914}.Debug|Any CPU.ActiveCfg = Debug|Any CPU
		{C66077D8-DBFD-479D-ADAB-BF569263E914}.Debug|Any CPU.Build.0 = Debug|Any CPU
		{C66077D8-DBFD-479D-ADAB-BF569263E914}.Release|Any CPU.ActiveCfg = Release|Any CPU
		{C66077D8-DBFD-479D-ADAB-BF569263E914}.Release|Any CPU.Build.0 = Release|Any CPU
	EndGlobalSection
	GlobalSection(SolutionProperties) = preSolution
		HideSolutionNode = FALSE
	EndGlobalSection
	GlobalSection(NestedProjects) = preSolution
		{74D0561D-14CE-4BB7-911E-4F8EC86B203C} = {C33E21AA-9A24-4573-8A03-C3F5877B2130}
		{170A39D4-059B-4ABF-B377-EED905D87EF4} = {96974E15-CFDD-494A-BF58-BDC9BF5B2212}
		{A2D15B14-F23E-46DE-9165-AB1D9104B978} = {C33E21AA-9A24-4573-8A03-C3F5877B2130}
		{767BA920-CF3A-4894-8382-2DE780D398E3} = {96974E15-CFDD-494A-BF58-BDC9BF5B2212}
		{F50A09D0-6C2B-4F08-9A42-67146BFAECE9} = {CE915081-82CF-4669-9D44-8B78697B06BC}
		{DB5F3AF4-E212-43B4-8EA6-F78752FB9C15} = {88CB48B3-0D0A-44A6-8BCC-DDB2AF4A187B}
		{4B2877EA-DE1D-4CE0-984B-E285354011F2} = {4F2AFA9B-4B37-4010-AAE5-435BD2E03940}
		{048706A3-6AB2-47B3-9649-AD9D4F2B15BB} = {4F2AFA9B-4B37-4010-AAE5-435BD2E03940}
		{218B2A8D-9B38-492E-9DB8-6A173BFF2F80} = {4F2AFA9B-4B37-4010-AAE5-435BD2E03940}
		{E91177F0-F219-4FBA-89DA-B6B7A8E0F5D6} = {4F2AFA9B-4B37-4010-AAE5-435BD2E03940}
		{E167271B-5F89-4D89-99B2-F585E232035F} = {4F2AFA9B-4B37-4010-AAE5-435BD2E03940}
		{1EB1A717-7102-4138-8A37-42DFD943E0F9} = {4F2AFA9B-4B37-4010-AAE5-435BD2E03940}
		{C1EFE5BE-D2B0-4B3F-AE95-FB4EB46EB0FA} = {4F2AFA9B-4B37-4010-AAE5-435BD2E03940}
		{763A1BD9-81E0-43DB-82A7-14552A92CE56} = {4F2AFA9B-4B37-4010-AAE5-435BD2E03940}
		{F1185078-9FD9-4E3E-8299-E06B60D07B48} = {6FC06C60-0685-44E6-A8F3-A158A3265740}
		{B5AAA482-431C-4A0F-AE08-8FE96BB24B62} = {6FC06C60-0685-44E6-A8F3-A158A3265740}
		{D51E91AC-5351-4DB6-8007-A85B7F9B0EAC} = {C33E21AA-9A24-4573-8A03-C3F5877B2130}
		{692023D7-F75C-4C56-948E-B87EBA88A6B2} = {6FC06C60-0685-44E6-A8F3-A158A3265740}
		{6CC70590-B95D-4A10-9304-89C3BA27AB32} = {2CC4D50F-BA85-4267-9D8D-ED03C15522B2}
		{652625DB-BF03-4898-BD59-22910508502B} = {2CC4D50F-BA85-4267-9D8D-ED03C15522B2}
		{A9FAE2BB-BBE7-4675-92F3-DCDDEBD70999} = {C33E21AA-9A24-4573-8A03-C3F5877B2130}
		{96974E15-CFDD-494A-BF58-BDC9BF5B2212} = {63CEC54F-6178-413C-9F26-09D0F75F43FA}
		{CE915081-82CF-4669-9D44-8B78697B06BC} = {63CEC54F-6178-413C-9F26-09D0F75F43FA}
		{2CC4D50F-BA85-4267-9D8D-ED03C15522B2} = {63CEC54F-6178-413C-9F26-09D0F75F43FA}
		{CEF06B1C-77EE-4DC5-9283-87F9C3678892} = {63CEC54F-6178-413C-9F26-09D0F75F43FA}
		{88CB48B3-0D0A-44A6-8BCC-DDB2AF4A187B} = {63CEC54F-6178-413C-9F26-09D0F75F43FA}
		{97AD981A-C408-47E2-B151-2139D15BC22F} = {63CEC54F-6178-413C-9F26-09D0F75F43FA}
		{215572D5-13A0-46EB-A983-A5433930B361} = {96974E15-CFDD-494A-BF58-BDC9BF5B2212}
		{05FE347F-2CB2-46CE-A2B7-73F6410BF13A} = {CE915081-82CF-4669-9D44-8B78697B06BC}
		{45239A20-0DD7-43CE-ACAA-86249154ADF5} = {CEF06B1C-77EE-4DC5-9283-87F9C3678892}
		{9489F7E3-F3A1-4ABD-B152-369CA1B102C8} = {88CB48B3-0D0A-44A6-8BCC-DDB2AF4A187B}
		{627042AA-2DA6-4744-982A-E6BA58D9421A} = {96974E15-CFDD-494A-BF58-BDC9BF5B2212}
		{F4323E9E-1608-429B-83DC-6A3670761850} = {C33E21AA-9A24-4573-8A03-C3F5877B2130}
		{BD7749AB-822F-4ED2-BB75-0FEF2B9AD453} = {C33E21AA-9A24-4573-8A03-C3F5877B2130}
		{9E1FD76F-907F-480C-A0C5-D165E07AA566} = {97AD981A-C408-47E2-B151-2139D15BC22F}
		{916955BD-F025-45FE-9824-EBC709234E36} = {97AD981A-C408-47E2-B151-2139D15BC22F}
		{E70988D8-B0E9-4CC0-B790-2326E2E8192A} = {4F2AFA9B-4B37-4010-AAE5-435BD2E03940}
		{9B02FEE1-51E5-4F58-AC47-2560770EF505} = {88CB48B3-0D0A-44A6-8BCC-DDB2AF4A187B}
		{5D794834-E6B9-463A-84C9-5EB9D1EE593F} = {88CB48B3-0D0A-44A6-8BCC-DDB2AF4A187B}
		{944A6742-0E70-42CE-9193-DA2153347FE2} = {63CEC54F-6178-413C-9F26-09D0F75F43FA}
		{AB8F3108-C83F-4169-8DFC-988EC64CCD37} = {944A6742-0E70-42CE-9193-DA2153347FE2}
		{9D4E83A0-560F-46D4-AB0A-19FB4DEC35F5} = {63CEC54F-6178-413C-9F26-09D0F75F43FA}
		{67F9D3A8-F71E-4428-913F-C37AE82CDB24} = {9D4E83A0-560F-46D4-AB0A-19FB4DEC35F5}
		{C522F7B5-E5F9-479B-B2B0-011B0DAED83B} = {9D4E83A0-560F-46D4-AB0A-19FB4DEC35F5}
		{BE5057CD-D8BD-4A46-A128-6D249B312001} = {9D4E83A0-560F-46D4-AB0A-19FB4DEC35F5}
		{B3D9BE15-9A4F-453B-BFA6-CB85D00492D9} = {9D4E83A0-560F-46D4-AB0A-19FB4DEC35F5}
		{9BB09AC6-EFD9-4156-84F0-491F2A9F03E5} = {CEF06B1C-77EE-4DC5-9283-87F9C3678892}
		{4AF9E468-99AC-41E2-92A3-41102B0365DB} = {CEF06B1C-77EE-4DC5-9283-87F9C3678892}
		{60C043FA-389E-4339-BA43-E8CA940BBFCA} = {CEF06B1C-77EE-4DC5-9283-87F9C3678892}
		{C1687D2E-D65C-48D6-9DAD-8ED5ECE38E87} = {9D4E83A0-560F-46D4-AB0A-19FB4DEC35F5}
		{C66077D8-DBFD-479D-ADAB-BF569263E914} = {4F2AFA9B-4B37-4010-AAE5-435BD2E03940}
	EndGlobalSection
EndGlobal
