
Microsoft Visual Studio Solution File, Format Version 12.00
# Visual Studio 2012
Project("{FAE04EC0-301F-11D3-BF4B-00C04F79EFBC}") = "MugenMvvmToolkit.Core(PCL_Silverlight)", "Core\MugenMvvmToolkit.Core(PCL_Silverlight)\MugenMvvmToolkit.Core(PCL_Silverlight).csproj", "{74D0561D-14CE-4BB7-911E-4F8EC86B203C}"
EndProject
Project("{FAE04EC0-301F-11D3-BF4B-00C04F79EFBC}") = "MugenMvvmToolkit.Binding(PCL_Silverlight)", "Core\MugenMvvmToolkit.Binding(PCL_Silverlight)\MugenMvvmToolkit.Binding(PCL_Silverlight).csproj", "{D51E91AC-5351-4DB6-8007-A85B7F9B0EAC}"
EndProject
Project("{2150E333-8FDC-42A3-9474-1A3956D46DE8}") = "Core", "Core", "{A13D6FA0-A957-40F6-AEA5-5959A9514F6B}"
EndProject
Project("{2150E333-8FDC-42A3-9474-1A3956D46DE8}") = "Platforms", "Platforms", "{700E9EF6-8179-4A03-9749-3EAEDB38CAEA}"
EndProject
Project("{2150E333-8FDC-42A3-9474-1A3956D46DE8}") = "Silverlight", "Silverlight", "{7D0ABCE2-8A31-4043-9327-66B4FF8E9B22}"
EndProject
Project("{FAE04EC0-301F-11D3-BF4B-00C04F79EFBC}") = "MugenMvvmToolkit.Binding.Silverlight(5.0)", "Platforms\MugenMvvmToolkit.Binding.Silverlight(5.0)\MugenMvvmToolkit.Binding.Silverlight(5.0).csproj", "{05FE347F-2CB2-46CE-A2B7-73F6410BF13A}"
EndProject
Project("{FAE04EC0-301F-11D3-BF4B-00C04F79EFBC}") = "MugenMvvmToolkit.Silverlight(5.0)", "Platforms\MugenMvvmToolkit.Silverlight(5.0)\MugenMvvmToolkit.Silverlight(5.0).csproj", "{F50A09D0-6C2B-4F08-9A42-67146BFAECE9}"
EndProject
Project("{2150E333-8FDC-42A3-9474-1A3956D46DE8}") = "IocContainers", "IocContainers", "{C5A686F3-9E51-4814-9F50-E45B53CCC38C}"
EndProject
Project("{FAE04EC0-301F-11D3-BF4B-00C04F79EFBC}") = "MugenMvvmToolkit.MugenContainer(SL5)", "IocContainers\MugenMvvmToolkit.MugenContainer(SL5)\MugenMvvmToolkit.MugenContainer(SL5).csproj", "{218B2A8D-9B38-492E-9DB8-6A173BFF2F80}"
EndProject
Project("{FAE04EC0-301F-11D3-BF4B-00C04F79EFBC}") = "MugenMvvmToolkit.NinjectContainer(SL5)", "IocContainers\MugenMvvmToolkit.NinjectContainer(SL5)\MugenMvvmToolkit.NinjectContainer(SL5).csproj", "{C1EFE5BE-D2B0-4B3F-AE95-FB4EB46EB0FA}"
EndProject
Project("{2150E333-8FDC-42A3-9474-1A3956D46DE8}") = "Tests", "Tests", "{5E381981-E7E0-4B89-A802-D40CC708DAFE}"
EndProject
Project("{FAE04EC0-301F-11D3-BF4B-00C04F79EFBC}") = "MugenMvvmToolkit.Silverlight.Test(5.0)", "Tests\MugenMvvmToolkit.Silverlight.Test(5.0)\MugenMvvmToolkit.Silverlight.Test(5.0).csproj", "{B5AAA482-431C-4A0F-AE08-8FE96BB24B62}"
EndProject
Project("{FAE04EC0-301F-11D3-BF4B-00C04F79EFBC}") = "MugenMvvmToolkit.AutofacContainer(PCL_Silverlight)", "IocContainers\MugenMvvmToolkit.AutofacContainer(PCL_Silverlight)\MugenMvvmToolkit.AutofacContainer(PCL_Silverlight).csproj", "{E70988D8-B0E9-4CC0-B790-2326E2E8192A}"
EndProject
Global
	GlobalSection(SolutionConfigurationPlatforms) = preSolution
		Debug|Any CPU = Debug|Any CPU
		Release|Any CPU = Release|Any CPU
	EndGlobalSection
	GlobalSection(ProjectConfigurationPlatforms) = postSolution
		{74D0561D-14CE-4BB7-911E-4F8EC86B203C}.Debug|Any CPU.ActiveCfg = Debug|Any CPU
		{74D0561D-14CE-4BB7-911E-4F8EC86B203C}.Debug|Any CPU.Build.0 = Debug|Any CPU
		{74D0561D-14CE-4BB7-911E-4F8EC86B203C}.Release|Any CPU.ActiveCfg = Release|Any CPU
		{74D0561D-14CE-4BB7-911E-4F8EC86B203C}.Release|Any CPU.Build.0 = Release|Any CPU
		{D51E91AC-5351-4DB6-8007-A85B7F9B0EAC}.Debug|Any CPU.ActiveCfg = Debug|Any CPU
		{D51E91AC-5351-4DB6-8007-A85B7F9B0EAC}.Debug|Any CPU.Build.0 = Debug|Any CPU
		{D51E91AC-5351-4DB6-8007-A85B7F9B0EAC}.Release|Any CPU.ActiveCfg = Release|Any CPU
		{D51E91AC-5351-4DB6-8007-A85B7F9B0EAC}.Release|Any CPU.Build.0 = Release|Any CPU
		{05FE347F-2CB2-46CE-A2B7-73F6410BF13A}.Debug|Any CPU.ActiveCfg = Debug|Any CPU
		{05FE347F-2CB2-46CE-A2B7-73F6410BF13A}.Debug|Any CPU.Build.0 = Debug|Any CPU
		{05FE347F-2CB2-46CE-A2B7-73F6410BF13A}.Release|Any CPU.ActiveCfg = Release|Any CPU
		{05FE347F-2CB2-46CE-A2B7-73F6410BF13A}.Release|Any CPU.Build.0 = Release|Any CPU
		{F50A09D0-6C2B-4F08-9A42-67146BFAECE9}.Debug|Any CPU.ActiveCfg = Debug|Any CPU
		{F50A09D0-6C2B-4F08-9A42-67146BFAECE9}.Debug|Any CPU.Build.0 = Debug|Any CPU
		{F50A09D0-6C2B-4F08-9A42-67146BFAECE9}.Release|Any CPU.ActiveCfg = Release|Any CPU
		{F50A09D0-6C2B-4F08-9A42-67146BFAECE9}.Release|Any CPU.Build.0 = Release|Any CPU
		{218B2A8D-9B38-492E-9DB8-6A173BFF2F80}.Debug|Any CPU.ActiveCfg = Debug|Any CPU
		{218B2A8D-9B38-492E-9DB8-6A173BFF2F80}.Debug|Any CPU.Build.0 = Debug|Any CPU
		{218B2A8D-9B38-492E-9DB8-6A173BFF2F80}.Release|Any CPU.ActiveCfg = Release|Any CPU
		{218B2A8D-9B38-492E-9DB8-6A173BFF2F80}.Release|Any CPU.Build.0 = Release|Any CPU
		{C1EFE5BE-D2B0-4B3F-AE95-FB4EB46EB0FA}.Debug|Any CPU.ActiveCfg = Debug|Any CPU
		{C1EFE5BE-D2B0-4B3F-AE95-FB4EB46EB0FA}.Debug|Any CPU.Build.0 = Debug|Any CPU
		{C1EFE5BE-D2B0-4B3F-AE95-FB4EB46EB0FA}.Release|Any CPU.ActiveCfg = Release|Any CPU
		{C1EFE5BE-D2B0-4B3F-AE95-FB4EB46EB0FA}.Release|Any CPU.Build.0 = Release|Any CPU
		{B5AAA482-431C-4A0F-AE08-8FE96BB24B62}.Debug|Any CPU.ActiveCfg = Debug|Any CPU
		{B5AAA482-431C-4A0F-AE08-8FE96BB24B62}.Debug|Any CPU.Build.0 = Debug|Any CPU
		{B5AAA482-431C-4A0F-AE08-8FE96BB24B62}.Release|Any CPU.ActiveCfg = Release|Any CPU
		{B5AAA482-431C-4A0F-AE08-8FE96BB24B62}.Release|Any CPU.Build.0 = Release|Any CPU
		{E70988D8-B0E9-4CC0-B790-2326E2E8192A}.Debug|Any CPU.ActiveCfg = Debug|Any CPU
		{E70988D8-B0E9-4CC0-B790-2326E2E8192A}.Debug|Any CPU.Build.0 = Debug|Any CPU
		{E70988D8-B0E9-4CC0-B790-2326E2E8192A}.Release|Any CPU.ActiveCfg = Release|Any CPU
		{E70988D8-B0E9-4CC0-B790-2326E2E8192A}.Release|Any CPU.Build.0 = Release|Any CPU
	EndGlobalSection
	GlobalSection(SolutionProperties) = preSolution
		HideSolutionNode = FALSE
	EndGlobalSection
	GlobalSection(NestedProjects) = preSolution
		{D51E91AC-5351-4DB6-8007-A85B7F9B0EAC} = {A13D6FA0-A957-40F6-AEA5-5959A9514F6B}
		{74D0561D-14CE-4BB7-911E-4F8EC86B203C} = {A13D6FA0-A957-40F6-AEA5-5959A9514F6B}
		{7D0ABCE2-8A31-4043-9327-66B4FF8E9B22} = {700E9EF6-8179-4A03-9749-3EAEDB38CAEA}
		{05FE347F-2CB2-46CE-A2B7-73F6410BF13A} = {7D0ABCE2-8A31-4043-9327-66B4FF8E9B22}
		{F50A09D0-6C2B-4F08-9A42-67146BFAECE9} = {7D0ABCE2-8A31-4043-9327-66B4FF8E9B22}
		{218B2A8D-9B38-492E-9DB8-6A173BFF2F80} = {C5A686F3-9E51-4814-9F50-E45B53CCC38C}
		{C1EFE5BE-D2B0-4B3F-AE95-FB4EB46EB0FA} = {C5A686F3-9E51-4814-9F50-E45B53CCC38C}
		{E70988D8-B0E9-4CC0-B790-2326E2E8192A} = {C5A686F3-9E51-4814-9F50-E45B53CCC38C}
		{B5AAA482-431C-4A0F-AE08-8FE96BB24B62} = {5E381981-E7E0-4B89-A802-D40CC708DAFE}
	EndGlobalSection
EndGlobal
