
Microsoft Visual Studio Solution File, Format Version 12.00
# Visual Studio Version 16
VisualStudioVersion = 16.0.28803.202
MinimumVisualStudioVersion = 10.0.40219.1
Project("{9A19103F-16F7-4668-BE54-9A1E7A4F7556}") = "MugenMvvm.Core", "Core\MugenMvvm.Core\MugenMvvm.Core.csproj", "{6E48847F-3FC2-47A8-834E-ED1E1A42B544}"
EndProject
Project("{2150E333-8FDC-42A3-9474-1A3956D46DE8}") = "Tests", "Tests", "{B2573D53-4B20-4C9A-9D5B-C7E1AC4B5896}"
EndProject
Project("{9A19103F-16F7-4668-BE54-9A1E7A4F7556}") = "MugenMvvm.UnitTest", "Tests\MugenMvvm.UnitTest\MugenMvvm.UnitTest.csproj", "{2B89EABA-0D6E-4A29-A10C-7A429979E0AE}"
EndProject
Global
	GlobalSection(SolutionConfigurationPlatforms) = preSolution
		Debug|Any CPU = Debug|Any CPU
		Release|Any CPU = Release|Any CPU
	EndGlobalSection
	GlobalSection(ProjectConfigurationPlatforms) = postSolution
		{6E48847F-3FC2-47A8-834E-ED1E1A42B544}.Debug|Any CPU.ActiveCfg = Debug|Any CPU
		{6E48847F-3FC2-47A8-834E-ED1E1A42B544}.Debug|Any CPU.Build.0 = Debug|Any CPU
		{6E48847F-3FC2-47A8-834E-ED1E1A42B544}.Release|Any CPU.ActiveCfg = Release|Any CPU
		{6E48847F-3FC2-47A8-834E-ED1E1A42B544}.Release|Any CPU.Build.0 = Release|Any CPU
		{2B89EABA-0D6E-4A29-A10C-7A429979E0AE}.Debug|Any CPU.ActiveCfg = Debug|Any CPU
		{2B89EABA-0D6E-4A29-A10C-7A429979E0AE}.Debug|Any CPU.Build.0 = Debug|Any CPU
		{2B89EABA-0D6E-4A29-A10C-7A429979E0AE}.Release|Any CPU.ActiveCfg = Release|Any CPU
		{2B89EABA-0D6E-4A29-A10C-7A429979E0AE}.Release|Any CPU.Build.0 = Release|Any CPU
	EndGlobalSection
	GlobalSection(SolutionProperties) = preSolution
		HideSolutionNode = FALSE
	EndGlobalSection
	GlobalSection(NestedProjects) = preSolution
		{2B89EABA-0D6E-4A29-A10C-7A429979E0AE} = {B2573D53-4B20-4C9A-9D5B-C7E1AC4B5896}
	EndGlobalSection
	GlobalSection(ExtensibilityGlobals) = postSolution
		SolutionGuid = {A868AF10-09D4-41B2-81C2-75F7BD2D7B49}
	EndGlobalSection
EndGlobal
